
Microsoft Visual Studio Solution File, Format Version 12.00
# Visual Studio Version 16
VisualStudioVersion = 16.0.30804.86
MinimumVisualStudioVersion = 10.0.40219.1
Project("{8BC9CEB8-8B4A-11D0-8D11-00A0C91BC942}") = "Bai001", "Bai001\Bai001.vcxproj", "{D72334B4-F228-4A55-ACE3-FACAE41D1844}"
EndProject
Project("{8BC9CEB8-8B4A-11D0-8D11-00A0C91BC942}") = "Bai002", "Bai002\Bai002.vcxproj", "{841EF74C-6278-4B3C-8502-4CE30D16FD6B}"
EndProject
Project("{8BC9CEB8-8B4A-11D0-8D11-00A0C91BC942}") = "Bai005", "Bai005\Bai005.vcxproj", "{237E95B8-68BC-4F02-863C-855786DC8844}"
EndProject
Project("{8BC9CEB8-8B4A-11D0-8D11-00A0C91BC942}") = "Bai006", "Bai006\Bai006.vcxproj", "{284D15A8-AD42-48DA-AB7A-508139F74385}"
EndProject
Project("{8BC9CEB8-8B4A-11D0-8D11-00A0C91BC942}") = "Bai007", "Bai007\Bai007.vcxproj", "{841B9B59-A457-4FE1-B6D3-358688B69E8B}"
EndProject
Project("{8BC9CEB8-8B4A-11D0-8D11-00A0C91BC942}") = "Bai008", "Bai008\Bai008.vcxproj", "{231B725B-7AE7-4732-ADA5-03881D8ACFE8}"
EndProject
Project("{8BC9CEB8-8B4A-11D0-8D11-00A0C91BC942}") = "Bai009", "Bai009\Bai009.vcxproj", "{E2C88D37-978D-4F5E-9743-08F488804C8D}"
EndProject
Project("{8BC9CEB8-8B4A-11D0-8D11-00A0C91BC942}") = "Bai010", "Bai010\Bai010.vcxproj", "{09E2F064-7FC8-4CB0-96C4-5FA749293AD4}"
EndProject
Project("{8BC9CEB8-8B4A-11D0-8D11-00A0C91BC942}") = "Bai011", "Bai011\Bai011.vcxproj", "{75DE53EC-15D1-4C0A-9B13-B65F90DDEA7E}"
EndProject
Project("{8BC9CEB8-8B4A-11D0-8D11-00A0C91BC942}") = "Bai012", "Bai012\Bai012.vcxproj", "{3256BD11-5638-452D-9453-F604EC02B6B6}"
EndProject
Project("{8BC9CEB8-8B4A-11D0-8D11-00A0C91BC942}") = "Bai013", "Bai013\Bai013.vcxproj", "{24703E2D-FC89-45E3-AF68-D02EC84784B6}"
EndProject
Project("{8BC9CEB8-8B4A-11D0-8D11-00A0C91BC942}") = "Bai014", "Bai014\Bai014.vcxproj", "{E03496CB-2C43-4B24-9615-739EB47A304B}"
EndProject
Project("{8BC9CEB8-8B4A-11D0-8D11-00A0C91BC942}") = "Bai015", "Bai015\Bai015.vcxproj", "{9EBDD0FD-BF6D-419E-B884-6770137CB587}"
EndProject
Project("{8BC9CEB8-8B4A-11D0-8D11-00A0C91BC942}") = "Bai016", "Bai016\Bai016.vcxproj", "{3840E9DE-CB64-43CF-89FD-73FC9A1B26CA}"
EndProject
Project("{8BC9CEB8-8B4A-11D0-8D11-00A0C91BC942}") = "Bai017", "Bai017\Bai017.vcxproj", "{0BBE1A47-EC56-4AA5-A9D7-965E30E613A3}"
EndProject
Project("{8BC9CEB8-8B4A-11D0-8D11-00A0C91BC942}") = "Bai018", "Bai018\Bai018.vcxproj", "{B4BCC031-1A3E-4844-B306-B812EC861190}"
EndProject
Project("{8BC9CEB8-8B4A-11D0-8D11-00A0C91BC942}") = "Bai019", "Bai019\Bai019.vcxproj", "{8989E317-B68E-4226-BD74-18B0A9C1D200}"
EndProject
Project("{8BC9CEB8-8B4A-11D0-8D11-00A0C91BC942}") = "Bai020", "Bai020\Bai020.vcxproj", "{38A36BD8-A6C6-4311-B05E-3A7E51B16DF7}"
EndProject
Project("{8BC9CEB8-8B4A-11D0-8D11-00A0C91BC942}") = "Bai004", "Bai004\Bai004.vcxproj", "{347C5B73-63BD-40C2-8823-E9D8FEF56E23}"
EndProject
Project("{8BC9CEB8-8B4A-11D0-8D11-00A0C91BC942}") = "Bai003", "Bai003\Bai003.vcxproj", "{2F3466F1-2A51-48E7-BA93-7A3ADFE76E75}"
EndProject
Global
	GlobalSection(SolutionConfigurationPlatforms) = preSolution
		Debug|x64 = Debug|x64
		Debug|x86 = Debug|x86
		Release|x64 = Release|x64
		Release|x86 = Release|x86
	EndGlobalSection
	GlobalSection(ProjectConfigurationPlatforms) = postSolution
		{D72334B4-F228-4A55-ACE3-FACAE41D1844}.Debug|x64.ActiveCfg = Debug|x64
		{D72334B4-F228-4A55-ACE3-FACAE41D1844}.Debug|x64.Build.0 = Debug|x64
		{D72334B4-F228-4A55-ACE3-FACAE41D1844}.Debug|x86.ActiveCfg = Debug|Win32
		{D72334B4-F228-4A55-ACE3-FACAE41D1844}.Debug|x86.Build.0 = Debug|Win32
		{D72334B4-F228-4A55-ACE3-FACAE41D1844}.Release|x64.ActiveCfg = Release|x64
		{D72334B4-F228-4A55-ACE3-FACAE41D1844}.Release|x64.Build.0 = Release|x64
		{D72334B4-F228-4A55-ACE3-FACAE41D1844}.Release|x86.ActiveCfg = Release|Win32
		{D72334B4-F228-4A55-ACE3-FACAE41D1844}.Release|x86.Build.0 = Release|Win32
		{841EF74C-6278-4B3C-8502-4CE30D16FD6B}.Debug|x64.ActiveCfg = Debug|x64
		{841EF74C-6278-4B3C-8502-4CE30D16FD6B}.Debug|x64.Build.0 = Debug|x64
		{841EF74C-6278-4B3C-8502-4CE30D16FD6B}.Debug|x86.ActiveCfg = Debug|Win32
		{841EF74C-6278-4B3C-8502-4CE30D16FD6B}.Debug|x86.Build.0 = Debug|Win32
		{841EF74C-6278-4B3C-8502-4CE30D16FD6B}.Release|x64.ActiveCfg = Release|x64
		{841EF74C-6278-4B3C-8502-4CE30D16FD6B}.Release|x64.Build.0 = Release|x64
		{841EF74C-6278-4B3C-8502-4CE30D16FD6B}.Release|x86.ActiveCfg = Release|Win32
		{841EF74C-6278-4B3C-8502-4CE30D16FD6B}.Release|x86.Build.0 = Release|Win32
		{237E95B8-68BC-4F02-863C-855786DC8844}.Debug|x64.ActiveCfg = Debug|x64
		{237E95B8-68BC-4F02-863C-855786DC8844}.Debug|x64.Build.0 = Debug|x64
		{237E95B8-68BC-4F02-863C-855786DC8844}.Debug|x86.ActiveCfg = Debug|Win32
		{237E95B8-68BC-4F02-863C-855786DC8844}.Debug|x86.Build.0 = Debug|Win32
		{237E95B8-68BC-4F02-863C-855786DC8844}.Release|x64.ActiveCfg = Release|x64
		{237E95B8-68BC-4F02-863C-855786DC8844}.Release|x64.Build.0 = Release|x64
		{237E95B8-68BC-4F02-863C-855786DC8844}.Release|x86.ActiveCfg = Release|Win32
		{237E95B8-68BC-4F02-863C-855786DC8844}.Release|x86.Build.0 = Release|Win32
		{284D15A8-AD42-48DA-AB7A-508139F74385}.Debug|x64.ActiveCfg = Debug|x64
		{284D15A8-AD42-48DA-AB7A-508139F74385}.Debug|x64.Build.0 = Debug|x64
		{284D15A8-AD42-48DA-AB7A-508139F74385}.Debug|x86.ActiveCfg = Debug|Win32
		{284D15A8-AD42-48DA-AB7A-508139F74385}.Debug|x86.Build.0 = Debug|Win32
		{284D15A8-AD42-48DA-AB7A-508139F74385}.Release|x64.ActiveCfg = Release|x64
		{284D15A8-AD42-48DA-AB7A-508139F74385}.Release|x64.Build.0 = Release|x64
		{284D15A8-AD42-48DA-AB7A-508139F74385}.Release|x86.ActiveCfg = Release|Win32
		{284D15A8-AD42-48DA-AB7A-508139F74385}.Release|x86.Build.0 = Release|Win32
		{841B9B59-A457-4FE1-B6D3-358688B69E8B}.Debug|x64.ActiveCfg = Debug|x64
		{841B9B59-A457-4FE1-B6D3-358688B69E8B}.Debug|x64.Build.0 = Debug|x64
		{841B9B59-A457-4FE1-B6D3-358688B69E8B}.Debug|x86.ActiveCfg = Debug|Win32
		{841B9B59-A457-4FE1-B6D3-358688B69E8B}.Debug|x86.Build.0 = Debug|Win32
		{841B9B59-A457-4FE1-B6D3-358688B69E8B}.Release|x64.ActiveCfg = Release|x64
		{841B9B59-A457-4FE1-B6D3-358688B69E8B}.Release|x64.Build.0 = Release|x64
		{841B9B59-A457-4FE1-B6D3-358688B69E8B}.Release|x86.ActiveCfg = Release|Win32
		{841B9B59-A457-4FE1-B6D3-358688B69E8B}.Release|x86.Build.0 = Release|Win32
		{231B725B-7AE7-4732-ADA5-03881D8ACFE8}.Debug|x64.ActiveCfg = Debug|x64
		{231B725B-7AE7-4732-ADA5-03881D8ACFE8}.Debug|x64.Build.0 = Debug|x64
		{231B725B-7AE7-4732-ADA5-03881D8ACFE8}.Debug|x86.ActiveCfg = Debug|Win32
		{231B725B-7AE7-4732-ADA5-03881D8ACFE8}.Debug|x86.Build.0 = Debug|Win32
		{231B725B-7AE7-4732-ADA5-03881D8ACFE8}.Release|x64.ActiveCfg = Release|x64
		{231B725B-7AE7-4732-ADA5-03881D8ACFE8}.Release|x64.Build.0 = Release|x64
		{231B725B-7AE7-4732-ADA5-03881D8ACFE8}.Release|x86.ActiveCfg = Release|Win32
		{231B725B-7AE7-4732-ADA5-03881D8ACFE8}.Release|x86.Build.0 = Release|Win32
		{E2C88D37-978D-4F5E-9743-08F488804C8D}.Debug|x64.ActiveCfg = Debug|x64
		{E2C88D37-978D-4F5E-9743-08F488804C8D}.Debug|x64.Build.0 = Debug|x64
		{E2C88D37-978D-4F5E-9743-08F488804C8D}.Debug|x86.ActiveCfg = Debug|Win32
		{E2C88D37-978D-4F5E-9743-08F488804C8D}.Debug|x86.Build.0 = Debug|Win32
		{E2C88D37-978D-4F5E-9743-08F488804C8D}.Release|x64.ActiveCfg = Release|x64
		{E2C88D37-978D-4F5E-9743-08F488804C8D}.Release|x64.Build.0 = Release|x64
		{E2C88D37-978D-4F5E-9743-08F488804C8D}.Release|x86.ActiveCfg = Release|Win32
		{E2C88D37-978D-4F5E-9743-08F488804C8D}.Release|x86.Build.0 = Release|Win32
		{09E2F064-7FC8-4CB0-96C4-5FA749293AD4}.Debug|x64.ActiveCfg = Debug|x64
		{09E2F064-7FC8-4CB0-96C4-5FA749293AD4}.Debug|x64.Build.0 = Debug|x64
		{09E2F064-7FC8-4CB0-96C4-5FA749293AD4}.Debug|x86.ActiveCfg = Debug|Win32
		{09E2F064-7FC8-4CB0-96C4-5FA749293AD4}.Debug|x86.Build.0 = Debug|Win32
		{09E2F064-7FC8-4CB0-96C4-5FA749293AD4}.Release|x64.ActiveCfg = Release|x64
		{09E2F064-7FC8-4CB0-96C4-5FA749293AD4}.Release|x64.Build.0 = Release|x64
		{09E2F064-7FC8-4CB0-96C4-5FA749293AD4}.Release|x86.ActiveCfg = Release|Win32
		{09E2F064-7FC8-4CB0-96C4-5FA749293AD4}.Release|x86.Build.0 = Release|Win32
		{75DE53EC-15D1-4C0A-9B13-B65F90DDEA7E}.Debug|x64.ActiveCfg = Debug|x64
		{75DE53EC-15D1-4C0A-9B13-B65F90DDEA7E}.Debug|x64.Build.0 = Debug|x64
		{75DE53EC-15D1-4C0A-9B13-B65F90DDEA7E}.Debug|x86.ActiveCfg = Debug|Win32
		{75DE53EC-15D1-4C0A-9B13-B65F90DDEA7E}.Debug|x86.Build.0 = Debug|Win32
		{75DE53EC-15D1-4C0A-9B13-B65F90DDEA7E}.Release|x64.ActiveCfg = Release|x64
		{75DE53EC-15D1-4C0A-9B13-B65F90DDEA7E}.Release|x64.Build.0 = Release|x64
		{75DE53EC-15D1-4C0A-9B13-B65F90DDEA7E}.Release|x86.ActiveCfg = Release|Win32
		{75DE53EC-15D1-4C0A-9B13-B65F90DDEA7E}.Release|x86.Build.0 = Release|Win32
		{3256BD11-5638-452D-9453-F604EC02B6B6}.Debug|x64.ActiveCfg = Debug|x64
		{3256BD11-5638-452D-9453-F604EC02B6B6}.Debug|x64.Build.0 = Debug|x64
		{3256BD11-5638-452D-9453-F604EC02B6B6}.Debug|x86.ActiveCfg = Debug|Win32
		{3256BD11-5638-452D-9453-F604EC02B6B6}.Debug|x86.Build.0 = Debug|Win32
		{3256BD11-5638-452D-9453-F604EC02B6B6}.Release|x64.ActiveCfg = Release|x64
		{3256BD11-5638-452D-9453-F604EC02B6B6}.Release|x64.Build.0 = Release|x64
		{3256BD11-5638-452D-9453-F604EC02B6B6}.Release|x86.ActiveCfg = Release|Win32
		{3256BD11-5638-452D-9453-F604EC02B6B6}.Release|x86.Build.0 = Release|Win32
		{24703E2D-FC89-45E3-AF68-D02EC84784B6}.Debug|x64.ActiveCfg = Debug|x64
		{24703E2D-FC89-45E3-AF68-D02EC84784B6}.Debug|x64.Build.0 = Debug|x64
		{24703E2D-FC89-45E3-AF68-D02EC84784B6}.Debug|x86.ActiveCfg = Debug|Win32
		{24703E2D-FC89-45E3-AF68-D02EC84784B6}.Debug|x86.Build.0 = Debug|Win32
		{24703E2D-FC89-45E3-AF68-D02EC84784B6}.Release|x64.ActiveCfg = Release|x64
		{24703E2D-FC89-45E3-AF68-D02EC84784B6}.Release|x64.Build.0 = Release|x64
		{24703E2D-FC89-45E3-AF68-D02EC84784B6}.Release|x86.ActiveCfg = Release|Win32
		{24703E2D-FC89-45E3-AF68-D02EC84784B6}.Release|x86.Build.0 = Release|Win32
		{E03496CB-2C43-4B24-9615-739EB47A304B}.Debug|x64.ActiveCfg = Debug|x64
		{E03496CB-2C43-4B24-9615-739EB47A304B}.Debug|x64.Build.0 = Debug|x64
		{E03496CB-2C43-4B24-9615-739EB47A304B}.Debug|x86.ActiveCfg = Debug|Win32
		{E03496CB-2C43-4B24-9615-739EB47A304B}.Debug|x86.Build.0 = Debug|Win32
		{E03496CB-2C43-4B24-9615-739EB47A304B}.Release|x64.ActiveCfg = Release|x64
		{E03496CB-2C43-4B24-9615-739EB47A304B}.Release|x64.Build.0 = Release|x64
		{E03496CB-2C43-4B24-9615-739EB47A304B}.Release|x86.ActiveCfg = Release|Win32
		{E03496CB-2C43-4B24-9615-739EB47A304B}.Release|x86.Build.0 = Release|Win32
		{9EBDD0FD-BF6D-419E-B884-6770137CB587}.Debug|x64.ActiveCfg = Debug|x64
		{9EBDD0FD-BF6D-419E-B884-6770137CB587}.Debug|x64.Build.0 = Debug|x64
		{9EBDD0FD-BF6D-419E-B884-6770137CB587}.Debug|x86.ActiveCfg = Debug|Win32
		{9EBDD0FD-BF6D-419E-B884-6770137CB587}.Debug|x86.Build.0 = Debug|Win32
		{9EBDD0FD-BF6D-419E-B884-6770137CB587}.Release|x64.ActiveCfg = Release|x64
		{9EBDD0FD-BF6D-419E-B884-6770137CB587}.Release|x64.Build.0 = Release|x64
		{9EBDD0FD-BF6D-419E-B884-6770137CB587}.Release|x86.ActiveCfg = Release|Win32
		{9EBDD0FD-BF6D-419E-B884-6770137CB587}.Release|x86.Build.0 = Release|Win32
		{3840E9DE-CB64-43CF-89FD-73FC9A1B26CA}.Debug|x64.ActiveCfg = Debug|x64
		{3840E9DE-CB64-43CF-89FD-73FC9A1B26CA}.Debug|x64.Build.0 = Debug|x64
		{3840E9DE-CB64-43CF-89FD-73FC9A1B26CA}.Debug|x86.ActiveCfg = Debug|Win32
		{3840E9DE-CB64-43CF-89FD-73FC9A1B26CA}.Debug|x86.Build.0 = Debug|Win32
		{3840E9DE-CB64-43CF-89FD-73FC9A1B26CA}.Release|x64.ActiveCfg = Release|x64
		{3840E9DE-CB64-43CF-89FD-73FC9A1B26CA}.Release|x64.Build.0 = Release|x64
		{3840E9DE-CB64-43CF-89FD-73FC9A1B26CA}.Release|x86.ActiveCfg = Release|Win32
		{3840E9DE-CB64-43CF-89FD-73FC9A1B26CA}.Release|x86.Build.0 = Release|Win32
		{0BBE1A47-EC56-4AA5-A9D7-965E30E613A3}.Debug|x64.ActiveCfg = Debug|x64
		{0BBE1A47-EC56-4AA5-A9D7-965E30E613A3}.Debug|x64.Build.0 = Debug|x64
		{0BBE1A47-EC56-4AA5-A9D7-965E30E613A3}.Debug|x86.ActiveCfg = Debug|Win32
		{0BBE1A47-EC56-4AA5-A9D7-965E30E613A3}.Debug|x86.Build.0 = Debug|Win32
		{0BBE1A47-EC56-4AA5-A9D7-965E30E613A3}.Release|x64.ActiveCfg = Release|x64
		{0BBE1A47-EC56-4AA5-A9D7-965E30E613A3}.Release|x64.Build.0 = Release|x64
		{0BBE1A47-EC56-4AA5-A9D7-965E30E613A3}.Release|x86.ActiveCfg = Release|Win32
		{0BBE1A47-EC56-4AA5-A9D7-965E30E613A3}.Release|x86.Build.0 = Release|Win32
		{B4BCC031-1A3E-4844-B306-B812EC861190}.Debug|x64.ActiveCfg = Debug|x64
		{B4BCC031-1A3E-4844-B306-B812EC861190}.Debug|x64.Build.0 = Debug|x64
		{B4BCC031-1A3E-4844-B306-B812EC861190}.Debug|x86.ActiveCfg = Debug|Win32
		{B4BCC031-1A3E-4844-B306-B812EC861190}.Debug|x86.Build.0 = Debug|Win32
		{B4BCC031-1A3E-4844-B306-B812EC861190}.Release|x64.ActiveCfg = Release|x64
		{B4BCC031-1A3E-4844-B306-B812EC861190}.Release|x64.Build.0 = Release|x64
		{B4BCC031-1A3E-4844-B306-B812EC861190}.Release|x86.ActiveCfg = Release|Win32
		{B4BCC031-1A3E-4844-B306-B812EC861190}.Release|x86.Build.0 = Release|Win32
		{8989E317-B68E-4226-BD74-18B0A9C1D200}.Debug|x64.ActiveCfg = Debug|x64
		{8989E317-B68E-4226-BD74-18B0A9C1D200}.Debug|x64.Build.0 = Debug|x64
		{8989E317-B68E-4226-BD74-18B0A9C1D200}.Debug|x86.ActiveCfg = Debug|Win32
		{8989E317-B68E-4226-BD74-18B0A9C1D200}.Debug|x86.Build.0 = Debug|Win32
		{8989E317-B68E-4226-BD74-18B0A9C1D200}.Release|x64.ActiveCfg = Release|x64
		{8989E317-B68E-4226-BD74-18B0A9C1D200}.Release|x64.Build.0 = Release|x64
		{8989E317-B68E-4226-BD74-18B0A9C1D200}.Release|x86.ActiveCfg = Release|Win32
		{8989E317-B68E-4226-BD74-18B0A9C1D200}.Release|x86.Build.0 = Release|Win32
		{38A36BD8-A6C6-4311-B05E-3A7E51B16DF7}.Debug|x64.ActiveCfg = Debug|x64
		{38A36BD8-A6C6-4311-B05E-3A7E51B16DF7}.Debug|x64.Build.0 = Debug|x64
		{38A36BD8-A6C6-4311-B05E-3A7E51B16DF7}.Debug|x86.ActiveCfg = Debug|Win32
		{38A36BD8-A6C6-4311-B05E-3A7E51B16DF7}.Debug|x86.Build.0 = Debug|Win32
		{38A36BD8-A6C6-4311-B05E-3A7E51B16DF7}.Release|x64.ActiveCfg = Release|x64
		{38A36BD8-A6C6-4311-B05E-3A7E51B16DF7}.Release|x64.Build.0 = Release|x64
		{38A36BD8-A6C6-4311-B05E-3A7E51B16DF7}.Release|x86.ActiveCfg = Release|Win32
		{38A36BD8-A6C6-4311-B05E-3A7E51B16DF7}.Release|x86.Build.0 = Release|Win32
		{347C5B73-63BD-40C2-8823-E9D8FEF56E23}.Debug|x64.ActiveCfg = Debug|x64
		{347C5B73-63BD-40C2-8823-E9D8FEF56E23}.Debug|x64.Build.0 = Debug|x64
		{347C5B73-63BD-40C2-8823-E9D8FEF56E23}.Debug|x86.ActiveCfg = Debug|Win32
		{347C5B73-63BD-40C2-8823-E9D8FEF56E23}.Debug|x86.Build.0 = Debug|Win32
		{347C5B73-63BD-40C2-8823-E9D8FEF56E23}.Release|x64.ActiveCfg = Release|x64
		{347C5B73-63BD-40C2-8823-E9D8FEF56E23}.Release|x64.Build.0 = Release|x64
		{347C5B73-63BD-40C2-8823-E9D8FEF56E23}.Release|x86.ActiveCfg = Release|Win32
		{347C5B73-63BD-40C2-8823-E9D8FEF56E23}.Release|x86.Build.0 = Release|Win32
		{2F3466F1-2A51-48E7-BA93-7A3ADFE76E75}.Debug|x64.ActiveCfg = Debug|x64
		{2F3466F1-2A51-48E7-BA93-7A3ADFE76E75}.Debug|x64.Build.0 = Debug|x64
		{2F3466F1-2A51-48E7-BA93-7A3ADFE76E75}.Debug|x86.ActiveCfg = Debug|Win32
		{2F3466F1-2A51-48E7-BA93-7A3ADFE76E75}.Debug|x86.Build.0 = Debug|Win32
		{2F3466F1-2A51-48E7-BA93-7A3ADFE76E75}.Release|x64.ActiveCfg = Release|x64
		{2F3466F1-2A51-48E7-BA93-7A3ADFE76E75}.Release|x64.Build.0 = Release|x64
		{2F3466F1-2A51-48E7-BA93-7A3ADFE76E75}.Release|x86.ActiveCfg = Release|Win32
		{2F3466F1-2A51-48E7-BA93-7A3ADFE76E75}.Release|x86.Build.0 = Release|Win32
	EndGlobalSection
	GlobalSection(SolutionProperties) = preSolution
		HideSolutionNode = FALSE
	EndGlobalSection
	GlobalSection(ExtensibilityGlobals) = postSolution
		SolutionGuid = {98A46920-CC34-4E83-90E6-E64394469A33}
	EndGlobalSection
EndGlobal
