
Microsoft Visual Studio Solution File, Format Version 12.00
# Visual Studio Version 16
VisualStudioVersion = 16.0.30717.126
MinimumVisualStudioVersion = 10.0.40219.1
Project("{8BC9CEB8-8B4A-11D0-8D11-00A0C91BC942}") = "P_DIEMKHONGGIAN", "P_DIEMKHONGGIAN\P_DIEMKHONGGIAN.vcxproj", "{CC3BB36D-E69D-40D8-B889-926E0F6E2405}"
EndProject
Project("{8BC9CEB8-8B4A-11D0-8D11-00A0C91BC942}") = "P_DUONGTHANG", "P_DUONGTHANG\P_DUONGTHANG.vcxproj", "{FB732419-A6A3-4606-B38E-59338AC8244F}"
EndProject
Project("{8BC9CEB8-8B4A-11D0-8D11-00A0C91BC942}") = "P_PHANSO", "P_PHANSO\P_PHANSO.vcxproj", "{6A050583-C7B1-4D23-8FB7-FC7E377F42E9}"
EndProject
Project("{8BC9CEB8-8B4A-11D0-8D11-00A0C91BC942}") = "P_HONSO", "P_HONSO\P_HONSO.vcxproj", "{7558D90E-4AD5-4816-961C-3775177028A1}"
EndProject
Project("{8BC9CEB8-8B4A-11D0-8D11-00A0C91BC942}") = "P_DONTHUC", "P_DONTHUC\P_DONTHUC.vcxproj", "{9A01140F-1357-4BA8-B6E1-457664C36543}"
EndProject
Project("{8BC9CEB8-8B4A-11D0-8D11-00A0C91BC942}") = "P_DIEM", "P_DIEM\P_DIEM.vcxproj", "{7139B3F0-AE9C-4A34-AF61-F303503A1281}"
EndProject
Project("{8BC9CEB8-8B4A-11D0-8D11-00A0C91BC942}") = "P_SOPHUC", "P_SOPHUC\P_SOPHUC.vcxproj", "{4BFC690F-9C78-4508-A45E-2E7AF26E04B1}"
EndProject
Project("{8BC9CEB8-8B4A-11D0-8D11-00A0C91BC942}") = "P_THOIGIAN", "P_THOIGIAN\P_THOIGIAN.vcxproj", "{CF2C08C5-A974-40A6-AC67-07FEAD205CEA}"
EndProject
Project("{8BC9CEB8-8B4A-11D0-8D11-00A0C91BC942}") = "P_DUONGTRON", "P_DUONGTRON\P_DUONGTRON.vcxproj", "{479502C9-DFBD-49BB-8E8B-8207485BB0BB}"
EndProject
Project("{8BC9CEB8-8B4A-11D0-8D11-00A0C91BC942}") = "P_HINHCAU", "P_HINHCAU\P_HINHCAU.vcxproj", "{BF9F88BF-7B54-4D5B-BA8D-603B0D8BBC5F}"
EndProject
Project("{8BC9CEB8-8B4A-11D0-8D11-00A0C91BC942}") = "P_TAMGIAC", "P_TAMGIAC\P_TAMGIAC.vcxproj", "{760B5432-CA68-40FE-BC48-227366847001}"
EndProject
Project("{8BC9CEB8-8B4A-11D0-8D11-00A0C91BC942}") = "P_NGAY", "P_NGAY\P_NGAY.vcxproj", "{90983CA2-DDF6-4DBF-84E3-FDC19E272B0F}"
EndProject
Project("{8BC9CEB8-8B4A-11D0-8D11-00A0C91BC942}") = "DIEM", "DIEM\DIEM.vcxproj", "{F4F0148F-49D5-4D34-8137-40B3D711ADF0}"
EndProject
Project("{8BC9CEB8-8B4A-11D0-8D11-00A0C91BC942}") = "DIEMKHONGGIAN", "DIEMKHONGGIAN\DIEMKHONGGIAN.vcxproj", "{C74B8643-ED5B-4768-8818-4D845BC0DE25}"
EndProject
Project("{8BC9CEB8-8B4A-11D0-8D11-00A0C91BC942}") = "DUONGTHANG", "DUONGTHANG\DUONGTHANG.vcxproj", "{8113D335-FB09-4C65-8238-24023BF23DDF}"
EndProject
Project("{8BC9CEB8-8B4A-11D0-8D11-00A0C91BC942}") = "PHANSO", "PHANSO\PHANSO.vcxproj", "{2BFE45FB-6B71-446A-90A8-4B1D08BC8C28}"
EndProject
Project("{8BC9CEB8-8B4A-11D0-8D11-00A0C91BC942}") = "HONSO", "HONSO\HONSO.vcxproj", "{B325C7F9-DBA8-4A30-9F18-C96DD96AC176}"
EndProject
Project("{8BC9CEB8-8B4A-11D0-8D11-00A0C91BC942}") = "SOPHUC", "SOPHUC\SOPHUC.vcxproj", "{E8D82C49-74F8-4A93-BE33-2AAB7CC571A8}"
EndProject
Project("{8BC9CEB8-8B4A-11D0-8D11-00A0C91BC942}") = "THOIGIAN", "THOIGIAN\THOIGIAN.vcxproj", "{25837769-4F63-4D70-8104-5DD7A018A19C}"
EndProject
Project("{8BC9CEB8-8B4A-11D0-8D11-00A0C91BC942}") = "NGAY", "NGAY\NGAY.vcxproj", "{66966D47-4C17-4B11-89BA-E0507CF40B0C}"
EndProject
Project("{8BC9CEB8-8B4A-11D0-8D11-00A0C91BC942}") = "DONTHUC", "DONTHUC\DONTHUC.vcxproj", "{3EA0CFD1-DB65-4DD0-B030-3D28387184BB}"
EndProject
Project("{8BC9CEB8-8B4A-11D0-8D11-00A0C91BC942}") = "DUONGTRON", "DUONGTRON\DUONGTRON.vcxproj", "{2399CD24-39FF-4824-B34C-9C1BAD069258}"
EndProject
Project("{8BC9CEB8-8B4A-11D0-8D11-00A0C91BC942}") = "HINHCAU", "HINHCAU\HINHCAU.vcxproj", "{06D0BCB6-43D1-4DF5-A789-4CD8FE9CDA23}"
EndProject
Project("{8BC9CEB8-8B4A-11D0-8D11-00A0C91BC942}") = "TAMGIAC", "TAMGIAC\TAMGIAC.vcxproj", "{32752B6A-B291-4019-9312-B7AEB9A35A78}"
EndProject
Project("{8BC9CEB8-8B4A-11D0-8D11-00A0C91BC942}") = "DATHUC", "DATHUC\DATHUC.vcxproj", "{A637CAEC-2D9D-4082-B1B9-003FC051BE9C}"
EndProject
Global
	GlobalSection(SolutionConfigurationPlatforms) = preSolution
		Debug|x64 = Debug|x64
		Debug|x86 = Debug|x86
		Release|x64 = Release|x64
		Release|x86 = Release|x86
	EndGlobalSection
	GlobalSection(ProjectConfigurationPlatforms) = postSolution
		{CC3BB36D-E69D-40D8-B889-926E0F6E2405}.Debug|x64.ActiveCfg = Debug|x64
		{CC3BB36D-E69D-40D8-B889-926E0F6E2405}.Debug|x64.Build.0 = Debug|x64
		{CC3BB36D-E69D-40D8-B889-926E0F6E2405}.Debug|x86.ActiveCfg = Debug|Win32
		{CC3BB36D-E69D-40D8-B889-926E0F6E2405}.Debug|x86.Build.0 = Debug|Win32
		{CC3BB36D-E69D-40D8-B889-926E0F6E2405}.Release|x64.ActiveCfg = Release|x64
		{CC3BB36D-E69D-40D8-B889-926E0F6E2405}.Release|x64.Build.0 = Release|x64
		{CC3BB36D-E69D-40D8-B889-926E0F6E2405}.Release|x86.ActiveCfg = Release|Win32
		{CC3BB36D-E69D-40D8-B889-926E0F6E2405}.Release|x86.Build.0 = Release|Win32
		{FB732419-A6A3-4606-B38E-59338AC8244F}.Debug|x64.ActiveCfg = Debug|x64
		{FB732419-A6A3-4606-B38E-59338AC8244F}.Debug|x64.Build.0 = Debug|x64
		{FB732419-A6A3-4606-B38E-59338AC8244F}.Debug|x86.ActiveCfg = Debug|Win32
		{FB732419-A6A3-4606-B38E-59338AC8244F}.Debug|x86.Build.0 = Debug|Win32
		{FB732419-A6A3-4606-B38E-59338AC8244F}.Release|x64.ActiveCfg = Release|x64
		{FB732419-A6A3-4606-B38E-59338AC8244F}.Release|x64.Build.0 = Release|x64
		{FB732419-A6A3-4606-B38E-59338AC8244F}.Release|x86.ActiveCfg = Release|Win32
		{FB732419-A6A3-4606-B38E-59338AC8244F}.Release|x86.Build.0 = Release|Win32
		{6A050583-C7B1-4D23-8FB7-FC7E377F42E9}.Debug|x64.ActiveCfg = Debug|x64
		{6A050583-C7B1-4D23-8FB7-FC7E377F42E9}.Debug|x64.Build.0 = Debug|x64
		{6A050583-C7B1-4D23-8FB7-FC7E377F42E9}.Debug|x86.ActiveCfg = Debug|Win32
		{6A050583-C7B1-4D23-8FB7-FC7E377F42E9}.Debug|x86.Build.0 = Debug|Win32
		{6A050583-C7B1-4D23-8FB7-FC7E377F42E9}.Release|x64.ActiveCfg = Release|x64
		{6A050583-C7B1-4D23-8FB7-FC7E377F42E9}.Release|x64.Build.0 = Release|x64
		{6A050583-C7B1-4D23-8FB7-FC7E377F42E9}.Release|x86.ActiveCfg = Release|Win32
		{6A050583-C7B1-4D23-8FB7-FC7E377F42E9}.Release|x86.Build.0 = Release|Win32
		{7558D90E-4AD5-4816-961C-3775177028A1}.Debug|x64.ActiveCfg = Debug|x64
		{7558D90E-4AD5-4816-961C-3775177028A1}.Debug|x64.Build.0 = Debug|x64
		{7558D90E-4AD5-4816-961C-3775177028A1}.Debug|x86.ActiveCfg = Debug|Win32
		{7558D90E-4AD5-4816-961C-3775177028A1}.Debug|x86.Build.0 = Debug|Win32
		{7558D90E-4AD5-4816-961C-3775177028A1}.Release|x64.ActiveCfg = Release|x64
		{7558D90E-4AD5-4816-961C-3775177028A1}.Release|x64.Build.0 = Release|x64
		{7558D90E-4AD5-4816-961C-3775177028A1}.Release|x86.ActiveCfg = Release|Win32
		{7558D90E-4AD5-4816-961C-3775177028A1}.Release|x86.Build.0 = Release|Win32
		{9A01140F-1357-4BA8-B6E1-457664C36543}.Debug|x64.ActiveCfg = Debug|x64
		{9A01140F-1357-4BA8-B6E1-457664C36543}.Debug|x64.Build.0 = Debug|x64
		{9A01140F-1357-4BA8-B6E1-457664C36543}.Debug|x86.ActiveCfg = Debug|Win32
		{9A01140F-1357-4BA8-B6E1-457664C36543}.Debug|x86.Build.0 = Debug|Win32
		{9A01140F-1357-4BA8-B6E1-457664C36543}.Release|x64.ActiveCfg = Release|x64
		{9A01140F-1357-4BA8-B6E1-457664C36543}.Release|x64.Build.0 = Release|x64
		{9A01140F-1357-4BA8-B6E1-457664C36543}.Release|x86.ActiveCfg = Release|Win32
		{9A01140F-1357-4BA8-B6E1-457664C36543}.Release|x86.Build.0 = Release|Win32
		{7139B3F0-AE9C-4A34-AF61-F303503A1281}.Debug|x64.ActiveCfg = Debug|x64
		{7139B3F0-AE9C-4A34-AF61-F303503A1281}.Debug|x64.Build.0 = Debug|x64
		{7139B3F0-AE9C-4A34-AF61-F303503A1281}.Debug|x86.ActiveCfg = Debug|Win32
		{7139B3F0-AE9C-4A34-AF61-F303503A1281}.Debug|x86.Build.0 = Debug|Win32
		{7139B3F0-AE9C-4A34-AF61-F303503A1281}.Release|x64.ActiveCfg = Release|x64
		{7139B3F0-AE9C-4A34-AF61-F303503A1281}.Release|x64.Build.0 = Release|x64
		{7139B3F0-AE9C-4A34-AF61-F303503A1281}.Release|x86.ActiveCfg = Release|Win32
		{7139B3F0-AE9C-4A34-AF61-F303503A1281}.Release|x86.Build.0 = Release|Win32
		{4BFC690F-9C78-4508-A45E-2E7AF26E04B1}.Debug|x64.ActiveCfg = Debug|x64
		{4BFC690F-9C78-4508-A45E-2E7AF26E04B1}.Debug|x64.Build.0 = Debug|x64
		{4BFC690F-9C78-4508-A45E-2E7AF26E04B1}.Debug|x86.ActiveCfg = Debug|Win32
		{4BFC690F-9C78-4508-A45E-2E7AF26E04B1}.Debug|x86.Build.0 = Debug|Win32
		{4BFC690F-9C78-4508-A45E-2E7AF26E04B1}.Release|x64.ActiveCfg = Release|x64
		{4BFC690F-9C78-4508-A45E-2E7AF26E04B1}.Release|x64.Build.0 = Release|x64
		{4BFC690F-9C78-4508-A45E-2E7AF26E04B1}.Release|x86.ActiveCfg = Release|Win32
		{4BFC690F-9C78-4508-A45E-2E7AF26E04B1}.Release|x86.Build.0 = Release|Win32
		{CF2C08C5-A974-40A6-AC67-07FEAD205CEA}.Debug|x64.ActiveCfg = Debug|x64
		{CF2C08C5-A974-40A6-AC67-07FEAD205CEA}.Debug|x64.Build.0 = Debug|x64
		{CF2C08C5-A974-40A6-AC67-07FEAD205CEA}.Debug|x86.ActiveCfg = Debug|Win32
		{CF2C08C5-A974-40A6-AC67-07FEAD205CEA}.Debug|x86.Build.0 = Debug|Win32
		{CF2C08C5-A974-40A6-AC67-07FEAD205CEA}.Release|x64.ActiveCfg = Release|x64
		{CF2C08C5-A974-40A6-AC67-07FEAD205CEA}.Release|x64.Build.0 = Release|x64
		{CF2C08C5-A974-40A6-AC67-07FEAD205CEA}.Release|x86.ActiveCfg = Release|Win32
		{CF2C08C5-A974-40A6-AC67-07FEAD205CEA}.Release|x86.Build.0 = Release|Win32
		{479502C9-DFBD-49BB-8E8B-8207485BB0BB}.Debug|x64.ActiveCfg = Debug|x64
		{479502C9-DFBD-49BB-8E8B-8207485BB0BB}.Debug|x64.Build.0 = Debug|x64
		{479502C9-DFBD-49BB-8E8B-8207485BB0BB}.Debug|x86.ActiveCfg = Debug|Win32
		{479502C9-DFBD-49BB-8E8B-8207485BB0BB}.Debug|x86.Build.0 = Debug|Win32
		{479502C9-DFBD-49BB-8E8B-8207485BB0BB}.Release|x64.ActiveCfg = Release|x64
		{479502C9-DFBD-49BB-8E8B-8207485BB0BB}.Release|x64.Build.0 = Release|x64
		{479502C9-DFBD-49BB-8E8B-8207485BB0BB}.Release|x86.ActiveCfg = Release|Win32
		{479502C9-DFBD-49BB-8E8B-8207485BB0BB}.Release|x86.Build.0 = Release|Win32
		{BF9F88BF-7B54-4D5B-BA8D-603B0D8BBC5F}.Debug|x64.ActiveCfg = Debug|x64
		{BF9F88BF-7B54-4D5B-BA8D-603B0D8BBC5F}.Debug|x64.Build.0 = Debug|x64
		{BF9F88BF-7B54-4D5B-BA8D-603B0D8BBC5F}.Debug|x86.ActiveCfg = Debug|Win32
		{BF9F88BF-7B54-4D5B-BA8D-603B0D8BBC5F}.Debug|x86.Build.0 = Debug|Win32
		{BF9F88BF-7B54-4D5B-BA8D-603B0D8BBC5F}.Release|x64.ActiveCfg = Release|x64
		{BF9F88BF-7B54-4D5B-BA8D-603B0D8BBC5F}.Release|x64.Build.0 = Release|x64
		{BF9F88BF-7B54-4D5B-BA8D-603B0D8BBC5F}.Release|x86.ActiveCfg = Release|Win32
		{BF9F88BF-7B54-4D5B-BA8D-603B0D8BBC5F}.Release|x86.Build.0 = Release|Win32
		{760B5432-CA68-40FE-BC48-227366847001}.Debug|x64.ActiveCfg = Debug|x64
		{760B5432-CA68-40FE-BC48-227366847001}.Debug|x64.Build.0 = Debug|x64
		{760B5432-CA68-40FE-BC48-227366847001}.Debug|x86.ActiveCfg = Debug|Win32
		{760B5432-CA68-40FE-BC48-227366847001}.Debug|x86.Build.0 = Debug|Win32
		{760B5432-CA68-40FE-BC48-227366847001}.Release|x64.ActiveCfg = Release|x64
		{760B5432-CA68-40FE-BC48-227366847001}.Release|x64.Build.0 = Release|x64
		{760B5432-CA68-40FE-BC48-227366847001}.Release|x86.ActiveCfg = Release|Win32
		{760B5432-CA68-40FE-BC48-227366847001}.Release|x86.Build.0 = Release|Win32
		{90983CA2-DDF6-4DBF-84E3-FDC19E272B0F}.Debug|x64.ActiveCfg = Debug|x64
		{90983CA2-DDF6-4DBF-84E3-FDC19E272B0F}.Debug|x64.Build.0 = Debug|x64
		{90983CA2-DDF6-4DBF-84E3-FDC19E272B0F}.Debug|x86.ActiveCfg = Debug|Win32
		{90983CA2-DDF6-4DBF-84E3-FDC19E272B0F}.Debug|x86.Build.0 = Debug|Win32
		{90983CA2-DDF6-4DBF-84E3-FDC19E272B0F}.Release|x64.ActiveCfg = Release|x64
		{90983CA2-DDF6-4DBF-84E3-FDC19E272B0F}.Release|x64.Build.0 = Release|x64
		{90983CA2-DDF6-4DBF-84E3-FDC19E272B0F}.Release|x86.ActiveCfg = Release|Win32
		{90983CA2-DDF6-4DBF-84E3-FDC19E272B0F}.Release|x86.Build.0 = Release|Win32
		{F4F0148F-49D5-4D34-8137-40B3D711ADF0}.Debug|x64.ActiveCfg = Debug|x64
		{F4F0148F-49D5-4D34-8137-40B3D711ADF0}.Debug|x64.Build.0 = Debug|x64
		{F4F0148F-49D5-4D34-8137-40B3D711ADF0}.Debug|x86.ActiveCfg = Debug|Win32
		{F4F0148F-49D5-4D34-8137-40B3D711ADF0}.Debug|x86.Build.0 = Debug|Win32
		{F4F0148F-49D5-4D34-8137-40B3D711ADF0}.Release|x64.ActiveCfg = Release|x64
		{F4F0148F-49D5-4D34-8137-40B3D711ADF0}.Release|x64.Build.0 = Release|x64
		{F4F0148F-49D5-4D34-8137-40B3D711ADF0}.Release|x86.ActiveCfg = Release|Win32
		{F4F0148F-49D5-4D34-8137-40B3D711ADF0}.Release|x86.Build.0 = Release|Win32
		{C74B8643-ED5B-4768-8818-4D845BC0DE25}.Debug|x64.ActiveCfg = Debug|x64
		{C74B8643-ED5B-4768-8818-4D845BC0DE25}.Debug|x64.Build.0 = Debug|x64
		{C74B8643-ED5B-4768-8818-4D845BC0DE25}.Debug|x86.ActiveCfg = Debug|Win32
		{C74B8643-ED5B-4768-8818-4D845BC0DE25}.Debug|x86.Build.0 = Debug|Win32
		{C74B8643-ED5B-4768-8818-4D845BC0DE25}.Release|x64.ActiveCfg = Release|x64
		{C74B8643-ED5B-4768-8818-4D845BC0DE25}.Release|x64.Build.0 = Release|x64
		{C74B8643-ED5B-4768-8818-4D845BC0DE25}.Release|x86.ActiveCfg = Release|Win32
		{C74B8643-ED5B-4768-8818-4D845BC0DE25}.Release|x86.Build.0 = Release|Win32
		{8113D335-FB09-4C65-8238-24023BF23DDF}.Debug|x64.ActiveCfg = Debug|x64
		{8113D335-FB09-4C65-8238-24023BF23DDF}.Debug|x64.Build.0 = Debug|x64
		{8113D335-FB09-4C65-8238-24023BF23DDF}.Debug|x86.ActiveCfg = Debug|Win32
		{8113D335-FB09-4C65-8238-24023BF23DDF}.Debug|x86.Build.0 = Debug|Win32
		{8113D335-FB09-4C65-8238-24023BF23DDF}.Release|x64.ActiveCfg = Release|x64
		{8113D335-FB09-4C65-8238-24023BF23DDF}.Release|x64.Build.0 = Release|x64
		{8113D335-FB09-4C65-8238-24023BF23DDF}.Release|x86.ActiveCfg = Release|Win32
		{8113D335-FB09-4C65-8238-24023BF23DDF}.Release|x86.Build.0 = Release|Win32
		{2BFE45FB-6B71-446A-90A8-4B1D08BC8C28}.Debug|x64.ActiveCfg = Debug|x64
		{2BFE45FB-6B71-446A-90A8-4B1D08BC8C28}.Debug|x64.Build.0 = Debug|x64
		{2BFE45FB-6B71-446A-90A8-4B1D08BC8C28}.Debug|x86.ActiveCfg = Debug|Win32
		{2BFE45FB-6B71-446A-90A8-4B1D08BC8C28}.Debug|x86.Build.0 = Debug|Win32
		{2BFE45FB-6B71-446A-90A8-4B1D08BC8C28}.Release|x64.ActiveCfg = Release|x64
		{2BFE45FB-6B71-446A-90A8-4B1D08BC8C28}.Release|x64.Build.0 = Release|x64
		{2BFE45FB-6B71-446A-90A8-4B1D08BC8C28}.Release|x86.ActiveCfg = Release|Win32
		{2BFE45FB-6B71-446A-90A8-4B1D08BC8C28}.Release|x86.Build.0 = Release|Win32
		{B325C7F9-DBA8-4A30-9F18-C96DD96AC176}.Debug|x64.ActiveCfg = Debug|x64
		{B325C7F9-DBA8-4A30-9F18-C96DD96AC176}.Debug|x64.Build.0 = Debug|x64
		{B325C7F9-DBA8-4A30-9F18-C96DD96AC176}.Debug|x86.ActiveCfg = Debug|Win32
		{B325C7F9-DBA8-4A30-9F18-C96DD96AC176}.Debug|x86.Build.0 = Debug|Win32
		{B325C7F9-DBA8-4A30-9F18-C96DD96AC176}.Release|x64.ActiveCfg = Release|x64
		{B325C7F9-DBA8-4A30-9F18-C96DD96AC176}.Release|x64.Build.0 = Release|x64
		{B325C7F9-DBA8-4A30-9F18-C96DD96AC176}.Release|x86.ActiveCfg = Release|Win32
		{B325C7F9-DBA8-4A30-9F18-C96DD96AC176}.Release|x86.Build.0 = Release|Win32
		{E8D82C49-74F8-4A93-BE33-2AAB7CC571A8}.Debug|x64.ActiveCfg = Debug|x64
		{E8D82C49-74F8-4A93-BE33-2AAB7CC571A8}.Debug|x64.Build.0 = Debug|x64
		{E8D82C49-74F8-4A93-BE33-2AAB7CC571A8}.Debug|x86.ActiveCfg = Debug|Win32
		{E8D82C49-74F8-4A93-BE33-2AAB7CC571A8}.Debug|x86.Build.0 = Debug|Win32
		{E8D82C49-74F8-4A93-BE33-2AAB7CC571A8}.Release|x64.ActiveCfg = Release|x64
		{E8D82C49-74F8-4A93-BE33-2AAB7CC571A8}.Release|x64.Build.0 = Release|x64
		{E8D82C49-74F8-4A93-BE33-2AAB7CC571A8}.Release|x86.ActiveCfg = Release|Win32
		{E8D82C49-74F8-4A93-BE33-2AAB7CC571A8}.Release|x86.Build.0 = Release|Win32
		{25837769-4F63-4D70-8104-5DD7A018A19C}.Debug|x64.ActiveCfg = Debug|x64
		{25837769-4F63-4D70-8104-5DD7A018A19C}.Debug|x64.Build.0 = Debug|x64
		{25837769-4F63-4D70-8104-5DD7A018A19C}.Debug|x86.ActiveCfg = Debug|Win32
		{25837769-4F63-4D70-8104-5DD7A018A19C}.Debug|x86.Build.0 = Debug|Win32
		{25837769-4F63-4D70-8104-5DD7A018A19C}.Release|x64.ActiveCfg = Release|x64
		{25837769-4F63-4D70-8104-5DD7A018A19C}.Release|x64.Build.0 = Release|x64
		{25837769-4F63-4D70-8104-5DD7A018A19C}.Release|x86.ActiveCfg = Release|Win32
		{25837769-4F63-4D70-8104-5DD7A018A19C}.Release|x86.Build.0 = Release|Win32
		{66966D47-4C17-4B11-89BA-E0507CF40B0C}.Debug|x64.ActiveCfg = Debug|x64
		{66966D47-4C17-4B11-89BA-E0507CF40B0C}.Debug|x64.Build.0 = Debug|x64
		{66966D47-4C17-4B11-89BA-E0507CF40B0C}.Debug|x86.ActiveCfg = Debug|Win32
		{66966D47-4C17-4B11-89BA-E0507CF40B0C}.Debug|x86.Build.0 = Debug|Win32
		{66966D47-4C17-4B11-89BA-E0507CF40B0C}.Release|x64.ActiveCfg = Release|x64
		{66966D47-4C17-4B11-89BA-E0507CF40B0C}.Release|x64.Build.0 = Release|x64
		{66966D47-4C17-4B11-89BA-E0507CF40B0C}.Release|x86.ActiveCfg = Release|Win32
		{66966D47-4C17-4B11-89BA-E0507CF40B0C}.Release|x86.Build.0 = Release|Win32
		{3EA0CFD1-DB65-4DD0-B030-3D28387184BB}.Debug|x64.ActiveCfg = Debug|x64
		{3EA0CFD1-DB65-4DD0-B030-3D28387184BB}.Debug|x64.Build.0 = Debug|x64
		{3EA0CFD1-DB65-4DD0-B030-3D28387184BB}.Debug|x86.ActiveCfg = Debug|Win32
		{3EA0CFD1-DB65-4DD0-B030-3D28387184BB}.Debug|x86.Build.0 = Debug|Win32
		{3EA0CFD1-DB65-4DD0-B030-3D28387184BB}.Release|x64.ActiveCfg = Release|x64
		{3EA0CFD1-DB65-4DD0-B030-3D28387184BB}.Release|x64.Build.0 = Release|x64
		{3EA0CFD1-DB65-4DD0-B030-3D28387184BB}.Release|x86.ActiveCfg = Release|Win32
		{3EA0CFD1-DB65-4DD0-B030-3D28387184BB}.Release|x86.Build.0 = Release|Win32
		{2399CD24-39FF-4824-B34C-9C1BAD069258}.Debug|x64.ActiveCfg = Debug|x64
		{2399CD24-39FF-4824-B34C-9C1BAD069258}.Debug|x64.Build.0 = Debug|x64
		{2399CD24-39FF-4824-B34C-9C1BAD069258}.Debug|x86.ActiveCfg = Debug|Win32
		{2399CD24-39FF-4824-B34C-9C1BAD069258}.Debug|x86.Build.0 = Debug|Win32
		{2399CD24-39FF-4824-B34C-9C1BAD069258}.Release|x64.ActiveCfg = Release|x64
		{2399CD24-39FF-4824-B34C-9C1BAD069258}.Release|x64.Build.0 = Release|x64
		{2399CD24-39FF-4824-B34C-9C1BAD069258}.Release|x86.ActiveCfg = Release|Win32
		{2399CD24-39FF-4824-B34C-9C1BAD069258}.Release|x86.Build.0 = Release|Win32
		{06D0BCB6-43D1-4DF5-A789-4CD8FE9CDA23}.Debug|x64.ActiveCfg = Debug|x64
		{06D0BCB6-43D1-4DF5-A789-4CD8FE9CDA23}.Debug|x64.Build.0 = Debug|x64
		{06D0BCB6-43D1-4DF5-A789-4CD8FE9CDA23}.Debug|x86.ActiveCfg = Debug|Win32
		{06D0BCB6-43D1-4DF5-A789-4CD8FE9CDA23}.Debug|x86.Build.0 = Debug|Win32
		{06D0BCB6-43D1-4DF5-A789-4CD8FE9CDA23}.Release|x64.ActiveCfg = Release|x64
		{06D0BCB6-43D1-4DF5-A789-4CD8FE9CDA23}.Release|x64.Build.0 = Release|x64
		{06D0BCB6-43D1-4DF5-A789-4CD8FE9CDA23}.Release|x86.ActiveCfg = Release|Win32
		{06D0BCB6-43D1-4DF5-A789-4CD8FE9CDA23}.Release|x86.Build.0 = Release|Win32
		{32752B6A-B291-4019-9312-B7AEB9A35A78}.Debug|x64.ActiveCfg = Debug|x64
		{32752B6A-B291-4019-9312-B7AEB9A35A78}.Debug|x64.Build.0 = Debug|x64
		{32752B6A-B291-4019-9312-B7AEB9A35A78}.Debug|x86.ActiveCfg = Debug|Win32
		{32752B6A-B291-4019-9312-B7AEB9A35A78}.Debug|x86.Build.0 = Debug|Win32
		{32752B6A-B291-4019-9312-B7AEB9A35A78}.Release|x64.ActiveCfg = Release|x64
		{32752B6A-B291-4019-9312-B7AEB9A35A78}.Release|x64.Build.0 = Release|x64
		{32752B6A-B291-4019-9312-B7AEB9A35A78}.Release|x86.ActiveCfg = Release|Win32
		{32752B6A-B291-4019-9312-B7AEB9A35A78}.Release|x86.Build.0 = Release|Win32
		{A637CAEC-2D9D-4082-B1B9-003FC051BE9C}.Debug|x64.ActiveCfg = Debug|x64
		{A637CAEC-2D9D-4082-B1B9-003FC051BE9C}.Debug|x64.Build.0 = Debug|x64
		{A637CAEC-2D9D-4082-B1B9-003FC051BE9C}.Debug|x86.ActiveCfg = Debug|Win32
		{A637CAEC-2D9D-4082-B1B9-003FC051BE9C}.Debug|x86.Build.0 = Debug|Win32
		{A637CAEC-2D9D-4082-B1B9-003FC051BE9C}.Release|x64.ActiveCfg = Release|x64
		{A637CAEC-2D9D-4082-B1B9-003FC051BE9C}.Release|x64.Build.0 = Release|x64
		{A637CAEC-2D9D-4082-B1B9-003FC051BE9C}.Release|x86.ActiveCfg = Release|Win32
		{A637CAEC-2D9D-4082-B1B9-003FC051BE9C}.Release|x86.Build.0 = Release|Win32
	EndGlobalSection
	GlobalSection(SolutionProperties) = preSolution
		HideSolutionNode = FALSE
	EndGlobalSection
	GlobalSection(ExtensibilityGlobals) = postSolution
		SolutionGuid = {F8E30966-3818-4854-B927-1C1C5A07A6F8}
	EndGlobalSection
EndGlobal
