
Microsoft Visual Studio Solution File, Format Version 12.00
# Visual Studio Version 16
VisualStudioVersion = 16.0.30804.86
MinimumVisualStudioVersion = 10.0.40219.1
Project("{8BC9CEB8-8B4A-11D0-8D11-00A0C91BC942}") = "Bai001", "Bai001\Bai001.vcxproj", "{CADB8E43-5C3E-4D5E-906F-DD83F4E0882D}"
EndProject
Project("{8BC9CEB8-8B4A-11D0-8D11-00A0C91BC942}") = "Bai002", "Bai002\Bai002.vcxproj", "{68753DD9-CE43-4B11-9951-CD28CCA3F76B}"
EndProject
Project("{8BC9CEB8-8B4A-11D0-8D11-00A0C91BC942}") = "Bai003", "Bai003\Bai003.vcxproj", "{AAF34427-7C7D-4661-89D2-6778EAD4D2EF}"
EndProject
Project("{8BC9CEB8-8B4A-11D0-8D11-00A0C91BC942}") = "Bai004", "Bai004\Bai004.vcxproj", "{223A9D45-1702-4830-A727-DC4B705F0E8F}"
EndProject
Project("{8BC9CEB8-8B4A-11D0-8D11-00A0C91BC942}") = "Bai005", "Bai005\Bai005.vcxproj", "{C9F98500-FEF3-481C-B151-B6E40D5D8CDC}"
EndProject
Project("{8BC9CEB8-8B4A-11D0-8D11-00A0C91BC942}") = "Bai006", "Bai006\Bai006.vcxproj", "{AEE8142E-AA3B-4548-B5A1-04D0F4FFBDC0}"
EndProject
Project("{8BC9CEB8-8B4A-11D0-8D11-00A0C91BC942}") = "Bai007", "Bai007\Bai007.vcxproj", "{5721CCAA-95C7-4BFA-B5B1-19E9757FE9B3}"
EndProject
Project("{8BC9CEB8-8B4A-11D0-8D11-00A0C91BC942}") = "Bai008", "Bai008\Bai008.vcxproj", "{1E557D72-F848-4B4E-B133-874B8F9C8C7C}"
EndProject
Project("{8BC9CEB8-8B4A-11D0-8D11-00A0C91BC942}") = "Bai009", "Bai009\Bai009.vcxproj", "{37646049-0C3F-4670-88D6-0260D8260423}"
EndProject
Project("{8BC9CEB8-8B4A-11D0-8D11-00A0C91BC942}") = "Bai010", "Bai010\Bai010.vcxproj", "{C2757416-A291-4FF4-A398-97694C62D521}"
EndProject
Project("{8BC9CEB8-8B4A-11D0-8D11-00A0C91BC942}") = "Bai011", "Bai011\Bai011.vcxproj", "{A2DBC5AE-3639-4CD1-A978-8AAD60D8EDD5}"
EndProject
Project("{8BC9CEB8-8B4A-11D0-8D11-00A0C91BC942}") = "Bai012", "Bai012\Bai012.vcxproj", "{B63DA4ED-3B7B-48C2-BA43-698C7563A071}"
EndProject
Project("{8BC9CEB8-8B4A-11D0-8D11-00A0C91BC942}") = "Bai013", "Bai013\Bai013.vcxproj", "{C243F342-4FB3-4954-AC14-708DE1263785}"
EndProject
Project("{8BC9CEB8-8B4A-11D0-8D11-00A0C91BC942}") = "Bai014", "Bai014\Bai014.vcxproj", "{54817AD3-934F-4CC1-8C73-F7EC0F602221}"
EndProject
Project("{8BC9CEB8-8B4A-11D0-8D11-00A0C91BC942}") = "Bai015", "Bai015\Bai015.vcxproj", "{63562B57-8B95-49D7-B508-E810AEE786C5}"
EndProject
Project("{8BC9CEB8-8B4A-11D0-8D11-00A0C91BC942}") = "Bai016", "Bai016\Bai016.vcxproj", "{A95F14E6-CD1E-4F7F-ACBF-0EB7328097EC}"
EndProject
Project("{8BC9CEB8-8B4A-11D0-8D11-00A0C91BC942}") = "Bai017", "Bai017\Bai017.vcxproj", "{3C85806F-8ABE-4F55-AE30-E756BF0D5282}"
EndProject
Project("{8BC9CEB8-8B4A-11D0-8D11-00A0C91BC942}") = "Bai018", "Bai018\Bai018.vcxproj", "{6571C118-A26E-4689-9B6E-C1E6B19A3F9C}"
EndProject
Project("{8BC9CEB8-8B4A-11D0-8D11-00A0C91BC942}") = "Bai019", "Bai019\Bai019.vcxproj", "{5ACC7B00-B8D4-4A32-BEF8-2E9EF721A1EF}"
EndProject
Project("{8BC9CEB8-8B4A-11D0-8D11-00A0C91BC942}") = "Bai020", "Bai020\Bai020.vcxproj", "{39B5FF01-4450-4CAF-AC55-6A9066550D6F}"
EndProject
Project("{8BC9CEB8-8B4A-11D0-8D11-00A0C91BC942}") = "Bai052", "Bai052\Bai052.vcxproj", "{7E260C03-4C9F-41B8-9B00-470B9A472F6D}"
EndProject
Project("{8BC9CEB8-8B4A-11D0-8D11-00A0C91BC942}") = "Bai055", "Bai055\Bai055.vcxproj", "{6255F9A9-5E9B-4C31-83AA-87BD24D6C335}"
EndProject
Project("{8BC9CEB8-8B4A-11D0-8D11-00A0C91BC942}") = "Bai058", "Bai058\Bai058.vcxproj", "{E89D21E5-750A-414C-8D0B-AC6EF09F610F}"
EndProject
Project("{8BC9CEB8-8B4A-11D0-8D11-00A0C91BC942}") = "Bai061", "Bai061\Bai061.vcxproj", "{391684ED-FFB3-4771-B0ED-405AC1FA1BA2}"
EndProject
Project("{8BC9CEB8-8B4A-11D0-8D11-00A0C91BC942}") = "Bai064", "Bai064\Bai064.vcxproj", "{4D203C8E-248E-43DF-B223-161315D58506}"
EndProject
Project("{8BC9CEB8-8B4A-11D0-8D11-00A0C91BC942}") = "Bai076", "Bai076\Bai076.vcxproj", "{F66F5BE7-FAEA-40F6-9A9A-48F35CB72333}"
EndProject
Project("{8BC9CEB8-8B4A-11D0-8D11-00A0C91BC942}") = "Bai079", "Bai079\Bai079.vcxproj", "{0A7975D4-53A1-4654-9A59-094C0337E8E8}"
EndProject
Project("{8BC9CEB8-8B4A-11D0-8D11-00A0C91BC942}") = "Bai082", "Bai082\Bai082.vcxproj", "{1A602F5E-58E3-4D92-90E0-A101B9384C2C}"
EndProject
Project("{8BC9CEB8-8B4A-11D0-8D11-00A0C91BC942}") = "Bai085", "Bai085\Bai085.vcxproj", "{55508598-C33C-47C2-A747-F38EB964A307}"
EndProject
Project("{8BC9CEB8-8B4A-11D0-8D11-00A0C91BC942}") = "Bai088", "Bai088\Bai088.vcxproj", "{535C3BD8-608F-4BE1-AB86-273D03E657BB}"
EndProject
Project("{8BC9CEB8-8B4A-11D0-8D11-00A0C91BC942}") = "Bai091", "Bai091\Bai091.vcxproj", "{FFFA536C-ECD8-4F26-9CDB-B3AD19B734DC}"
EndProject
Project("{8BC9CEB8-8B4A-11D0-8D11-00A0C91BC942}") = "Bai094", "Bai094\Bai094.vcxproj", "{45A199A7-926F-412E-A6C2-02DACC16F9D5}"
EndProject
Project("{8BC9CEB8-8B4A-11D0-8D11-00A0C91BC942}") = "Bai097", "Bai097\Bai097.vcxproj", "{797BB0CC-2E06-4CF6-A8BF-D55CD47E790A}"
EndProject
Project("{8BC9CEB8-8B4A-11D0-8D11-00A0C91BC942}") = "Bai100", "Bai100\Bai100.vcxproj", "{D0F42931-1E8B-4442-8F62-A036A1EAD998}"
EndProject
Project("{8BC9CEB8-8B4A-11D0-8D11-00A0C91BC942}") = "Bai103", "Bai103\Bai103.vcxproj", "{5F61F6CC-B441-47BF-8BC3-6BEEAF3614D6}"
EndProject
Project("{8BC9CEB8-8B4A-11D0-8D11-00A0C91BC942}") = "Bai106", "Bai106\Bai106.vcxproj", "{189FA985-A527-4FA8-8413-ADFEB33EF5A6}"
EndProject
Project("{8BC9CEB8-8B4A-11D0-8D11-00A0C91BC942}") = "Bai109", "Bai109\Bai109.vcxproj", "{5B4EE64B-F0A2-4AA5-A319-57ED7BD05DDE}"
EndProject
Project("{8BC9CEB8-8B4A-11D0-8D11-00A0C91BC942}") = "Bai112", "Bai112\Bai112.vcxproj", "{37551A00-B712-4B1C-BFA6-7EF124372C0F}"
EndProject
Project("{8BC9CEB8-8B4A-11D0-8D11-00A0C91BC942}") = "Bai115", "Bai115\Bai115.vcxproj", "{96EB29D2-1452-4F17-A5F3-0A8AF3DABF63}"
EndProject
Project("{8BC9CEB8-8B4A-11D0-8D11-00A0C91BC942}") = "Bai118", "Bai118\Bai118.vcxproj", "{C3ED70AB-C21F-4C4C-A90E-D47A30DF94C2}"
EndProject
Project("{8BC9CEB8-8B4A-11D0-8D11-00A0C91BC942}") = "Bai121", "Bai121\Bai121.vcxproj", "{C00B64E4-DEF8-4D48-ABB9-62E5467A1642}"
EndProject
Project("{8BC9CEB8-8B4A-11D0-8D11-00A0C91BC942}") = "Bai124", "Bai124\Bai124.vcxproj", "{5B043FF5-E1B1-4607-B6F9-582EE492A0CA}"
EndProject
Project("{8BC9CEB8-8B4A-11D0-8D11-00A0C91BC942}") = "Bai127", "Bai127\Bai127.vcxproj", "{1FDE662C-4E98-465E-92BD-F944D5FCDEE2}"
EndProject
Project("{8BC9CEB8-8B4A-11D0-8D11-00A0C91BC942}") = "Bai130", "Bai130\Bai130.vcxproj", "{DB553AD8-8DCB-4419-9D3A-10C669F40EB8}"
EndProject
Project("{8BC9CEB8-8B4A-11D0-8D11-00A0C91BC942}") = "Bai133", "Bai133\Bai133.vcxproj", "{F4E93C59-142D-4D6A-B06E-92737695ECDF}"
EndProject
Project("{8BC9CEB8-8B4A-11D0-8D11-00A0C91BC942}") = "Bai136", "Bai136\Bai136.vcxproj", "{75603966-A6CF-491A-A8CE-A126243DB20E}"
EndProject
Project("{8BC9CEB8-8B4A-11D0-8D11-00A0C91BC942}") = "Bai139", "Bai139\Bai139.vcxproj", "{126FA015-A2B4-4B96-8CB4-4106CF5FFB2D}"
EndProject
Project("{8BC9CEB8-8B4A-11D0-8D11-00A0C91BC942}") = "Bai142", "Bai142\Bai142.vcxproj", "{AF9F0A33-33B3-470A-B768-2B3180BC7BD5}"
EndProject
Project("{8BC9CEB8-8B4A-11D0-8D11-00A0C91BC942}") = "Bai145", "Bai145\Bai145.vcxproj", "{72ED1C2E-032A-4535-8C71-1E5E69AF66DC}"
EndProject
Project("{8BC9CEB8-8B4A-11D0-8D11-00A0C91BC942}") = "Bai148", "Bai148\Bai148.vcxproj", "{4BCAD061-1946-4E14-A214-F4E62D7D4369}"
EndProject
Project("{8BC9CEB8-8B4A-11D0-8D11-00A0C91BC942}") = "Bai151", "Bai151\Bai151.vcxproj", "{5CA93B8E-48BD-4B08-A721-11A2E2CD900E}"
EndProject
Project("{8BC9CEB8-8B4A-11D0-8D11-00A0C91BC942}") = "Bai154", "Bai154\Bai154.vcxproj", "{2B7D128F-6468-4B63-B9E1-2A4484310F92}"
EndProject
Project("{8BC9CEB8-8B4A-11D0-8D11-00A0C91BC942}") = "Bai157", "Bai157\Bai157.vcxproj", "{557FB418-0322-4896-960C-6AFF277BF32E}"
EndProject
Project("{8BC9CEB8-8B4A-11D0-8D11-00A0C91BC942}") = "Bai160", "Bai160\Bai160.vcxproj", "{AD1C0D77-2543-4A2F-9ED3-94DB58AD3392}"
EndProject
Project("{8BC9CEB8-8B4A-11D0-8D11-00A0C91BC942}") = "Bai163", "Bai163\Bai163.vcxproj", "{09E9D16F-0A17-44EC-84D7-4BFAB7E91E15}"
EndProject
Project("{8BC9CEB8-8B4A-11D0-8D11-00A0C91BC942}") = "Bai166", "Bai166\Bai166.vcxproj", "{690D29D6-1256-48FD-B35A-3C5BADE9885C}"
EndProject
Project("{8BC9CEB8-8B4A-11D0-8D11-00A0C91BC942}") = "Bai169", "Bai169\Bai169.vcxproj", "{1F355741-7CCB-4FB0-9B28-F7AF079B1993}"
EndProject
Project("{8BC9CEB8-8B4A-11D0-8D11-00A0C91BC942}") = "Bai172", "Bai172\Bai172.vcxproj", "{EDE8B7C8-85A1-43F9-986E-9249603E3ECE}"
EndProject
Project("{8BC9CEB8-8B4A-11D0-8D11-00A0C91BC942}") = "Bai175", "Bai175\Bai175.vcxproj", "{1FF7161F-4B06-45F0-9453-BC752E020683}"
EndProject
Project("{8BC9CEB8-8B4A-11D0-8D11-00A0C91BC942}") = "Bai178", "Bai178\Bai178.vcxproj", "{F36139C5-A5A4-4ACD-9116-A01A925C06A4}"
EndProject
Project("{8BC9CEB8-8B4A-11D0-8D11-00A0C91BC942}") = "Bai187", "Bai187\Bai187.vcxproj", "{7D837084-276D-4D80-81FA-DDEF6FE41845}"
EndProject
Project("{8BC9CEB8-8B4A-11D0-8D11-00A0C91BC942}") = "Bai190", "Bai190\Bai190.vcxproj", "{73C85E59-D967-4C46-967D-B121AC77A7DB}"
EndProject
Project("{8BC9CEB8-8B4A-11D0-8D11-00A0C91BC942}") = "Bai193", "Bai193\Bai193.vcxproj", "{6D6CFD99-81AB-42A5-AD37-2E1A8DD3DF22}"
EndProject
Project("{8BC9CEB8-8B4A-11D0-8D11-00A0C91BC942}") = "Bai199", "Bai199\Bai199.vcxproj", "{443A813C-FD2B-4428-8BB2-E22A912CCB0D}"
EndProject
Project("{8BC9CEB8-8B4A-11D0-8D11-00A0C91BC942}") = "Bai202", "Bai202\Bai202.vcxproj", "{7FD0838D-8F6F-4616-9217-07DD7DAF1BC2}"
EndProject
Project("{8BC9CEB8-8B4A-11D0-8D11-00A0C91BC942}") = "Bai205", "Bai205\Bai205.vcxproj", "{36DF4D64-6F38-42FE-B1CC-3D782C248685}"
EndProject
Project("{8BC9CEB8-8B4A-11D0-8D11-00A0C91BC942}") = "Bai208", "Bai208\Bai208.vcxproj", "{6B9D1975-A213-4566-9522-80870C184A2F}"
EndProject
Project("{8BC9CEB8-8B4A-11D0-8D11-00A0C91BC942}") = "Bai211", "Bai211\Bai211.vcxproj", "{9C46D8A9-7152-47B3-ACA9-D72FBD52F621}"
EndProject
Project("{8BC9CEB8-8B4A-11D0-8D11-00A0C91BC942}") = "Bai214", "Bai214\Bai214.vcxproj", "{230918E8-F5B7-4C7F-9096-7A2FD10B9498}"
EndProject
Project("{8BC9CEB8-8B4A-11D0-8D11-00A0C91BC942}") = "Bai217", "Bai217\Bai217.vcxproj", "{041E3D59-A012-4E37-8EE6-71BE586D65C2}"
EndProject
Project("{8BC9CEB8-8B4A-11D0-8D11-00A0C91BC942}") = "Bai220", "Bai220\Bai220.vcxproj", "{0455E4F5-171E-46C7-A694-EFEE3598A430}"
EndProject
Project("{8BC9CEB8-8B4A-11D0-8D11-00A0C91BC942}") = "Bai223", "Bai223\Bai223.vcxproj", "{E9CD4008-ED63-4089-8819-07364B3E3E84}"
EndProject
Project("{8BC9CEB8-8B4A-11D0-8D11-00A0C91BC942}") = "Bai226", "Bai226\Bai226.vcxproj", "{F5170F76-6688-4187-9341-3BAB25AD8B31}"
EndProject
Project("{8BC9CEB8-8B4A-11D0-8D11-00A0C91BC942}") = "Bai229", "Bai229\Bai229.vcxproj", "{F9489670-6A2D-45CD-B7FA-07EDA4601886}"
EndProject
Project("{8BC9CEB8-8B4A-11D0-8D11-00A0C91BC942}") = "Bai232", "Bai232\Bai232.vcxproj", "{C36EC800-E840-4759-93E6-751A68BC5951}"
EndProject
Project("{8BC9CEB8-8B4A-11D0-8D11-00A0C91BC942}") = "Bai235", "Bai235\Bai235.vcxproj", "{8568A30B-5C2F-440D-80C3-B17C043BE404}"
EndProject
Project("{8BC9CEB8-8B4A-11D0-8D11-00A0C91BC942}") = "Bai238", "Bai238\Bai238.vcxproj", "{19CF7CAC-683D-4CF3-B82E-4EF325601CAE}"
EndProject
Project("{8BC9CEB8-8B4A-11D0-8D11-00A0C91BC942}") = "Bai241", "Bai241\Bai241.vcxproj", "{E3243231-57E1-4C1E-919A-701853E9DAE2}"
EndProject
Project("{8BC9CEB8-8B4A-11D0-8D11-00A0C91BC942}") = "Bai244", "Bai244\Bai244.vcxproj", "{95B28B61-CD1C-4603-A6DD-EEBA56E2C62E}"
EndProject
Project("{8BC9CEB8-8B4A-11D0-8D11-00A0C91BC942}") = "Bai247", "Bai247\Bai247.vcxproj", "{6F905070-861C-49AA-B9C0-8004D4AFA5D6}"
EndProject
Project("{8BC9CEB8-8B4A-11D0-8D11-00A0C91BC942}") = "Bai250", "Bai250\Bai250.vcxproj", "{FDABADF2-1667-43A1-A989-9B5633AE533A}"
EndProject
Project("{8BC9CEB8-8B4A-11D0-8D11-00A0C91BC942}") = "Bai253", "Bai253\Bai253.vcxproj", "{C5B54EED-A500-43E6-9CF2-A5323E16A5F9}"
EndProject
Project("{8BC9CEB8-8B4A-11D0-8D11-00A0C91BC942}") = "Bai256", "Bai256\Bai256.vcxproj", "{DFA86481-1591-4895-A057-1458B85D9037}"
EndProject
Project("{8BC9CEB8-8B4A-11D0-8D11-00A0C91BC942}") = "Bai259", "Bai259\Bai259.vcxproj", "{8CC97075-1C11-4E28-8D0E-8A68B9D7F357}"
EndProject
Project("{8BC9CEB8-8B4A-11D0-8D11-00A0C91BC942}") = "Bai262", "Bai262\Bai262.vcxproj", "{19359BB1-D879-421B-B1BD-1D2510DBA864}"
EndProject
Project("{8BC9CEB8-8B4A-11D0-8D11-00A0C91BC942}") = "Bai265", "Bai265\Bai265.vcxproj", "{47375681-8DC0-45B3-8D04-5A070E01B6AA}"
EndProject
Project("{8BC9CEB8-8B4A-11D0-8D11-00A0C91BC942}") = "Bai268", "Bai268\Bai268.vcxproj", "{06F52F25-74B8-4FB4-966E-C609804F9BC1}"
EndProject
Project("{8BC9CEB8-8B4A-11D0-8D11-00A0C91BC942}") = "Bai271", "Bai271\Bai271.vcxproj", "{03D9BD61-AFAE-4E89-85F7-0CA26256119D}"
EndProject
Project("{8BC9CEB8-8B4A-11D0-8D11-00A0C91BC942}") = "Bai274", "Bai274\Bai274.vcxproj", "{C33288A0-76AD-4761-BA63-3BCDDDE9A110}"
EndProject
Global
	GlobalSection(SolutionConfigurationPlatforms) = preSolution
		Debug|x64 = Debug|x64
		Debug|x86 = Debug|x86
		Release|x64 = Release|x64
		Release|x86 = Release|x86
	EndGlobalSection
	GlobalSection(ProjectConfigurationPlatforms) = postSolution
		{CADB8E43-5C3E-4D5E-906F-DD83F4E0882D}.Debug|x64.ActiveCfg = Debug|x64
		{CADB8E43-5C3E-4D5E-906F-DD83F4E0882D}.Debug|x64.Build.0 = Debug|x64
		{CADB8E43-5C3E-4D5E-906F-DD83F4E0882D}.Debug|x86.ActiveCfg = Debug|Win32
		{CADB8E43-5C3E-4D5E-906F-DD83F4E0882D}.Debug|x86.Build.0 = Debug|Win32
		{CADB8E43-5C3E-4D5E-906F-DD83F4E0882D}.Release|x64.ActiveCfg = Release|x64
		{CADB8E43-5C3E-4D5E-906F-DD83F4E0882D}.Release|x64.Build.0 = Release|x64
		{CADB8E43-5C3E-4D5E-906F-DD83F4E0882D}.Release|x86.ActiveCfg = Release|Win32
		{CADB8E43-5C3E-4D5E-906F-DD83F4E0882D}.Release|x86.Build.0 = Release|Win32
		{68753DD9-CE43-4B11-9951-CD28CCA3F76B}.Debug|x64.ActiveCfg = Debug|x64
		{68753DD9-CE43-4B11-9951-CD28CCA3F76B}.Debug|x64.Build.0 = Debug|x64
		{68753DD9-CE43-4B11-9951-CD28CCA3F76B}.Debug|x86.ActiveCfg = Debug|Win32
		{68753DD9-CE43-4B11-9951-CD28CCA3F76B}.Debug|x86.Build.0 = Debug|Win32
		{68753DD9-CE43-4B11-9951-CD28CCA3F76B}.Release|x64.ActiveCfg = Release|x64
		{68753DD9-CE43-4B11-9951-CD28CCA3F76B}.Release|x64.Build.0 = Release|x64
		{68753DD9-CE43-4B11-9951-CD28CCA3F76B}.Release|x86.ActiveCfg = Release|Win32
		{68753DD9-CE43-4B11-9951-CD28CCA3F76B}.Release|x86.Build.0 = Release|Win32
		{AAF34427-7C7D-4661-89D2-6778EAD4D2EF}.Debug|x64.ActiveCfg = Debug|x64
		{AAF34427-7C7D-4661-89D2-6778EAD4D2EF}.Debug|x64.Build.0 = Debug|x64
		{AAF34427-7C7D-4661-89D2-6778EAD4D2EF}.Debug|x86.ActiveCfg = Debug|Win32
		{AAF34427-7C7D-4661-89D2-6778EAD4D2EF}.Debug|x86.Build.0 = Debug|Win32
		{AAF34427-7C7D-4661-89D2-6778EAD4D2EF}.Release|x64.ActiveCfg = Release|x64
		{AAF34427-7C7D-4661-89D2-6778EAD4D2EF}.Release|x64.Build.0 = Release|x64
		{AAF34427-7C7D-4661-89D2-6778EAD4D2EF}.Release|x86.ActiveCfg = Release|Win32
		{AAF34427-7C7D-4661-89D2-6778EAD4D2EF}.Release|x86.Build.0 = Release|Win32
		{223A9D45-1702-4830-A727-DC4B705F0E8F}.Debug|x64.ActiveCfg = Debug|x64
		{223A9D45-1702-4830-A727-DC4B705F0E8F}.Debug|x64.Build.0 = Debug|x64
		{223A9D45-1702-4830-A727-DC4B705F0E8F}.Debug|x86.ActiveCfg = Debug|Win32
		{223A9D45-1702-4830-A727-DC4B705F0E8F}.Debug|x86.Build.0 = Debug|Win32
		{223A9D45-1702-4830-A727-DC4B705F0E8F}.Release|x64.ActiveCfg = Release|x64
		{223A9D45-1702-4830-A727-DC4B705F0E8F}.Release|x64.Build.0 = Release|x64
		{223A9D45-1702-4830-A727-DC4B705F0E8F}.Release|x86.ActiveCfg = Release|Win32
		{223A9D45-1702-4830-A727-DC4B705F0E8F}.Release|x86.Build.0 = Release|Win32
		{C9F98500-FEF3-481C-B151-B6E40D5D8CDC}.Debug|x64.ActiveCfg = Debug|x64
		{C9F98500-FEF3-481C-B151-B6E40D5D8CDC}.Debug|x64.Build.0 = Debug|x64
		{C9F98500-FEF3-481C-B151-B6E40D5D8CDC}.Debug|x86.ActiveCfg = Debug|Win32
		{C9F98500-FEF3-481C-B151-B6E40D5D8CDC}.Debug|x86.Build.0 = Debug|Win32
		{C9F98500-FEF3-481C-B151-B6E40D5D8CDC}.Release|x64.ActiveCfg = Release|x64
		{C9F98500-FEF3-481C-B151-B6E40D5D8CDC}.Release|x64.Build.0 = Release|x64
		{C9F98500-FEF3-481C-B151-B6E40D5D8CDC}.Release|x86.ActiveCfg = Release|Win32
		{C9F98500-FEF3-481C-B151-B6E40D5D8CDC}.Release|x86.Build.0 = Release|Win32
		{AEE8142E-AA3B-4548-B5A1-04D0F4FFBDC0}.Debug|x64.ActiveCfg = Debug|x64
		{AEE8142E-AA3B-4548-B5A1-04D0F4FFBDC0}.Debug|x64.Build.0 = Debug|x64
		{AEE8142E-AA3B-4548-B5A1-04D0F4FFBDC0}.Debug|x86.ActiveCfg = Debug|Win32
		{AEE8142E-AA3B-4548-B5A1-04D0F4FFBDC0}.Debug|x86.Build.0 = Debug|Win32
		{AEE8142E-AA3B-4548-B5A1-04D0F4FFBDC0}.Release|x64.ActiveCfg = Release|x64
		{AEE8142E-AA3B-4548-B5A1-04D0F4FFBDC0}.Release|x64.Build.0 = Release|x64
		{AEE8142E-AA3B-4548-B5A1-04D0F4FFBDC0}.Release|x86.ActiveCfg = Release|Win32
		{AEE8142E-AA3B-4548-B5A1-04D0F4FFBDC0}.Release|x86.Build.0 = Release|Win32
		{5721CCAA-95C7-4BFA-B5B1-19E9757FE9B3}.Debug|x64.ActiveCfg = Debug|x64
		{5721CCAA-95C7-4BFA-B5B1-19E9757FE9B3}.Debug|x64.Build.0 = Debug|x64
		{5721CCAA-95C7-4BFA-B5B1-19E9757FE9B3}.Debug|x86.ActiveCfg = Debug|Win32
		{5721CCAA-95C7-4BFA-B5B1-19E9757FE9B3}.Debug|x86.Build.0 = Debug|Win32
		{5721CCAA-95C7-4BFA-B5B1-19E9757FE9B3}.Release|x64.ActiveCfg = Release|x64
		{5721CCAA-95C7-4BFA-B5B1-19E9757FE9B3}.Release|x64.Build.0 = Release|x64
		{5721CCAA-95C7-4BFA-B5B1-19E9757FE9B3}.Release|x86.ActiveCfg = Release|Win32
		{5721CCAA-95C7-4BFA-B5B1-19E9757FE9B3}.Release|x86.Build.0 = Release|Win32
		{1E557D72-F848-4B4E-B133-874B8F9C8C7C}.Debug|x64.ActiveCfg = Debug|x64
		{1E557D72-F848-4B4E-B133-874B8F9C8C7C}.Debug|x64.Build.0 = Debug|x64
		{1E557D72-F848-4B4E-B133-874B8F9C8C7C}.Debug|x86.ActiveCfg = Debug|Win32
		{1E557D72-F848-4B4E-B133-874B8F9C8C7C}.Debug|x86.Build.0 = Debug|Win32
		{1E557D72-F848-4B4E-B133-874B8F9C8C7C}.Release|x64.ActiveCfg = Release|x64
		{1E557D72-F848-4B4E-B133-874B8F9C8C7C}.Release|x64.Build.0 = Release|x64
		{1E557D72-F848-4B4E-B133-874B8F9C8C7C}.Release|x86.ActiveCfg = Release|Win32
		{1E557D72-F848-4B4E-B133-874B8F9C8C7C}.Release|x86.Build.0 = Release|Win32
		{37646049-0C3F-4670-88D6-0260D8260423}.Debug|x64.ActiveCfg = Debug|x64
		{37646049-0C3F-4670-88D6-0260D8260423}.Debug|x64.Build.0 = Debug|x64
		{37646049-0C3F-4670-88D6-0260D8260423}.Debug|x86.ActiveCfg = Debug|Win32
		{37646049-0C3F-4670-88D6-0260D8260423}.Debug|x86.Build.0 = Debug|Win32
		{37646049-0C3F-4670-88D6-0260D8260423}.Release|x64.ActiveCfg = Release|x64
		{37646049-0C3F-4670-88D6-0260D8260423}.Release|x64.Build.0 = Release|x64
		{37646049-0C3F-4670-88D6-0260D8260423}.Release|x86.ActiveCfg = Release|Win32
		{37646049-0C3F-4670-88D6-0260D8260423}.Release|x86.Build.0 = Release|Win32
		{C2757416-A291-4FF4-A398-97694C62D521}.Debug|x64.ActiveCfg = Debug|x64
		{C2757416-A291-4FF4-A398-97694C62D521}.Debug|x64.Build.0 = Debug|x64
		{C2757416-A291-4FF4-A398-97694C62D521}.Debug|x86.ActiveCfg = Debug|Win32
		{C2757416-A291-4FF4-A398-97694C62D521}.Debug|x86.Build.0 = Debug|Win32
		{C2757416-A291-4FF4-A398-97694C62D521}.Release|x64.ActiveCfg = Release|x64
		{C2757416-A291-4FF4-A398-97694C62D521}.Release|x64.Build.0 = Release|x64
		{C2757416-A291-4FF4-A398-97694C62D521}.Release|x86.ActiveCfg = Release|Win32
		{C2757416-A291-4FF4-A398-97694C62D521}.Release|x86.Build.0 = Release|Win32
		{A2DBC5AE-3639-4CD1-A978-8AAD60D8EDD5}.Debug|x64.ActiveCfg = Debug|x64
		{A2DBC5AE-3639-4CD1-A978-8AAD60D8EDD5}.Debug|x64.Build.0 = Debug|x64
		{A2DBC5AE-3639-4CD1-A978-8AAD60D8EDD5}.Debug|x86.ActiveCfg = Debug|Win32
		{A2DBC5AE-3639-4CD1-A978-8AAD60D8EDD5}.Debug|x86.Build.0 = Debug|Win32
		{A2DBC5AE-3639-4CD1-A978-8AAD60D8EDD5}.Release|x64.ActiveCfg = Release|x64
		{A2DBC5AE-3639-4CD1-A978-8AAD60D8EDD5}.Release|x64.Build.0 = Release|x64
		{A2DBC5AE-3639-4CD1-A978-8AAD60D8EDD5}.Release|x86.ActiveCfg = Release|Win32
		{A2DBC5AE-3639-4CD1-A978-8AAD60D8EDD5}.Release|x86.Build.0 = Release|Win32
		{B63DA4ED-3B7B-48C2-BA43-698C7563A071}.Debug|x64.ActiveCfg = Debug|x64
		{B63DA4ED-3B7B-48C2-BA43-698C7563A071}.Debug|x64.Build.0 = Debug|x64
		{B63DA4ED-3B7B-48C2-BA43-698C7563A071}.Debug|x86.ActiveCfg = Debug|Win32
		{B63DA4ED-3B7B-48C2-BA43-698C7563A071}.Debug|x86.Build.0 = Debug|Win32
		{B63DA4ED-3B7B-48C2-BA43-698C7563A071}.Release|x64.ActiveCfg = Release|x64
		{B63DA4ED-3B7B-48C2-BA43-698C7563A071}.Release|x64.Build.0 = Release|x64
		{B63DA4ED-3B7B-48C2-BA43-698C7563A071}.Release|x86.ActiveCfg = Release|Win32
		{B63DA4ED-3B7B-48C2-BA43-698C7563A071}.Release|x86.Build.0 = Release|Win32
		{C243F342-4FB3-4954-AC14-708DE1263785}.Debug|x64.ActiveCfg = Debug|x64
		{C243F342-4FB3-4954-AC14-708DE1263785}.Debug|x64.Build.0 = Debug|x64
		{C243F342-4FB3-4954-AC14-708DE1263785}.Debug|x86.ActiveCfg = Debug|Win32
		{C243F342-4FB3-4954-AC14-708DE1263785}.Debug|x86.Build.0 = Debug|Win32
		{C243F342-4FB3-4954-AC14-708DE1263785}.Release|x64.ActiveCfg = Release|x64
		{C243F342-4FB3-4954-AC14-708DE1263785}.Release|x64.Build.0 = Release|x64
		{C243F342-4FB3-4954-AC14-708DE1263785}.Release|x86.ActiveCfg = Release|Win32
		{C243F342-4FB3-4954-AC14-708DE1263785}.Release|x86.Build.0 = Release|Win32
		{54817AD3-934F-4CC1-8C73-F7EC0F602221}.Debug|x64.ActiveCfg = Debug|x64
		{54817AD3-934F-4CC1-8C73-F7EC0F602221}.Debug|x64.Build.0 = Debug|x64
		{54817AD3-934F-4CC1-8C73-F7EC0F602221}.Debug|x86.ActiveCfg = Debug|Win32
		{54817AD3-934F-4CC1-8C73-F7EC0F602221}.Debug|x86.Build.0 = Debug|Win32
		{54817AD3-934F-4CC1-8C73-F7EC0F602221}.Release|x64.ActiveCfg = Release|x64
		{54817AD3-934F-4CC1-8C73-F7EC0F602221}.Release|x64.Build.0 = Release|x64
		{54817AD3-934F-4CC1-8C73-F7EC0F602221}.Release|x86.ActiveCfg = Release|Win32
		{54817AD3-934F-4CC1-8C73-F7EC0F602221}.Release|x86.Build.0 = Release|Win32
		{63562B57-8B95-49D7-B508-E810AEE786C5}.Debug|x64.ActiveCfg = Debug|x64
		{63562B57-8B95-49D7-B508-E810AEE786C5}.Debug|x64.Build.0 = Debug|x64
		{63562B57-8B95-49D7-B508-E810AEE786C5}.Debug|x86.ActiveCfg = Debug|Win32
		{63562B57-8B95-49D7-B508-E810AEE786C5}.Debug|x86.Build.0 = Debug|Win32
		{63562B57-8B95-49D7-B508-E810AEE786C5}.Release|x64.ActiveCfg = Release|x64
		{63562B57-8B95-49D7-B508-E810AEE786C5}.Release|x64.Build.0 = Release|x64
		{63562B57-8B95-49D7-B508-E810AEE786C5}.Release|x86.ActiveCfg = Release|Win32
		{63562B57-8B95-49D7-B508-E810AEE786C5}.Release|x86.Build.0 = Release|Win32
		{A95F14E6-CD1E-4F7F-ACBF-0EB7328097EC}.Debug|x64.ActiveCfg = Debug|x64
		{A95F14E6-CD1E-4F7F-ACBF-0EB7328097EC}.Debug|x64.Build.0 = Debug|x64
		{A95F14E6-CD1E-4F7F-ACBF-0EB7328097EC}.Debug|x86.ActiveCfg = Debug|Win32
		{A95F14E6-CD1E-4F7F-ACBF-0EB7328097EC}.Debug|x86.Build.0 = Debug|Win32
		{A95F14E6-CD1E-4F7F-ACBF-0EB7328097EC}.Release|x64.ActiveCfg = Release|x64
		{A95F14E6-CD1E-4F7F-ACBF-0EB7328097EC}.Release|x64.Build.0 = Release|x64
		{A95F14E6-CD1E-4F7F-ACBF-0EB7328097EC}.Release|x86.ActiveCfg = Release|Win32
		{A95F14E6-CD1E-4F7F-ACBF-0EB7328097EC}.Release|x86.Build.0 = Release|Win32
		{3C85806F-8ABE-4F55-AE30-E756BF0D5282}.Debug|x64.ActiveCfg = Debug|x64
		{3C85806F-8ABE-4F55-AE30-E756BF0D5282}.Debug|x64.Build.0 = Debug|x64
		{3C85806F-8ABE-4F55-AE30-E756BF0D5282}.Debug|x86.ActiveCfg = Debug|Win32
		{3C85806F-8ABE-4F55-AE30-E756BF0D5282}.Debug|x86.Build.0 = Debug|Win32
		{3C85806F-8ABE-4F55-AE30-E756BF0D5282}.Release|x64.ActiveCfg = Release|x64
		{3C85806F-8ABE-4F55-AE30-E756BF0D5282}.Release|x64.Build.0 = Release|x64
		{3C85806F-8ABE-4F55-AE30-E756BF0D5282}.Release|x86.ActiveCfg = Release|Win32
		{3C85806F-8ABE-4F55-AE30-E756BF0D5282}.Release|x86.Build.0 = Release|Win32
		{6571C118-A26E-4689-9B6E-C1E6B19A3F9C}.Debug|x64.ActiveCfg = Debug|x64
		{6571C118-A26E-4689-9B6E-C1E6B19A3F9C}.Debug|x64.Build.0 = Debug|x64
		{6571C118-A26E-4689-9B6E-C1E6B19A3F9C}.Debug|x86.ActiveCfg = Debug|Win32
		{6571C118-A26E-4689-9B6E-C1E6B19A3F9C}.Debug|x86.Build.0 = Debug|Win32
		{6571C118-A26E-4689-9B6E-C1E6B19A3F9C}.Release|x64.ActiveCfg = Release|x64
		{6571C118-A26E-4689-9B6E-C1E6B19A3F9C}.Release|x64.Build.0 = Release|x64
		{6571C118-A26E-4689-9B6E-C1E6B19A3F9C}.Release|x86.ActiveCfg = Release|Win32
		{6571C118-A26E-4689-9B6E-C1E6B19A3F9C}.Release|x86.Build.0 = Release|Win32
		{5ACC7B00-B8D4-4A32-BEF8-2E9EF721A1EF}.Debug|x64.ActiveCfg = Debug|x64
		{5ACC7B00-B8D4-4A32-BEF8-2E9EF721A1EF}.Debug|x64.Build.0 = Debug|x64
		{5ACC7B00-B8D4-4A32-BEF8-2E9EF721A1EF}.Debug|x86.ActiveCfg = Debug|Win32
		{5ACC7B00-B8D4-4A32-BEF8-2E9EF721A1EF}.Debug|x86.Build.0 = Debug|Win32
		{5ACC7B00-B8D4-4A32-BEF8-2E9EF721A1EF}.Release|x64.ActiveCfg = Release|x64
		{5ACC7B00-B8D4-4A32-BEF8-2E9EF721A1EF}.Release|x64.Build.0 = Release|x64
		{5ACC7B00-B8D4-4A32-BEF8-2E9EF721A1EF}.Release|x86.ActiveCfg = Release|Win32
		{5ACC7B00-B8D4-4A32-BEF8-2E9EF721A1EF}.Release|x86.Build.0 = Release|Win32
		{39B5FF01-4450-4CAF-AC55-6A9066550D6F}.Debug|x64.ActiveCfg = Debug|x64
		{39B5FF01-4450-4CAF-AC55-6A9066550D6F}.Debug|x64.Build.0 = Debug|x64
		{39B5FF01-4450-4CAF-AC55-6A9066550D6F}.Debug|x86.ActiveCfg = Debug|Win32
		{39B5FF01-4450-4CAF-AC55-6A9066550D6F}.Debug|x86.Build.0 = Debug|Win32
		{39B5FF01-4450-4CAF-AC55-6A9066550D6F}.Release|x64.ActiveCfg = Release|x64
		{39B5FF01-4450-4CAF-AC55-6A9066550D6F}.Release|x64.Build.0 = Release|x64
		{39B5FF01-4450-4CAF-AC55-6A9066550D6F}.Release|x86.ActiveCfg = Release|Win32
		{39B5FF01-4450-4CAF-AC55-6A9066550D6F}.Release|x86.Build.0 = Release|Win32
		{7E260C03-4C9F-41B8-9B00-470B9A472F6D}.Debug|x64.ActiveCfg = Debug|x64
		{7E260C03-4C9F-41B8-9B00-470B9A472F6D}.Debug|x64.Build.0 = Debug|x64
		{7E260C03-4C9F-41B8-9B00-470B9A472F6D}.Debug|x86.ActiveCfg = Debug|Win32
		{7E260C03-4C9F-41B8-9B00-470B9A472F6D}.Debug|x86.Build.0 = Debug|Win32
		{7E260C03-4C9F-41B8-9B00-470B9A472F6D}.Release|x64.ActiveCfg = Release|x64
		{7E260C03-4C9F-41B8-9B00-470B9A472F6D}.Release|x64.Build.0 = Release|x64
		{7E260C03-4C9F-41B8-9B00-470B9A472F6D}.Release|x86.ActiveCfg = Release|Win32
		{7E260C03-4C9F-41B8-9B00-470B9A472F6D}.Release|x86.Build.0 = Release|Win32
		{6255F9A9-5E9B-4C31-83AA-87BD24D6C335}.Debug|x64.ActiveCfg = Debug|x64
		{6255F9A9-5E9B-4C31-83AA-87BD24D6C335}.Debug|x64.Build.0 = Debug|x64
		{6255F9A9-5E9B-4C31-83AA-87BD24D6C335}.Debug|x86.ActiveCfg = Debug|Win32
		{6255F9A9-5E9B-4C31-83AA-87BD24D6C335}.Debug|x86.Build.0 = Debug|Win32
		{6255F9A9-5E9B-4C31-83AA-87BD24D6C335}.Release|x64.ActiveCfg = Release|x64
		{6255F9A9-5E9B-4C31-83AA-87BD24D6C335}.Release|x64.Build.0 = Release|x64
		{6255F9A9-5E9B-4C31-83AA-87BD24D6C335}.Release|x86.ActiveCfg = Release|Win32
		{6255F9A9-5E9B-4C31-83AA-87BD24D6C335}.Release|x86.Build.0 = Release|Win32
		{E89D21E5-750A-414C-8D0B-AC6EF09F610F}.Debug|x64.ActiveCfg = Debug|x64
		{E89D21E5-750A-414C-8D0B-AC6EF09F610F}.Debug|x64.Build.0 = Debug|x64
		{E89D21E5-750A-414C-8D0B-AC6EF09F610F}.Debug|x86.ActiveCfg = Debug|Win32
		{E89D21E5-750A-414C-8D0B-AC6EF09F610F}.Debug|x86.Build.0 = Debug|Win32
		{E89D21E5-750A-414C-8D0B-AC6EF09F610F}.Release|x64.ActiveCfg = Release|x64
		{E89D21E5-750A-414C-8D0B-AC6EF09F610F}.Release|x64.Build.0 = Release|x64
		{E89D21E5-750A-414C-8D0B-AC6EF09F610F}.Release|x86.ActiveCfg = Release|Win32
		{E89D21E5-750A-414C-8D0B-AC6EF09F610F}.Release|x86.Build.0 = Release|Win32
		{391684ED-FFB3-4771-B0ED-405AC1FA1BA2}.Debug|x64.ActiveCfg = Debug|x64
		{391684ED-FFB3-4771-B0ED-405AC1FA1BA2}.Debug|x64.Build.0 = Debug|x64
		{391684ED-FFB3-4771-B0ED-405AC1FA1BA2}.Debug|x86.ActiveCfg = Debug|Win32
		{391684ED-FFB3-4771-B0ED-405AC1FA1BA2}.Debug|x86.Build.0 = Debug|Win32
		{391684ED-FFB3-4771-B0ED-405AC1FA1BA2}.Release|x64.ActiveCfg = Release|x64
		{391684ED-FFB3-4771-B0ED-405AC1FA1BA2}.Release|x64.Build.0 = Release|x64
		{391684ED-FFB3-4771-B0ED-405AC1FA1BA2}.Release|x86.ActiveCfg = Release|Win32
		{391684ED-FFB3-4771-B0ED-405AC1FA1BA2}.Release|x86.Build.0 = Release|Win32
		{4D203C8E-248E-43DF-B223-161315D58506}.Debug|x64.ActiveCfg = Debug|x64
		{4D203C8E-248E-43DF-B223-161315D58506}.Debug|x64.Build.0 = Debug|x64
		{4D203C8E-248E-43DF-B223-161315D58506}.Debug|x86.ActiveCfg = Debug|Win32
		{4D203C8E-248E-43DF-B223-161315D58506}.Debug|x86.Build.0 = Debug|Win32
		{4D203C8E-248E-43DF-B223-161315D58506}.Release|x64.ActiveCfg = Release|x64
		{4D203C8E-248E-43DF-B223-161315D58506}.Release|x64.Build.0 = Release|x64
		{4D203C8E-248E-43DF-B223-161315D58506}.Release|x86.ActiveCfg = Release|Win32
		{4D203C8E-248E-43DF-B223-161315D58506}.Release|x86.Build.0 = Release|Win32
		{F66F5BE7-FAEA-40F6-9A9A-48F35CB72333}.Debug|x64.ActiveCfg = Debug|x64
		{F66F5BE7-FAEA-40F6-9A9A-48F35CB72333}.Debug|x64.Build.0 = Debug|x64
		{F66F5BE7-FAEA-40F6-9A9A-48F35CB72333}.Debug|x86.ActiveCfg = Debug|Win32
		{F66F5BE7-FAEA-40F6-9A9A-48F35CB72333}.Debug|x86.Build.0 = Debug|Win32
		{F66F5BE7-FAEA-40F6-9A9A-48F35CB72333}.Release|x64.ActiveCfg = Release|x64
		{F66F5BE7-FAEA-40F6-9A9A-48F35CB72333}.Release|x64.Build.0 = Release|x64
		{F66F5BE7-FAEA-40F6-9A9A-48F35CB72333}.Release|x86.ActiveCfg = Release|Win32
		{F66F5BE7-FAEA-40F6-9A9A-48F35CB72333}.Release|x86.Build.0 = Release|Win32
		{0A7975D4-53A1-4654-9A59-094C0337E8E8}.Debug|x64.ActiveCfg = Debug|x64
		{0A7975D4-53A1-4654-9A59-094C0337E8E8}.Debug|x64.Build.0 = Debug|x64
		{0A7975D4-53A1-4654-9A59-094C0337E8E8}.Debug|x86.ActiveCfg = Debug|Win32
		{0A7975D4-53A1-4654-9A59-094C0337E8E8}.Debug|x86.Build.0 = Debug|Win32
		{0A7975D4-53A1-4654-9A59-094C0337E8E8}.Release|x64.ActiveCfg = Release|x64
		{0A7975D4-53A1-4654-9A59-094C0337E8E8}.Release|x64.Build.0 = Release|x64
		{0A7975D4-53A1-4654-9A59-094C0337E8E8}.Release|x86.ActiveCfg = Release|Win32
		{0A7975D4-53A1-4654-9A59-094C0337E8E8}.Release|x86.Build.0 = Release|Win32
		{1A602F5E-58E3-4D92-90E0-A101B9384C2C}.Debug|x64.ActiveCfg = Debug|x64
		{1A602F5E-58E3-4D92-90E0-A101B9384C2C}.Debug|x64.Build.0 = Debug|x64
		{1A602F5E-58E3-4D92-90E0-A101B9384C2C}.Debug|x86.ActiveCfg = Debug|Win32
		{1A602F5E-58E3-4D92-90E0-A101B9384C2C}.Debug|x86.Build.0 = Debug|Win32
		{1A602F5E-58E3-4D92-90E0-A101B9384C2C}.Release|x64.ActiveCfg = Release|x64
		{1A602F5E-58E3-4D92-90E0-A101B9384C2C}.Release|x64.Build.0 = Release|x64
		{1A602F5E-58E3-4D92-90E0-A101B9384C2C}.Release|x86.ActiveCfg = Release|Win32
		{1A602F5E-58E3-4D92-90E0-A101B9384C2C}.Release|x86.Build.0 = Release|Win32
		{55508598-C33C-47C2-A747-F38EB964A307}.Debug|x64.ActiveCfg = Debug|x64
		{55508598-C33C-47C2-A747-F38EB964A307}.Debug|x64.Build.0 = Debug|x64
		{55508598-C33C-47C2-A747-F38EB964A307}.Debug|x86.ActiveCfg = Debug|Win32
		{55508598-C33C-47C2-A747-F38EB964A307}.Debug|x86.Build.0 = Debug|Win32
		{55508598-C33C-47C2-A747-F38EB964A307}.Release|x64.ActiveCfg = Release|x64
		{55508598-C33C-47C2-A747-F38EB964A307}.Release|x64.Build.0 = Release|x64
		{55508598-C33C-47C2-A747-F38EB964A307}.Release|x86.ActiveCfg = Release|Win32
		{55508598-C33C-47C2-A747-F38EB964A307}.Release|x86.Build.0 = Release|Win32
		{535C3BD8-608F-4BE1-AB86-273D03E657BB}.Debug|x64.ActiveCfg = Debug|x64
		{535C3BD8-608F-4BE1-AB86-273D03E657BB}.Debug|x64.Build.0 = Debug|x64
		{535C3BD8-608F-4BE1-AB86-273D03E657BB}.Debug|x86.ActiveCfg = Debug|Win32
		{535C3BD8-608F-4BE1-AB86-273D03E657BB}.Debug|x86.Build.0 = Debug|Win32
		{535C3BD8-608F-4BE1-AB86-273D03E657BB}.Release|x64.ActiveCfg = Release|x64
		{535C3BD8-608F-4BE1-AB86-273D03E657BB}.Release|x64.Build.0 = Release|x64
		{535C3BD8-608F-4BE1-AB86-273D03E657BB}.Release|x86.ActiveCfg = Release|Win32
		{535C3BD8-608F-4BE1-AB86-273D03E657BB}.Release|x86.Build.0 = Release|Win32
		{FFFA536C-ECD8-4F26-9CDB-B3AD19B734DC}.Debug|x64.ActiveCfg = Debug|x64
		{FFFA536C-ECD8-4F26-9CDB-B3AD19B734DC}.Debug|x64.Build.0 = Debug|x64
		{FFFA536C-ECD8-4F26-9CDB-B3AD19B734DC}.Debug|x86.ActiveCfg = Debug|Win32
		{FFFA536C-ECD8-4F26-9CDB-B3AD19B734DC}.Debug|x86.Build.0 = Debug|Win32
		{FFFA536C-ECD8-4F26-9CDB-B3AD19B734DC}.Release|x64.ActiveCfg = Release|x64
		{FFFA536C-ECD8-4F26-9CDB-B3AD19B734DC}.Release|x64.Build.0 = Release|x64
		{FFFA536C-ECD8-4F26-9CDB-B3AD19B734DC}.Release|x86.ActiveCfg = Release|Win32
		{FFFA536C-ECD8-4F26-9CDB-B3AD19B734DC}.Release|x86.Build.0 = Release|Win32
		{45A199A7-926F-412E-A6C2-02DACC16F9D5}.Debug|x64.ActiveCfg = Debug|x64
		{45A199A7-926F-412E-A6C2-02DACC16F9D5}.Debug|x64.Build.0 = Debug|x64
		{45A199A7-926F-412E-A6C2-02DACC16F9D5}.Debug|x86.ActiveCfg = Debug|Win32
		{45A199A7-926F-412E-A6C2-02DACC16F9D5}.Debug|x86.Build.0 = Debug|Win32
		{45A199A7-926F-412E-A6C2-02DACC16F9D5}.Release|x64.ActiveCfg = Release|x64
		{45A199A7-926F-412E-A6C2-02DACC16F9D5}.Release|x64.Build.0 = Release|x64
		{45A199A7-926F-412E-A6C2-02DACC16F9D5}.Release|x86.ActiveCfg = Release|Win32
		{45A199A7-926F-412E-A6C2-02DACC16F9D5}.Release|x86.Build.0 = Release|Win32
		{797BB0CC-2E06-4CF6-A8BF-D55CD47E790A}.Debug|x64.ActiveCfg = Debug|x64
		{797BB0CC-2E06-4CF6-A8BF-D55CD47E790A}.Debug|x64.Build.0 = Debug|x64
		{797BB0CC-2E06-4CF6-A8BF-D55CD47E790A}.Debug|x86.ActiveCfg = Debug|Win32
		{797BB0CC-2E06-4CF6-A8BF-D55CD47E790A}.Debug|x86.Build.0 = Debug|Win32
		{797BB0CC-2E06-4CF6-A8BF-D55CD47E790A}.Release|x64.ActiveCfg = Release|x64
		{797BB0CC-2E06-4CF6-A8BF-D55CD47E790A}.Release|x64.Build.0 = Release|x64
		{797BB0CC-2E06-4CF6-A8BF-D55CD47E790A}.Release|x86.ActiveCfg = Release|Win32
		{797BB0CC-2E06-4CF6-A8BF-D55CD47E790A}.Release|x86.Build.0 = Release|Win32
		{D0F42931-1E8B-4442-8F62-A036A1EAD998}.Debug|x64.ActiveCfg = Debug|x64
		{D0F42931-1E8B-4442-8F62-A036A1EAD998}.Debug|x64.Build.0 = Debug|x64
		{D0F42931-1E8B-4442-8F62-A036A1EAD998}.Debug|x86.ActiveCfg = Debug|Win32
		{D0F42931-1E8B-4442-8F62-A036A1EAD998}.Debug|x86.Build.0 = Debug|Win32
		{D0F42931-1E8B-4442-8F62-A036A1EAD998}.Release|x64.ActiveCfg = Release|x64
		{D0F42931-1E8B-4442-8F62-A036A1EAD998}.Release|x64.Build.0 = Release|x64
		{D0F42931-1E8B-4442-8F62-A036A1EAD998}.Release|x86.ActiveCfg = Release|Win32
		{D0F42931-1E8B-4442-8F62-A036A1EAD998}.Release|x86.Build.0 = Release|Win32
		{5F61F6CC-B441-47BF-8BC3-6BEEAF3614D6}.Debug|x64.ActiveCfg = Debug|x64
		{5F61F6CC-B441-47BF-8BC3-6BEEAF3614D6}.Debug|x64.Build.0 = Debug|x64
		{5F61F6CC-B441-47BF-8BC3-6BEEAF3614D6}.Debug|x86.ActiveCfg = Debug|Win32
		{5F61F6CC-B441-47BF-8BC3-6BEEAF3614D6}.Debug|x86.Build.0 = Debug|Win32
		{5F61F6CC-B441-47BF-8BC3-6BEEAF3614D6}.Release|x64.ActiveCfg = Release|x64
		{5F61F6CC-B441-47BF-8BC3-6BEEAF3614D6}.Release|x64.Build.0 = Release|x64
		{5F61F6CC-B441-47BF-8BC3-6BEEAF3614D6}.Release|x86.ActiveCfg = Release|Win32
		{5F61F6CC-B441-47BF-8BC3-6BEEAF3614D6}.Release|x86.Build.0 = Release|Win32
		{189FA985-A527-4FA8-8413-ADFEB33EF5A6}.Debug|x64.ActiveCfg = Debug|x64
		{189FA985-A527-4FA8-8413-ADFEB33EF5A6}.Debug|x64.Build.0 = Debug|x64
		{189FA985-A527-4FA8-8413-ADFEB33EF5A6}.Debug|x86.ActiveCfg = Debug|Win32
		{189FA985-A527-4FA8-8413-ADFEB33EF5A6}.Debug|x86.Build.0 = Debug|Win32
		{189FA985-A527-4FA8-8413-ADFEB33EF5A6}.Release|x64.ActiveCfg = Release|x64
		{189FA985-A527-4FA8-8413-ADFEB33EF5A6}.Release|x64.Build.0 = Release|x64
		{189FA985-A527-4FA8-8413-ADFEB33EF5A6}.Release|x86.ActiveCfg = Release|Win32
		{189FA985-A527-4FA8-8413-ADFEB33EF5A6}.Release|x86.Build.0 = Release|Win32
		{5B4EE64B-F0A2-4AA5-A319-57ED7BD05DDE}.Debug|x64.ActiveCfg = Debug|x64
		{5B4EE64B-F0A2-4AA5-A319-57ED7BD05DDE}.Debug|x64.Build.0 = Debug|x64
		{5B4EE64B-F0A2-4AA5-A319-57ED7BD05DDE}.Debug|x86.ActiveCfg = Debug|Win32
		{5B4EE64B-F0A2-4AA5-A319-57ED7BD05DDE}.Debug|x86.Build.0 = Debug|Win32
		{5B4EE64B-F0A2-4AA5-A319-57ED7BD05DDE}.Release|x64.ActiveCfg = Release|x64
		{5B4EE64B-F0A2-4AA5-A319-57ED7BD05DDE}.Release|x64.Build.0 = Release|x64
		{5B4EE64B-F0A2-4AA5-A319-57ED7BD05DDE}.Release|x86.ActiveCfg = Release|Win32
		{5B4EE64B-F0A2-4AA5-A319-57ED7BD05DDE}.Release|x86.Build.0 = Release|Win32
		{37551A00-B712-4B1C-BFA6-7EF124372C0F}.Debug|x64.ActiveCfg = Debug|x64
		{37551A00-B712-4B1C-BFA6-7EF124372C0F}.Debug|x64.Build.0 = Debug|x64
		{37551A00-B712-4B1C-BFA6-7EF124372C0F}.Debug|x86.ActiveCfg = Debug|Win32
		{37551A00-B712-4B1C-BFA6-7EF124372C0F}.Debug|x86.Build.0 = Debug|Win32
		{37551A00-B712-4B1C-BFA6-7EF124372C0F}.Release|x64.ActiveCfg = Release|x64
		{37551A00-B712-4B1C-BFA6-7EF124372C0F}.Release|x64.Build.0 = Release|x64
		{37551A00-B712-4B1C-BFA6-7EF124372C0F}.Release|x86.ActiveCfg = Release|Win32
		{37551A00-B712-4B1C-BFA6-7EF124372C0F}.Release|x86.Build.0 = Release|Win32
		{96EB29D2-1452-4F17-A5F3-0A8AF3DABF63}.Debug|x64.ActiveCfg = Debug|x64
		{96EB29D2-1452-4F17-A5F3-0A8AF3DABF63}.Debug|x64.Build.0 = Debug|x64
		{96EB29D2-1452-4F17-A5F3-0A8AF3DABF63}.Debug|x86.ActiveCfg = Debug|Win32
		{96EB29D2-1452-4F17-A5F3-0A8AF3DABF63}.Debug|x86.Build.0 = Debug|Win32
		{96EB29D2-1452-4F17-A5F3-0A8AF3DABF63}.Release|x64.ActiveCfg = Release|x64
		{96EB29D2-1452-4F17-A5F3-0A8AF3DABF63}.Release|x64.Build.0 = Release|x64
		{96EB29D2-1452-4F17-A5F3-0A8AF3DABF63}.Release|x86.ActiveCfg = Release|Win32
		{96EB29D2-1452-4F17-A5F3-0A8AF3DABF63}.Release|x86.Build.0 = Release|Win32
		{C3ED70AB-C21F-4C4C-A90E-D47A30DF94C2}.Debug|x64.ActiveCfg = Debug|x64
		{C3ED70AB-C21F-4C4C-A90E-D47A30DF94C2}.Debug|x64.Build.0 = Debug|x64
		{C3ED70AB-C21F-4C4C-A90E-D47A30DF94C2}.Debug|x86.ActiveCfg = Debug|Win32
		{C3ED70AB-C21F-4C4C-A90E-D47A30DF94C2}.Debug|x86.Build.0 = Debug|Win32
		{C3ED70AB-C21F-4C4C-A90E-D47A30DF94C2}.Release|x64.ActiveCfg = Release|x64
		{C3ED70AB-C21F-4C4C-A90E-D47A30DF94C2}.Release|x64.Build.0 = Release|x64
		{C3ED70AB-C21F-4C4C-A90E-D47A30DF94C2}.Release|x86.ActiveCfg = Release|Win32
		{C3ED70AB-C21F-4C4C-A90E-D47A30DF94C2}.Release|x86.Build.0 = Release|Win32
		{C00B64E4-DEF8-4D48-ABB9-62E5467A1642}.Debug|x64.ActiveCfg = Debug|x64
		{C00B64E4-DEF8-4D48-ABB9-62E5467A1642}.Debug|x64.Build.0 = Debug|x64
		{C00B64E4-DEF8-4D48-ABB9-62E5467A1642}.Debug|x86.ActiveCfg = Debug|Win32
		{C00B64E4-DEF8-4D48-ABB9-62E5467A1642}.Debug|x86.Build.0 = Debug|Win32
		{C00B64E4-DEF8-4D48-ABB9-62E5467A1642}.Release|x64.ActiveCfg = Release|x64
		{C00B64E4-DEF8-4D48-ABB9-62E5467A1642}.Release|x64.Build.0 = Release|x64
		{C00B64E4-DEF8-4D48-ABB9-62E5467A1642}.Release|x86.ActiveCfg = Release|Win32
		{C00B64E4-DEF8-4D48-ABB9-62E5467A1642}.Release|x86.Build.0 = Release|Win32
		{5B043FF5-E1B1-4607-B6F9-582EE492A0CA}.Debug|x64.ActiveCfg = Debug|x64
		{5B043FF5-E1B1-4607-B6F9-582EE492A0CA}.Debug|x64.Build.0 = Debug|x64
		{5B043FF5-E1B1-4607-B6F9-582EE492A0CA}.Debug|x86.ActiveCfg = Debug|Win32
		{5B043FF5-E1B1-4607-B6F9-582EE492A0CA}.Debug|x86.Build.0 = Debug|Win32
		{5B043FF5-E1B1-4607-B6F9-582EE492A0CA}.Release|x64.ActiveCfg = Release|x64
		{5B043FF5-E1B1-4607-B6F9-582EE492A0CA}.Release|x64.Build.0 = Release|x64
		{5B043FF5-E1B1-4607-B6F9-582EE492A0CA}.Release|x86.ActiveCfg = Release|Win32
		{5B043FF5-E1B1-4607-B6F9-582EE492A0CA}.Release|x86.Build.0 = Release|Win32
		{1FDE662C-4E98-465E-92BD-F944D5FCDEE2}.Debug|x64.ActiveCfg = Debug|x64
		{1FDE662C-4E98-465E-92BD-F944D5FCDEE2}.Debug|x64.Build.0 = Debug|x64
		{1FDE662C-4E98-465E-92BD-F944D5FCDEE2}.Debug|x86.ActiveCfg = Debug|Win32
		{1FDE662C-4E98-465E-92BD-F944D5FCDEE2}.Debug|x86.Build.0 = Debug|Win32
		{1FDE662C-4E98-465E-92BD-F944D5FCDEE2}.Release|x64.ActiveCfg = Release|x64
		{1FDE662C-4E98-465E-92BD-F944D5FCDEE2}.Release|x64.Build.0 = Release|x64
		{1FDE662C-4E98-465E-92BD-F944D5FCDEE2}.Release|x86.ActiveCfg = Release|Win32
		{1FDE662C-4E98-465E-92BD-F944D5FCDEE2}.Release|x86.Build.0 = Release|Win32
		{DB553AD8-8DCB-4419-9D3A-10C669F40EB8}.Debug|x64.ActiveCfg = Debug|x64
		{DB553AD8-8DCB-4419-9D3A-10C669F40EB8}.Debug|x64.Build.0 = Debug|x64
		{DB553AD8-8DCB-4419-9D3A-10C669F40EB8}.Debug|x86.ActiveCfg = Debug|Win32
		{DB553AD8-8DCB-4419-9D3A-10C669F40EB8}.Debug|x86.Build.0 = Debug|Win32
		{DB553AD8-8DCB-4419-9D3A-10C669F40EB8}.Release|x64.ActiveCfg = Release|x64
		{DB553AD8-8DCB-4419-9D3A-10C669F40EB8}.Release|x64.Build.0 = Release|x64
		{DB553AD8-8DCB-4419-9D3A-10C669F40EB8}.Release|x86.ActiveCfg = Release|Win32
		{DB553AD8-8DCB-4419-9D3A-10C669F40EB8}.Release|x86.Build.0 = Release|Win32
		{F4E93C59-142D-4D6A-B06E-92737695ECDF}.Debug|x64.ActiveCfg = Debug|x64
		{F4E93C59-142D-4D6A-B06E-92737695ECDF}.Debug|x64.Build.0 = Debug|x64
		{F4E93C59-142D-4D6A-B06E-92737695ECDF}.Debug|x86.ActiveCfg = Debug|Win32
		{F4E93C59-142D-4D6A-B06E-92737695ECDF}.Debug|x86.Build.0 = Debug|Win32
		{F4E93C59-142D-4D6A-B06E-92737695ECDF}.Release|x64.ActiveCfg = Release|x64
		{F4E93C59-142D-4D6A-B06E-92737695ECDF}.Release|x64.Build.0 = Release|x64
		{F4E93C59-142D-4D6A-B06E-92737695ECDF}.Release|x86.ActiveCfg = Release|Win32
		{F4E93C59-142D-4D6A-B06E-92737695ECDF}.Release|x86.Build.0 = Release|Win32
		{75603966-A6CF-491A-A8CE-A126243DB20E}.Debug|x64.ActiveCfg = Debug|x64
		{75603966-A6CF-491A-A8CE-A126243DB20E}.Debug|x64.Build.0 = Debug|x64
		{75603966-A6CF-491A-A8CE-A126243DB20E}.Debug|x86.ActiveCfg = Debug|Win32
		{75603966-A6CF-491A-A8CE-A126243DB20E}.Debug|x86.Build.0 = Debug|Win32
		{75603966-A6CF-491A-A8CE-A126243DB20E}.Release|x64.ActiveCfg = Release|x64
		{75603966-A6CF-491A-A8CE-A126243DB20E}.Release|x64.Build.0 = Release|x64
		{75603966-A6CF-491A-A8CE-A126243DB20E}.Release|x86.ActiveCfg = Release|Win32
		{75603966-A6CF-491A-A8CE-A126243DB20E}.Release|x86.Build.0 = Release|Win32
		{126FA015-A2B4-4B96-8CB4-4106CF5FFB2D}.Debug|x64.ActiveCfg = Debug|x64
		{126FA015-A2B4-4B96-8CB4-4106CF5FFB2D}.Debug|x64.Build.0 = Debug|x64
		{126FA015-A2B4-4B96-8CB4-4106CF5FFB2D}.Debug|x86.ActiveCfg = Debug|Win32
		{126FA015-A2B4-4B96-8CB4-4106CF5FFB2D}.Debug|x86.Build.0 = Debug|Win32
		{126FA015-A2B4-4B96-8CB4-4106CF5FFB2D}.Release|x64.ActiveCfg = Release|x64
		{126FA015-A2B4-4B96-8CB4-4106CF5FFB2D}.Release|x64.Build.0 = Release|x64
		{126FA015-A2B4-4B96-8CB4-4106CF5FFB2D}.Release|x86.ActiveCfg = Release|Win32
		{126FA015-A2B4-4B96-8CB4-4106CF5FFB2D}.Release|x86.Build.0 = Release|Win32
		{AF9F0A33-33B3-470A-B768-2B3180BC7BD5}.Debug|x64.ActiveCfg = Debug|x64
		{AF9F0A33-33B3-470A-B768-2B3180BC7BD5}.Debug|x64.Build.0 = Debug|x64
		{AF9F0A33-33B3-470A-B768-2B3180BC7BD5}.Debug|x86.ActiveCfg = Debug|Win32
		{AF9F0A33-33B3-470A-B768-2B3180BC7BD5}.Debug|x86.Build.0 = Debug|Win32
		{AF9F0A33-33B3-470A-B768-2B3180BC7BD5}.Release|x64.ActiveCfg = Release|x64
		{AF9F0A33-33B3-470A-B768-2B3180BC7BD5}.Release|x64.Build.0 = Release|x64
		{AF9F0A33-33B3-470A-B768-2B3180BC7BD5}.Release|x86.ActiveCfg = Release|Win32
		{AF9F0A33-33B3-470A-B768-2B3180BC7BD5}.Release|x86.Build.0 = Release|Win32
		{72ED1C2E-032A-4535-8C71-1E5E69AF66DC}.Debug|x64.ActiveCfg = Debug|x64
		{72ED1C2E-032A-4535-8C71-1E5E69AF66DC}.Debug|x64.Build.0 = Debug|x64
		{72ED1C2E-032A-4535-8C71-1E5E69AF66DC}.Debug|x86.ActiveCfg = Debug|Win32
		{72ED1C2E-032A-4535-8C71-1E5E69AF66DC}.Debug|x86.Build.0 = Debug|Win32
		{72ED1C2E-032A-4535-8C71-1E5E69AF66DC}.Release|x64.ActiveCfg = Release|x64
		{72ED1C2E-032A-4535-8C71-1E5E69AF66DC}.Release|x64.Build.0 = Release|x64
		{72ED1C2E-032A-4535-8C71-1E5E69AF66DC}.Release|x86.ActiveCfg = Release|Win32
		{72ED1C2E-032A-4535-8C71-1E5E69AF66DC}.Release|x86.Build.0 = Release|Win32
		{4BCAD061-1946-4E14-A214-F4E62D7D4369}.Debug|x64.ActiveCfg = Debug|x64
		{4BCAD061-1946-4E14-A214-F4E62D7D4369}.Debug|x64.Build.0 = Debug|x64
		{4BCAD061-1946-4E14-A214-F4E62D7D4369}.Debug|x86.ActiveCfg = Debug|Win32
		{4BCAD061-1946-4E14-A214-F4E62D7D4369}.Debug|x86.Build.0 = Debug|Win32
		{4BCAD061-1946-4E14-A214-F4E62D7D4369}.Release|x64.ActiveCfg = Release|x64
		{4BCAD061-1946-4E14-A214-F4E62D7D4369}.Release|x64.Build.0 = Release|x64
		{4BCAD061-1946-4E14-A214-F4E62D7D4369}.Release|x86.ActiveCfg = Release|Win32
		{4BCAD061-1946-4E14-A214-F4E62D7D4369}.Release|x86.Build.0 = Release|Win32
		{5CA93B8E-48BD-4B08-A721-11A2E2CD900E}.Debug|x64.ActiveCfg = Debug|x64
		{5CA93B8E-48BD-4B08-A721-11A2E2CD900E}.Debug|x64.Build.0 = Debug|x64
		{5CA93B8E-48BD-4B08-A721-11A2E2CD900E}.Debug|x86.ActiveCfg = Debug|Win32
		{5CA93B8E-48BD-4B08-A721-11A2E2CD900E}.Debug|x86.Build.0 = Debug|Win32
		{5CA93B8E-48BD-4B08-A721-11A2E2CD900E}.Release|x64.ActiveCfg = Release|x64
		{5CA93B8E-48BD-4B08-A721-11A2E2CD900E}.Release|x64.Build.0 = Release|x64
		{5CA93B8E-48BD-4B08-A721-11A2E2CD900E}.Release|x86.ActiveCfg = Release|Win32
		{5CA93B8E-48BD-4B08-A721-11A2E2CD900E}.Release|x86.Build.0 = Release|Win32
		{2B7D128F-6468-4B63-B9E1-2A4484310F92}.Debug|x64.ActiveCfg = Debug|x64
		{2B7D128F-6468-4B63-B9E1-2A4484310F92}.Debug|x64.Build.0 = Debug|x64
		{2B7D128F-6468-4B63-B9E1-2A4484310F92}.Debug|x86.ActiveCfg = Debug|Win32
		{2B7D128F-6468-4B63-B9E1-2A4484310F92}.Debug|x86.Build.0 = Debug|Win32
		{2B7D128F-6468-4B63-B9E1-2A4484310F92}.Release|x64.ActiveCfg = Release|x64
		{2B7D128F-6468-4B63-B9E1-2A4484310F92}.Release|x64.Build.0 = Release|x64
		{2B7D128F-6468-4B63-B9E1-2A4484310F92}.Release|x86.ActiveCfg = Release|Win32
		{2B7D128F-6468-4B63-B9E1-2A4484310F92}.Release|x86.Build.0 = Release|Win32
		{557FB418-0322-4896-960C-6AFF277BF32E}.Debug|x64.ActiveCfg = Debug|x64
		{557FB418-0322-4896-960C-6AFF277BF32E}.Debug|x64.Build.0 = Debug|x64
		{557FB418-0322-4896-960C-6AFF277BF32E}.Debug|x86.ActiveCfg = Debug|Win32
		{557FB418-0322-4896-960C-6AFF277BF32E}.Debug|x86.Build.0 = Debug|Win32
		{557FB418-0322-4896-960C-6AFF277BF32E}.Release|x64.ActiveCfg = Release|x64
		{557FB418-0322-4896-960C-6AFF277BF32E}.Release|x64.Build.0 = Release|x64
		{557FB418-0322-4896-960C-6AFF277BF32E}.Release|x86.ActiveCfg = Release|Win32
		{557FB418-0322-4896-960C-6AFF277BF32E}.Release|x86.Build.0 = Release|Win32
		{AD1C0D77-2543-4A2F-9ED3-94DB58AD3392}.Debug|x64.ActiveCfg = Debug|x64
		{AD1C0D77-2543-4A2F-9ED3-94DB58AD3392}.Debug|x64.Build.0 = Debug|x64
		{AD1C0D77-2543-4A2F-9ED3-94DB58AD3392}.Debug|x86.ActiveCfg = Debug|Win32
		{AD1C0D77-2543-4A2F-9ED3-94DB58AD3392}.Debug|x86.Build.0 = Debug|Win32
		{AD1C0D77-2543-4A2F-9ED3-94DB58AD3392}.Release|x64.ActiveCfg = Release|x64
		{AD1C0D77-2543-4A2F-9ED3-94DB58AD3392}.Release|x64.Build.0 = Release|x64
		{AD1C0D77-2543-4A2F-9ED3-94DB58AD3392}.Release|x86.ActiveCfg = Release|Win32
		{AD1C0D77-2543-4A2F-9ED3-94DB58AD3392}.Release|x86.Build.0 = Release|Win32
		{09E9D16F-0A17-44EC-84D7-4BFAB7E91E15}.Debug|x64.ActiveCfg = Debug|x64
		{09E9D16F-0A17-44EC-84D7-4BFAB7E91E15}.Debug|x64.Build.0 = Debug|x64
		{09E9D16F-0A17-44EC-84D7-4BFAB7E91E15}.Debug|x86.ActiveCfg = Debug|Win32
		{09E9D16F-0A17-44EC-84D7-4BFAB7E91E15}.Debug|x86.Build.0 = Debug|Win32
		{09E9D16F-0A17-44EC-84D7-4BFAB7E91E15}.Release|x64.ActiveCfg = Release|x64
		{09E9D16F-0A17-44EC-84D7-4BFAB7E91E15}.Release|x64.Build.0 = Release|x64
		{09E9D16F-0A17-44EC-84D7-4BFAB7E91E15}.Release|x86.ActiveCfg = Release|Win32
		{09E9D16F-0A17-44EC-84D7-4BFAB7E91E15}.Release|x86.Build.0 = Release|Win32
		{690D29D6-1256-48FD-B35A-3C5BADE9885C}.Debug|x64.ActiveCfg = Debug|x64
		{690D29D6-1256-48FD-B35A-3C5BADE9885C}.Debug|x64.Build.0 = Debug|x64
		{690D29D6-1256-48FD-B35A-3C5BADE9885C}.Debug|x86.ActiveCfg = Debug|Win32
		{690D29D6-1256-48FD-B35A-3C5BADE9885C}.Debug|x86.Build.0 = Debug|Win32
		{690D29D6-1256-48FD-B35A-3C5BADE9885C}.Release|x64.ActiveCfg = Release|x64
		{690D29D6-1256-48FD-B35A-3C5BADE9885C}.Release|x64.Build.0 = Release|x64
		{690D29D6-1256-48FD-B35A-3C5BADE9885C}.Release|x86.ActiveCfg = Release|Win32
		{690D29D6-1256-48FD-B35A-3C5BADE9885C}.Release|x86.Build.0 = Release|Win32
		{1F355741-7CCB-4FB0-9B28-F7AF079B1993}.Debug|x64.ActiveCfg = Debug|x64
		{1F355741-7CCB-4FB0-9B28-F7AF079B1993}.Debug|x64.Build.0 = Debug|x64
		{1F355741-7CCB-4FB0-9B28-F7AF079B1993}.Debug|x86.ActiveCfg = Debug|Win32
		{1F355741-7CCB-4FB0-9B28-F7AF079B1993}.Debug|x86.Build.0 = Debug|Win32
		{1F355741-7CCB-4FB0-9B28-F7AF079B1993}.Release|x64.ActiveCfg = Release|x64
		{1F355741-7CCB-4FB0-9B28-F7AF079B1993}.Release|x64.Build.0 = Release|x64
		{1F355741-7CCB-4FB0-9B28-F7AF079B1993}.Release|x86.ActiveCfg = Release|Win32
		{1F355741-7CCB-4FB0-9B28-F7AF079B1993}.Release|x86.Build.0 = Release|Win32
		{EDE8B7C8-85A1-43F9-986E-9249603E3ECE}.Debug|x64.ActiveCfg = Debug|x64
		{EDE8B7C8-85A1-43F9-986E-9249603E3ECE}.Debug|x64.Build.0 = Debug|x64
		{EDE8B7C8-85A1-43F9-986E-9249603E3ECE}.Debug|x86.ActiveCfg = Debug|Win32
		{EDE8B7C8-85A1-43F9-986E-9249603E3ECE}.Debug|x86.Build.0 = Debug|Win32
		{EDE8B7C8-85A1-43F9-986E-9249603E3ECE}.Release|x64.ActiveCfg = Release|x64
		{EDE8B7C8-85A1-43F9-986E-9249603E3ECE}.Release|x64.Build.0 = Release|x64
		{EDE8B7C8-85A1-43F9-986E-9249603E3ECE}.Release|x86.ActiveCfg = Release|Win32
		{EDE8B7C8-85A1-43F9-986E-9249603E3ECE}.Release|x86.Build.0 = Release|Win32
		{1FF7161F-4B06-45F0-9453-BC752E020683}.Debug|x64.ActiveCfg = Debug|x64
		{1FF7161F-4B06-45F0-9453-BC752E020683}.Debug|x64.Build.0 = Debug|x64
		{1FF7161F-4B06-45F0-9453-BC752E020683}.Debug|x86.ActiveCfg = Debug|Win32
		{1FF7161F-4B06-45F0-9453-BC752E020683}.Debug|x86.Build.0 = Debug|Win32
		{1FF7161F-4B06-45F0-9453-BC752E020683}.Release|x64.ActiveCfg = Release|x64
		{1FF7161F-4B06-45F0-9453-BC752E020683}.Release|x64.Build.0 = Release|x64
		{1FF7161F-4B06-45F0-9453-BC752E020683}.Release|x86.ActiveCfg = Release|Win32
		{1FF7161F-4B06-45F0-9453-BC752E020683}.Release|x86.Build.0 = Release|Win32
		{F36139C5-A5A4-4ACD-9116-A01A925C06A4}.Debug|x64.ActiveCfg = Debug|x64
		{F36139C5-A5A4-4ACD-9116-A01A925C06A4}.Debug|x64.Build.0 = Debug|x64
		{F36139C5-A5A4-4ACD-9116-A01A925C06A4}.Debug|x86.ActiveCfg = Debug|Win32
		{F36139C5-A5A4-4ACD-9116-A01A925C06A4}.Debug|x86.Build.0 = Debug|Win32
		{F36139C5-A5A4-4ACD-9116-A01A925C06A4}.Release|x64.ActiveCfg = Release|x64
		{F36139C5-A5A4-4ACD-9116-A01A925C06A4}.Release|x64.Build.0 = Release|x64
		{F36139C5-A5A4-4ACD-9116-A01A925C06A4}.Release|x86.ActiveCfg = Release|Win32
		{F36139C5-A5A4-4ACD-9116-A01A925C06A4}.Release|x86.Build.0 = Release|Win32
		{7D837084-276D-4D80-81FA-DDEF6FE41845}.Debug|x64.ActiveCfg = Debug|x64
		{7D837084-276D-4D80-81FA-DDEF6FE41845}.Debug|x64.Build.0 = Debug|x64
		{7D837084-276D-4D80-81FA-DDEF6FE41845}.Debug|x86.ActiveCfg = Debug|Win32
		{7D837084-276D-4D80-81FA-DDEF6FE41845}.Debug|x86.Build.0 = Debug|Win32
		{7D837084-276D-4D80-81FA-DDEF6FE41845}.Release|x64.ActiveCfg = Release|x64
		{7D837084-276D-4D80-81FA-DDEF6FE41845}.Release|x64.Build.0 = Release|x64
		{7D837084-276D-4D80-81FA-DDEF6FE41845}.Release|x86.ActiveCfg = Release|Win32
		{7D837084-276D-4D80-81FA-DDEF6FE41845}.Release|x86.Build.0 = Release|Win32
		{73C85E59-D967-4C46-967D-B121AC77A7DB}.Debug|x64.ActiveCfg = Debug|x64
		{73C85E59-D967-4C46-967D-B121AC77A7DB}.Debug|x64.Build.0 = Debug|x64
		{73C85E59-D967-4C46-967D-B121AC77A7DB}.Debug|x86.ActiveCfg = Debug|Win32
		{73C85E59-D967-4C46-967D-B121AC77A7DB}.Debug|x86.Build.0 = Debug|Win32
		{73C85E59-D967-4C46-967D-B121AC77A7DB}.Release|x64.ActiveCfg = Release|x64
		{73C85E59-D967-4C46-967D-B121AC77A7DB}.Release|x64.Build.0 = Release|x64
		{73C85E59-D967-4C46-967D-B121AC77A7DB}.Release|x86.ActiveCfg = Release|Win32
		{73C85E59-D967-4C46-967D-B121AC77A7DB}.Release|x86.Build.0 = Release|Win32
		{6D6CFD99-81AB-42A5-AD37-2E1A8DD3DF22}.Debug|x64.ActiveCfg = Debug|x64
		{6D6CFD99-81AB-42A5-AD37-2E1A8DD3DF22}.Debug|x64.Build.0 = Debug|x64
		{6D6CFD99-81AB-42A5-AD37-2E1A8DD3DF22}.Debug|x86.ActiveCfg = Debug|Win32
		{6D6CFD99-81AB-42A5-AD37-2E1A8DD3DF22}.Debug|x86.Build.0 = Debug|Win32
		{6D6CFD99-81AB-42A5-AD37-2E1A8DD3DF22}.Release|x64.ActiveCfg = Release|x64
		{6D6CFD99-81AB-42A5-AD37-2E1A8DD3DF22}.Release|x64.Build.0 = Release|x64
		{6D6CFD99-81AB-42A5-AD37-2E1A8DD3DF22}.Release|x86.ActiveCfg = Release|Win32
		{6D6CFD99-81AB-42A5-AD37-2E1A8DD3DF22}.Release|x86.Build.0 = Release|Win32
		{443A813C-FD2B-4428-8BB2-E22A912CCB0D}.Debug|x64.ActiveCfg = Debug|x64
		{443A813C-FD2B-4428-8BB2-E22A912CCB0D}.Debug|x64.Build.0 = Debug|x64
		{443A813C-FD2B-4428-8BB2-E22A912CCB0D}.Debug|x86.ActiveCfg = Debug|Win32
		{443A813C-FD2B-4428-8BB2-E22A912CCB0D}.Debug|x86.Build.0 = Debug|Win32
		{443A813C-FD2B-4428-8BB2-E22A912CCB0D}.Release|x64.ActiveCfg = Release|x64
		{443A813C-FD2B-4428-8BB2-E22A912CCB0D}.Release|x64.Build.0 = Release|x64
		{443A813C-FD2B-4428-8BB2-E22A912CCB0D}.Release|x86.ActiveCfg = Release|Win32
		{443A813C-FD2B-4428-8BB2-E22A912CCB0D}.Release|x86.Build.0 = Release|Win32
		{7FD0838D-8F6F-4616-9217-07DD7DAF1BC2}.Debug|x64.ActiveCfg = Debug|x64
		{7FD0838D-8F6F-4616-9217-07DD7DAF1BC2}.Debug|x64.Build.0 = Debug|x64
		{7FD0838D-8F6F-4616-9217-07DD7DAF1BC2}.Debug|x86.ActiveCfg = Debug|Win32
		{7FD0838D-8F6F-4616-9217-07DD7DAF1BC2}.Debug|x86.Build.0 = Debug|Win32
		{7FD0838D-8F6F-4616-9217-07DD7DAF1BC2}.Release|x64.ActiveCfg = Release|x64
		{7FD0838D-8F6F-4616-9217-07DD7DAF1BC2}.Release|x64.Build.0 = Release|x64
		{7FD0838D-8F6F-4616-9217-07DD7DAF1BC2}.Release|x86.ActiveCfg = Release|Win32
		{7FD0838D-8F6F-4616-9217-07DD7DAF1BC2}.Release|x86.Build.0 = Release|Win32
		{36DF4D64-6F38-42FE-B1CC-3D782C248685}.Debug|x64.ActiveCfg = Debug|x64
		{36DF4D64-6F38-42FE-B1CC-3D782C248685}.Debug|x64.Build.0 = Debug|x64
		{36DF4D64-6F38-42FE-B1CC-3D782C248685}.Debug|x86.ActiveCfg = Debug|Win32
		{36DF4D64-6F38-42FE-B1CC-3D782C248685}.Debug|x86.Build.0 = Debug|Win32
		{36DF4D64-6F38-42FE-B1CC-3D782C248685}.Release|x64.ActiveCfg = Release|x64
		{36DF4D64-6F38-42FE-B1CC-3D782C248685}.Release|x64.Build.0 = Release|x64
		{36DF4D64-6F38-42FE-B1CC-3D782C248685}.Release|x86.ActiveCfg = Release|Win32
		{36DF4D64-6F38-42FE-B1CC-3D782C248685}.Release|x86.Build.0 = Release|Win32
		{6B9D1975-A213-4566-9522-80870C184A2F}.Debug|x64.ActiveCfg = Debug|x64
		{6B9D1975-A213-4566-9522-80870C184A2F}.Debug|x64.Build.0 = Debug|x64
		{6B9D1975-A213-4566-9522-80870C184A2F}.Debug|x86.ActiveCfg = Debug|Win32
		{6B9D1975-A213-4566-9522-80870C184A2F}.Debug|x86.Build.0 = Debug|Win32
		{6B9D1975-A213-4566-9522-80870C184A2F}.Release|x64.ActiveCfg = Release|x64
		{6B9D1975-A213-4566-9522-80870C184A2F}.Release|x64.Build.0 = Release|x64
		{6B9D1975-A213-4566-9522-80870C184A2F}.Release|x86.ActiveCfg = Release|Win32
		{6B9D1975-A213-4566-9522-80870C184A2F}.Release|x86.Build.0 = Release|Win32
		{9C46D8A9-7152-47B3-ACA9-D72FBD52F621}.Debug|x64.ActiveCfg = Debug|x64
		{9C46D8A9-7152-47B3-ACA9-D72FBD52F621}.Debug|x64.Build.0 = Debug|x64
		{9C46D8A9-7152-47B3-ACA9-D72FBD52F621}.Debug|x86.ActiveCfg = Debug|Win32
		{9C46D8A9-7152-47B3-ACA9-D72FBD52F621}.Debug|x86.Build.0 = Debug|Win32
		{9C46D8A9-7152-47B3-ACA9-D72FBD52F621}.Release|x64.ActiveCfg = Release|x64
		{9C46D8A9-7152-47B3-ACA9-D72FBD52F621}.Release|x64.Build.0 = Release|x64
		{9C46D8A9-7152-47B3-ACA9-D72FBD52F621}.Release|x86.ActiveCfg = Release|Win32
		{9C46D8A9-7152-47B3-ACA9-D72FBD52F621}.Release|x86.Build.0 = Release|Win32
		{230918E8-F5B7-4C7F-9096-7A2FD10B9498}.Debug|x64.ActiveCfg = Debug|x64
		{230918E8-F5B7-4C7F-9096-7A2FD10B9498}.Debug|x64.Build.0 = Debug|x64
		{230918E8-F5B7-4C7F-9096-7A2FD10B9498}.Debug|x86.ActiveCfg = Debug|Win32
		{230918E8-F5B7-4C7F-9096-7A2FD10B9498}.Debug|x86.Build.0 = Debug|Win32
		{230918E8-F5B7-4C7F-9096-7A2FD10B9498}.Release|x64.ActiveCfg = Release|x64
		{230918E8-F5B7-4C7F-9096-7A2FD10B9498}.Release|x64.Build.0 = Release|x64
		{230918E8-F5B7-4C7F-9096-7A2FD10B9498}.Release|x86.ActiveCfg = Release|Win32
		{230918E8-F5B7-4C7F-9096-7A2FD10B9498}.Release|x86.Build.0 = Release|Win32
		{041E3D59-A012-4E37-8EE6-71BE586D65C2}.Debug|x64.ActiveCfg = Debug|x64
		{041E3D59-A012-4E37-8EE6-71BE586D65C2}.Debug|x64.Build.0 = Debug|x64
		{041E3D59-A012-4E37-8EE6-71BE586D65C2}.Debug|x86.ActiveCfg = Debug|Win32
		{041E3D59-A012-4E37-8EE6-71BE586D65C2}.Debug|x86.Build.0 = Debug|Win32
		{041E3D59-A012-4E37-8EE6-71BE586D65C2}.Release|x64.ActiveCfg = Release|x64
		{041E3D59-A012-4E37-8EE6-71BE586D65C2}.Release|x64.Build.0 = Release|x64
		{041E3D59-A012-4E37-8EE6-71BE586D65C2}.Release|x86.ActiveCfg = Release|Win32
		{041E3D59-A012-4E37-8EE6-71BE586D65C2}.Release|x86.Build.0 = Release|Win32
		{0455E4F5-171E-46C7-A694-EFEE3598A430}.Debug|x64.ActiveCfg = Debug|x64
		{0455E4F5-171E-46C7-A694-EFEE3598A430}.Debug|x64.Build.0 = Debug|x64
		{0455E4F5-171E-46C7-A694-EFEE3598A430}.Debug|x86.ActiveCfg = Debug|Win32
		{0455E4F5-171E-46C7-A694-EFEE3598A430}.Debug|x86.Build.0 = Debug|Win32
		{0455E4F5-171E-46C7-A694-EFEE3598A430}.Release|x64.ActiveCfg = Release|x64
		{0455E4F5-171E-46C7-A694-EFEE3598A430}.Release|x64.Build.0 = Release|x64
		{0455E4F5-171E-46C7-A694-EFEE3598A430}.Release|x86.ActiveCfg = Release|Win32
		{0455E4F5-171E-46C7-A694-EFEE3598A430}.Release|x86.Build.0 = Release|Win32
		{E9CD4008-ED63-4089-8819-07364B3E3E84}.Debug|x64.ActiveCfg = Debug|x64
		{E9CD4008-ED63-4089-8819-07364B3E3E84}.Debug|x64.Build.0 = Debug|x64
		{E9CD4008-ED63-4089-8819-07364B3E3E84}.Debug|x86.ActiveCfg = Debug|Win32
		{E9CD4008-ED63-4089-8819-07364B3E3E84}.Debug|x86.Build.0 = Debug|Win32
		{E9CD4008-ED63-4089-8819-07364B3E3E84}.Release|x64.ActiveCfg = Release|x64
		{E9CD4008-ED63-4089-8819-07364B3E3E84}.Release|x64.Build.0 = Release|x64
		{E9CD4008-ED63-4089-8819-07364B3E3E84}.Release|x86.ActiveCfg = Release|Win32
		{E9CD4008-ED63-4089-8819-07364B3E3E84}.Release|x86.Build.0 = Release|Win32
		{F5170F76-6688-4187-9341-3BAB25AD8B31}.Debug|x64.ActiveCfg = Debug|x64
		{F5170F76-6688-4187-9341-3BAB25AD8B31}.Debug|x64.Build.0 = Debug|x64
		{F5170F76-6688-4187-9341-3BAB25AD8B31}.Debug|x86.ActiveCfg = Debug|Win32
		{F5170F76-6688-4187-9341-3BAB25AD8B31}.Debug|x86.Build.0 = Debug|Win32
		{F5170F76-6688-4187-9341-3BAB25AD8B31}.Release|x64.ActiveCfg = Release|x64
		{F5170F76-6688-4187-9341-3BAB25AD8B31}.Release|x64.Build.0 = Release|x64
		{F5170F76-6688-4187-9341-3BAB25AD8B31}.Release|x86.ActiveCfg = Release|Win32
		{F5170F76-6688-4187-9341-3BAB25AD8B31}.Release|x86.Build.0 = Release|Win32
		{F9489670-6A2D-45CD-B7FA-07EDA4601886}.Debug|x64.ActiveCfg = Debug|x64
		{F9489670-6A2D-45CD-B7FA-07EDA4601886}.Debug|x64.Build.0 = Debug|x64
		{F9489670-6A2D-45CD-B7FA-07EDA4601886}.Debug|x86.ActiveCfg = Debug|Win32
		{F9489670-6A2D-45CD-B7FA-07EDA4601886}.Debug|x86.Build.0 = Debug|Win32
		{F9489670-6A2D-45CD-B7FA-07EDA4601886}.Release|x64.ActiveCfg = Release|x64
		{F9489670-6A2D-45CD-B7FA-07EDA4601886}.Release|x64.Build.0 = Release|x64
		{F9489670-6A2D-45CD-B7FA-07EDA4601886}.Release|x86.ActiveCfg = Release|Win32
		{F9489670-6A2D-45CD-B7FA-07EDA4601886}.Release|x86.Build.0 = Release|Win32
		{C36EC800-E840-4759-93E6-751A68BC5951}.Debug|x64.ActiveCfg = Debug|x64
		{C36EC800-E840-4759-93E6-751A68BC5951}.Debug|x64.Build.0 = Debug|x64
		{C36EC800-E840-4759-93E6-751A68BC5951}.Debug|x86.ActiveCfg = Debug|Win32
		{C36EC800-E840-4759-93E6-751A68BC5951}.Debug|x86.Build.0 = Debug|Win32
		{C36EC800-E840-4759-93E6-751A68BC5951}.Release|x64.ActiveCfg = Release|x64
		{C36EC800-E840-4759-93E6-751A68BC5951}.Release|x64.Build.0 = Release|x64
		{C36EC800-E840-4759-93E6-751A68BC5951}.Release|x86.ActiveCfg = Release|Win32
		{C36EC800-E840-4759-93E6-751A68BC5951}.Release|x86.Build.0 = Release|Win32
		{8568A30B-5C2F-440D-80C3-B17C043BE404}.Debug|x64.ActiveCfg = Debug|x64
		{8568A30B-5C2F-440D-80C3-B17C043BE404}.Debug|x64.Build.0 = Debug|x64
		{8568A30B-5C2F-440D-80C3-B17C043BE404}.Debug|x86.ActiveCfg = Debug|Win32
		{8568A30B-5C2F-440D-80C3-B17C043BE404}.Debug|x86.Build.0 = Debug|Win32
		{8568A30B-5C2F-440D-80C3-B17C043BE404}.Release|x64.ActiveCfg = Release|x64
		{8568A30B-5C2F-440D-80C3-B17C043BE404}.Release|x64.Build.0 = Release|x64
		{8568A30B-5C2F-440D-80C3-B17C043BE404}.Release|x86.ActiveCfg = Release|Win32
		{8568A30B-5C2F-440D-80C3-B17C043BE404}.Release|x86.Build.0 = Release|Win32
		{19CF7CAC-683D-4CF3-B82E-4EF325601CAE}.Debug|x64.ActiveCfg = Debug|x64
		{19CF7CAC-683D-4CF3-B82E-4EF325601CAE}.Debug|x64.Build.0 = Debug|x64
		{19CF7CAC-683D-4CF3-B82E-4EF325601CAE}.Debug|x86.ActiveCfg = Debug|Win32
		{19CF7CAC-683D-4CF3-B82E-4EF325601CAE}.Debug|x86.Build.0 = Debug|Win32
		{19CF7CAC-683D-4CF3-B82E-4EF325601CAE}.Release|x64.ActiveCfg = Release|x64
		{19CF7CAC-683D-4CF3-B82E-4EF325601CAE}.Release|x64.Build.0 = Release|x64
		{19CF7CAC-683D-4CF3-B82E-4EF325601CAE}.Release|x86.ActiveCfg = Release|Win32
		{19CF7CAC-683D-4CF3-B82E-4EF325601CAE}.Release|x86.Build.0 = Release|Win32
		{E3243231-57E1-4C1E-919A-701853E9DAE2}.Debug|x64.ActiveCfg = Debug|x64
		{E3243231-57E1-4C1E-919A-701853E9DAE2}.Debug|x64.Build.0 = Debug|x64
		{E3243231-57E1-4C1E-919A-701853E9DAE2}.Debug|x86.ActiveCfg = Debug|Win32
		{E3243231-57E1-4C1E-919A-701853E9DAE2}.Debug|x86.Build.0 = Debug|Win32
		{E3243231-57E1-4C1E-919A-701853E9DAE2}.Release|x64.ActiveCfg = Release|x64
		{E3243231-57E1-4C1E-919A-701853E9DAE2}.Release|x64.Build.0 = Release|x64
		{E3243231-57E1-4C1E-919A-701853E9DAE2}.Release|x86.ActiveCfg = Release|Win32
		{E3243231-57E1-4C1E-919A-701853E9DAE2}.Release|x86.Build.0 = Release|Win32
		{95B28B61-CD1C-4603-A6DD-EEBA56E2C62E}.Debug|x64.ActiveCfg = Debug|x64
		{95B28B61-CD1C-4603-A6DD-EEBA56E2C62E}.Debug|x64.Build.0 = Debug|x64
		{95B28B61-CD1C-4603-A6DD-EEBA56E2C62E}.Debug|x86.ActiveCfg = Debug|Win32
		{95B28B61-CD1C-4603-A6DD-EEBA56E2C62E}.Debug|x86.Build.0 = Debug|Win32
		{95B28B61-CD1C-4603-A6DD-EEBA56E2C62E}.Release|x64.ActiveCfg = Release|x64
		{95B28B61-CD1C-4603-A6DD-EEBA56E2C62E}.Release|x64.Build.0 = Release|x64
		{95B28B61-CD1C-4603-A6DD-EEBA56E2C62E}.Release|x86.ActiveCfg = Release|Win32
		{95B28B61-CD1C-4603-A6DD-EEBA56E2C62E}.Release|x86.Build.0 = Release|Win32
		{6F905070-861C-49AA-B9C0-8004D4AFA5D6}.Debug|x64.ActiveCfg = Debug|x64
		{6F905070-861C-49AA-B9C0-8004D4AFA5D6}.Debug|x64.Build.0 = Debug|x64
		{6F905070-861C-49AA-B9C0-8004D4AFA5D6}.Debug|x86.ActiveCfg = Debug|Win32
		{6F905070-861C-49AA-B9C0-8004D4AFA5D6}.Debug|x86.Build.0 = Debug|Win32
		{6F905070-861C-49AA-B9C0-8004D4AFA5D6}.Release|x64.ActiveCfg = Release|x64
		{6F905070-861C-49AA-B9C0-8004D4AFA5D6}.Release|x64.Build.0 = Release|x64
		{6F905070-861C-49AA-B9C0-8004D4AFA5D6}.Release|x86.ActiveCfg = Release|Win32
		{6F905070-861C-49AA-B9C0-8004D4AFA5D6}.Release|x86.Build.0 = Release|Win32
		{FDABADF2-1667-43A1-A989-9B5633AE533A}.Debug|x64.ActiveCfg = Debug|x64
		{FDABADF2-1667-43A1-A989-9B5633AE533A}.Debug|x64.Build.0 = Debug|x64
		{FDABADF2-1667-43A1-A989-9B5633AE533A}.Debug|x86.ActiveCfg = Debug|Win32
		{FDABADF2-1667-43A1-A989-9B5633AE533A}.Debug|x86.Build.0 = Debug|Win32
		{FDABADF2-1667-43A1-A989-9B5633AE533A}.Release|x64.ActiveCfg = Release|x64
		{FDABADF2-1667-43A1-A989-9B5633AE533A}.Release|x64.Build.0 = Release|x64
		{FDABADF2-1667-43A1-A989-9B5633AE533A}.Release|x86.ActiveCfg = Release|Win32
		{FDABADF2-1667-43A1-A989-9B5633AE533A}.Release|x86.Build.0 = Release|Win32
		{C5B54EED-A500-43E6-9CF2-A5323E16A5F9}.Debug|x64.ActiveCfg = Debug|x64
		{C5B54EED-A500-43E6-9CF2-A5323E16A5F9}.Debug|x64.Build.0 = Debug|x64
		{C5B54EED-A500-43E6-9CF2-A5323E16A5F9}.Debug|x86.ActiveCfg = Debug|Win32
		{C5B54EED-A500-43E6-9CF2-A5323E16A5F9}.Debug|x86.Build.0 = Debug|Win32
		{C5B54EED-A500-43E6-9CF2-A5323E16A5F9}.Release|x64.ActiveCfg = Release|x64
		{C5B54EED-A500-43E6-9CF2-A5323E16A5F9}.Release|x64.Build.0 = Release|x64
		{C5B54EED-A500-43E6-9CF2-A5323E16A5F9}.Release|x86.ActiveCfg = Release|Win32
		{C5B54EED-A500-43E6-9CF2-A5323E16A5F9}.Release|x86.Build.0 = Release|Win32
		{DFA86481-1591-4895-A057-1458B85D9037}.Debug|x64.ActiveCfg = Debug|x64
		{DFA86481-1591-4895-A057-1458B85D9037}.Debug|x64.Build.0 = Debug|x64
		{DFA86481-1591-4895-A057-1458B85D9037}.Debug|x86.ActiveCfg = Debug|Win32
		{DFA86481-1591-4895-A057-1458B85D9037}.Debug|x86.Build.0 = Debug|Win32
		{DFA86481-1591-4895-A057-1458B85D9037}.Release|x64.ActiveCfg = Release|x64
		{DFA86481-1591-4895-A057-1458B85D9037}.Release|x64.Build.0 = Release|x64
		{DFA86481-1591-4895-A057-1458B85D9037}.Release|x86.ActiveCfg = Release|Win32
		{DFA86481-1591-4895-A057-1458B85D9037}.Release|x86.Build.0 = Release|Win32
		{8CC97075-1C11-4E28-8D0E-8A68B9D7F357}.Debug|x64.ActiveCfg = Debug|x64
		{8CC97075-1C11-4E28-8D0E-8A68B9D7F357}.Debug|x64.Build.0 = Debug|x64
		{8CC97075-1C11-4E28-8D0E-8A68B9D7F357}.Debug|x86.ActiveCfg = Debug|Win32
		{8CC97075-1C11-4E28-8D0E-8A68B9D7F357}.Debug|x86.Build.0 = Debug|Win32
		{8CC97075-1C11-4E28-8D0E-8A68B9D7F357}.Release|x64.ActiveCfg = Release|x64
		{8CC97075-1C11-4E28-8D0E-8A68B9D7F357}.Release|x64.Build.0 = Release|x64
		{8CC97075-1C11-4E28-8D0E-8A68B9D7F357}.Release|x86.ActiveCfg = Release|Win32
		{8CC97075-1C11-4E28-8D0E-8A68B9D7F357}.Release|x86.Build.0 = Release|Win32
		{19359BB1-D879-421B-B1BD-1D2510DBA864}.Debug|x64.ActiveCfg = Debug|x64
		{19359BB1-D879-421B-B1BD-1D2510DBA864}.Debug|x64.Build.0 = Debug|x64
		{19359BB1-D879-421B-B1BD-1D2510DBA864}.Debug|x86.ActiveCfg = Debug|Win32
		{19359BB1-D879-421B-B1BD-1D2510DBA864}.Debug|x86.Build.0 = Debug|Win32
		{19359BB1-D879-421B-B1BD-1D2510DBA864}.Release|x64.ActiveCfg = Release|x64
		{19359BB1-D879-421B-B1BD-1D2510DBA864}.Release|x64.Build.0 = Release|x64
		{19359BB1-D879-421B-B1BD-1D2510DBA864}.Release|x86.ActiveCfg = Release|Win32
		{19359BB1-D879-421B-B1BD-1D2510DBA864}.Release|x86.Build.0 = Release|Win32
		{47375681-8DC0-45B3-8D04-5A070E01B6AA}.Debug|x64.ActiveCfg = Debug|x64
		{47375681-8DC0-45B3-8D04-5A070E01B6AA}.Debug|x64.Build.0 = Debug|x64
		{47375681-8DC0-45B3-8D04-5A070E01B6AA}.Debug|x86.ActiveCfg = Debug|Win32
		{47375681-8DC0-45B3-8D04-5A070E01B6AA}.Debug|x86.Build.0 = Debug|Win32
		{47375681-8DC0-45B3-8D04-5A070E01B6AA}.Release|x64.ActiveCfg = Release|x64
		{47375681-8DC0-45B3-8D04-5A070E01B6AA}.Release|x64.Build.0 = Release|x64
		{47375681-8DC0-45B3-8D04-5A070E01B6AA}.Release|x86.ActiveCfg = Release|Win32
		{47375681-8DC0-45B3-8D04-5A070E01B6AA}.Release|x86.Build.0 = Release|Win32
		{06F52F25-74B8-4FB4-966E-C609804F9BC1}.Debug|x64.ActiveCfg = Debug|x64
		{06F52F25-74B8-4FB4-966E-C609804F9BC1}.Debug|x64.Build.0 = Debug|x64
		{06F52F25-74B8-4FB4-966E-C609804F9BC1}.Debug|x86.ActiveCfg = Debug|Win32
		{06F52F25-74B8-4FB4-966E-C609804F9BC1}.Debug|x86.Build.0 = Debug|Win32
		{06F52F25-74B8-4FB4-966E-C609804F9BC1}.Release|x64.ActiveCfg = Release|x64
		{06F52F25-74B8-4FB4-966E-C609804F9BC1}.Release|x64.Build.0 = Release|x64
		{06F52F25-74B8-4FB4-966E-C609804F9BC1}.Release|x86.ActiveCfg = Release|Win32
		{06F52F25-74B8-4FB4-966E-C609804F9BC1}.Release|x86.Build.0 = Release|Win32
		{03D9BD61-AFAE-4E89-85F7-0CA26256119D}.Debug|x64.ActiveCfg = Debug|x64
		{03D9BD61-AFAE-4E89-85F7-0CA26256119D}.Debug|x64.Build.0 = Debug|x64
		{03D9BD61-AFAE-4E89-85F7-0CA26256119D}.Debug|x86.ActiveCfg = Debug|Win32
		{03D9BD61-AFAE-4E89-85F7-0CA26256119D}.Debug|x86.Build.0 = Debug|Win32
		{03D9BD61-AFAE-4E89-85F7-0CA26256119D}.Release|x64.ActiveCfg = Release|x64
		{03D9BD61-AFAE-4E89-85F7-0CA26256119D}.Release|x64.Build.0 = Release|x64
		{03D9BD61-AFAE-4E89-85F7-0CA26256119D}.Release|x86.ActiveCfg = Release|Win32
		{03D9BD61-AFAE-4E89-85F7-0CA26256119D}.Release|x86.Build.0 = Release|Win32
		{C33288A0-76AD-4761-BA63-3BCDDDE9A110}.Debug|x64.ActiveCfg = Debug|x64
		{C33288A0-76AD-4761-BA63-3BCDDDE9A110}.Debug|x64.Build.0 = Debug|x64
		{C33288A0-76AD-4761-BA63-3BCDDDE9A110}.Debug|x86.ActiveCfg = Debug|Win32
		{C33288A0-76AD-4761-BA63-3BCDDDE9A110}.Debug|x86.Build.0 = Debug|Win32
		{C33288A0-76AD-4761-BA63-3BCDDDE9A110}.Release|x64.ActiveCfg = Release|x64
		{C33288A0-76AD-4761-BA63-3BCDDDE9A110}.Release|x64.Build.0 = Release|x64
		{C33288A0-76AD-4761-BA63-3BCDDDE9A110}.Release|x86.ActiveCfg = Release|Win32
		{C33288A0-76AD-4761-BA63-3BCDDDE9A110}.Release|x86.Build.0 = Release|Win32
	EndGlobalSection
	GlobalSection(SolutionProperties) = preSolution
		HideSolutionNode = FALSE
	EndGlobalSection
	GlobalSection(ExtensibilityGlobals) = postSolution
		SolutionGuid = {3F5D8AB5-C102-46B1-9FAA-55224CBF4DD5}
	EndGlobalSection
EndGlobal
