
Microsoft Visual Studio Solution File, Format Version 12.00
# Visual Studio Version 16
VisualStudioVersion = 16.0.30804.86
MinimumVisualStudioVersion = 10.0.40219.1
Project("{8BC9CEB8-8B4A-11D0-8D11-00A0C91BC942}") = "Bai189", "Bai189\Bai189.vcxproj", "{217146AF-6B8A-40C2-B294-28CB2E8384D3}"
EndProject
Project("{8BC9CEB8-8B4A-11D0-8D11-00A0C91BC942}") = "Bai190", "Bai190\Bai190.vcxproj", "{549EEB54-F98A-453C-8549-3626970525CD}"
EndProject
Project("{8BC9CEB8-8B4A-11D0-8D11-00A0C91BC942}") = "Bai191", "Bai191\Bai191.vcxproj", "{EA814F04-58E0-42FB-A989-FE76334D0A85}"
EndProject
Project("{8BC9CEB8-8B4A-11D0-8D11-00A0C91BC942}") = "Bai192", "Bai192\Bai192.vcxproj", "{8D6893C6-4451-4436-94CC-B4D96DC5CF29}"
EndProject
Project("{8BC9CEB8-8B4A-11D0-8D11-00A0C91BC942}") = "Bai193", "Bai193\Bai193.vcxproj", "{987C98AF-37C7-4BB7-9273-4F8D10FD3C17}"
EndProject
Project("{8BC9CEB8-8B4A-11D0-8D11-00A0C91BC942}") = "Bai194", "Bai194\Bai194.vcxproj", "{C902EF9D-2D88-4839-9662-6F2231152E64}"
EndProject
Project("{8BC9CEB8-8B4A-11D0-8D11-00A0C91BC942}") = "Bai195", "Bai195\Bai195.vcxproj", "{50785700-3BF0-40DC-B427-C89B7E4AC3D0}"
EndProject
Project("{8BC9CEB8-8B4A-11D0-8D11-00A0C91BC942}") = "Bai198", "Bai198\Bai198.vcxproj", "{54F86645-A649-4326-8085-8643E89EB2AA}"
EndProject
Project("{8BC9CEB8-8B4A-11D0-8D11-00A0C91BC942}") = "Bai199", "Bai199\Bai199.vcxproj", "{DF6532EE-BD8A-4ACE-94C3-3F47359219F0}"
EndProject
Project("{8BC9CEB8-8B4A-11D0-8D11-00A0C91BC942}") = "Bai200", "Bai200\Bai200.vcxproj", "{7D8F238E-6F1D-4711-A56B-14F89EB6EF06}"
EndProject
Project("{8BC9CEB8-8B4A-11D0-8D11-00A0C91BC942}") = "Bai201", "Bai201\Bai201.vcxproj", "{F9BC5CB7-7C3E-4851-AC57-00180287B4EA}"
EndProject
Project("{8BC9CEB8-8B4A-11D0-8D11-00A0C91BC942}") = "Bai202", "Bai202\Bai202.vcxproj", "{3D0EAB23-6F71-4B80-A459-68AFBE9D720B}"
EndProject
Project("{8BC9CEB8-8B4A-11D0-8D11-00A0C91BC942}") = "Bai203", "Bai203\Bai203.vcxproj", "{7FE0FAEF-7888-4ADF-887A-5D63AA1C03A4}"
EndProject
Project("{8BC9CEB8-8B4A-11D0-8D11-00A0C91BC942}") = "Bai204", "Bai204\Bai204.vcxproj", "{C3DE87D6-EC7E-4FEE-9C82-BC2C22FCC820}"
EndProject
Project("{8BC9CEB8-8B4A-11D0-8D11-00A0C91BC942}") = "Bai205", "Bai205\Bai205.vcxproj", "{00FACFCB-2F42-420B-BCBB-E76B08AA4B02}"
EndProject
Project("{8BC9CEB8-8B4A-11D0-8D11-00A0C91BC942}") = "Bai206", "Bai206\Bai206.vcxproj", "{E56180FA-7960-48A3-84F9-7052D3E8D14C}"
EndProject
Project("{8BC9CEB8-8B4A-11D0-8D11-00A0C91BC942}") = "Bai207", "Bai207\Bai207.vcxproj", "{63513814-E94D-498C-B26F-8E3C1D925F85}"
EndProject
Project("{8BC9CEB8-8B4A-11D0-8D11-00A0C91BC942}") = "Bai208", "Bai208\Bai208.vcxproj", "{ABFD8A0F-0D21-46EC-A1AF-B4737BDFE7D7}"
EndProject
Project("{8BC9CEB8-8B4A-11D0-8D11-00A0C91BC942}") = "Bai209", "Bai209\Bai209.vcxproj", "{12AF7596-5FCC-46A2-AD9C-79292502AFA2}"
EndProject
Project("{8BC9CEB8-8B4A-11D0-8D11-00A0C91BC942}") = "Bai210", "Bai210\Bai210.vcxproj", "{CCC8FB39-0571-4E3B-8785-21C25372CB71}"
EndProject
Project("{8BC9CEB8-8B4A-11D0-8D11-00A0C91BC942}") = "Bai211", "Bai211\Bai211.vcxproj", "{AECDC2A1-7474-4776-8113-524D82436404}"
EndProject
Project("{8BC9CEB8-8B4A-11D0-8D11-00A0C91BC942}") = "Bai212", "Bai212\Bai212.vcxproj", "{33B9F959-AE76-4D28-B6F5-4BF84B3F94C9}"
EndProject
Project("{8BC9CEB8-8B4A-11D0-8D11-00A0C91BC942}") = "Bai213", "Bai213\Bai213.vcxproj", "{6909461C-88C3-4F7E-9873-84BA715B7A59}"
EndProject
Project("{8BC9CEB8-8B4A-11D0-8D11-00A0C91BC942}") = "Bai214", "Bai214\Bai214.vcxproj", "{2898B7AB-CE3D-4E02-8B1D-FD69FD9E2F47}"
EndProject
Project("{8BC9CEB8-8B4A-11D0-8D11-00A0C91BC942}") = "Bai215", "Bai215\Bai215.vcxproj", "{EEB87F2D-891F-4935-A89C-1F74CF5759EA}"
EndProject
Project("{8BC9CEB8-8B4A-11D0-8D11-00A0C91BC942}") = "Bai216", "Bai216\Bai216.vcxproj", "{6123EB2E-271B-4F34-9AD0-2BFB72F2272B}"
EndProject
Project("{8BC9CEB8-8B4A-11D0-8D11-00A0C91BC942}") = "Bai217", "Bai217\Bai217.vcxproj", "{B5121E84-32CE-437C-80F6-1C85D2B75087}"
EndProject
Project("{8BC9CEB8-8B4A-11D0-8D11-00A0C91BC942}") = "Bai218", "Bai218\Bai218.vcxproj", "{FC396F7A-7E8C-4254-B472-FB01C3EE8967}"
EndProject
Project("{8BC9CEB8-8B4A-11D0-8D11-00A0C91BC942}") = "Bai219", "Bai219\Bai219.vcxproj", "{104B8FFE-9507-4FAC-9D05-F2CE35C8A697}"
EndProject
Project("{8BC9CEB8-8B4A-11D0-8D11-00A0C91BC942}") = "Bai222", "Bai222\Bai222.vcxproj", "{1D6BC6AF-3B77-4902-AF0F-065C1CDA8617}"
EndProject
Project("{8BC9CEB8-8B4A-11D0-8D11-00A0C91BC942}") = "Bai223", "Bai223\Bai223.vcxproj", "{A0FC1AC7-3D71-41D5-9998-52C7E4E75267}"
EndProject
Project("{8BC9CEB8-8B4A-11D0-8D11-00A0C91BC942}") = "Bai224", "Bai224\Bai224.vcxproj", "{55771702-EB28-443E-9CB2-1931128A45F9}"
EndProject
Project("{8BC9CEB8-8B4A-11D0-8D11-00A0C91BC942}") = "Bai225", "Bai225\Bai225.vcxproj", "{26286AA1-CF2B-4D37-B55B-429715061CC8}"
EndProject
Project("{8BC9CEB8-8B4A-11D0-8D11-00A0C91BC942}") = "Bai226", "Bai226\Bai226.vcxproj", "{1F16680C-FC62-4507-8EF2-7BF416AB3C56}"
EndProject
Project("{8BC9CEB8-8B4A-11D0-8D11-00A0C91BC942}") = "Bai227", "Bai227\Bai227.vcxproj", "{435701A3-FE7F-4F41-AD92-C522AED40F98}"
EndProject
Project("{8BC9CEB8-8B4A-11D0-8D11-00A0C91BC942}") = "Bai228", "Bai228\Bai228.vcxproj", "{EA149D01-93D1-42F8-9F0D-0FF6141D958C}"
EndProject
Project("{8BC9CEB8-8B4A-11D0-8D11-00A0C91BC942}") = "Bai229", "Bai229\Bai229.vcxproj", "{768ADBB8-48E1-4A1D-BA66-938DD32AED19}"
EndProject
Project("{8BC9CEB8-8B4A-11D0-8D11-00A0C91BC942}") = "Bai230", "Bai230\Bai230.vcxproj", "{2E9AA747-2C41-4485-872E-A8A5C416234B}"
EndProject
Project("{8BC9CEB8-8B4A-11D0-8D11-00A0C91BC942}") = "Bai231", "Bai231\Bai231.vcxproj", "{76F65276-FA31-4154-8777-B58DEDB1C624}"
EndProject
Project("{8BC9CEB8-8B4A-11D0-8D11-00A0C91BC942}") = "Bai232", "Bai232\Bai232.vcxproj", "{4A14FBD3-8E31-4CA6-9664-5B5612C3820C}"
EndProject
Project("{8BC9CEB8-8B4A-11D0-8D11-00A0C91BC942}") = "Bai233", "Bai233\Bai233.vcxproj", "{01B1BC06-AE6B-4E54-B3C1-1F7379FDECA8}"
EndProject
Project("{8BC9CEB8-8B4A-11D0-8D11-00A0C91BC942}") = "Bai234", "Bai234\Bai234.vcxproj", "{0CF66DED-E7FB-4B78-B8A1-B2AD0F963B62}"
EndProject
Project("{8BC9CEB8-8B4A-11D0-8D11-00A0C91BC942}") = "Bai235", "Bai235\Bai235.vcxproj", "{D0A9AAC7-8731-4F56-8274-A35BA9CC7C1C}"
EndProject
Project("{8BC9CEB8-8B4A-11D0-8D11-00A0C91BC942}") = "Bai236", "Bai236\Bai236.vcxproj", "{D55750DB-E559-4340-8E3D-7ABF1E194E73}"
EndProject
Project("{8BC9CEB8-8B4A-11D0-8D11-00A0C91BC942}") = "Bai237", "Bai237\Bai237.vcxproj", "{D74549DC-C1E2-4FCB-BA10-B38EA1EF8BE8}"
EndProject
Project("{8BC9CEB8-8B4A-11D0-8D11-00A0C91BC942}") = "Bai238", "Bai238\Bai238.vcxproj", "{2AEF3EA9-73DE-4029-AB50-452CB8DBB40D}"
EndProject
Project("{8BC9CEB8-8B4A-11D0-8D11-00A0C91BC942}") = "Bai239", "Bai239\Bai239.vcxproj", "{3515ED87-C75A-467D-BDE1-33FADE272ADF}"
EndProject
Project("{8BC9CEB8-8B4A-11D0-8D11-00A0C91BC942}") = "Bai240", "Bai240\Bai240.vcxproj", "{FEB0C926-8036-49A3-A45F-AB2C871E6C65}"
EndProject
Project("{8BC9CEB8-8B4A-11D0-8D11-00A0C91BC942}") = "Bai243", "Bai243\Bai243.vcxproj", "{71C2F29C-990C-40AF-AC85-2455660EB6D9}"
EndProject
Project("{8BC9CEB8-8B4A-11D0-8D11-00A0C91BC942}") = "Bai244", "Bai244\Bai244.vcxproj", "{091F6419-23F9-4D36-8863-4C117DA93A65}"
EndProject
Project("{8BC9CEB8-8B4A-11D0-8D11-00A0C91BC942}") = "Bai245", "Bai245\Bai245.vcxproj", "{32F7AFB6-21D6-4F79-A177-A35DDA283617}"
EndProject
Project("{8BC9CEB8-8B4A-11D0-8D11-00A0C91BC942}") = "Bai246", "Bai246\Bai246.vcxproj", "{6DDEB4E3-F28D-4B3A-BAF9-DB3C210421FF}"
EndProject
Project("{8BC9CEB8-8B4A-11D0-8D11-00A0C91BC942}") = "Bai247", "Bai247\Bai247.vcxproj", "{A568130D-8874-4326-9652-D3662E94EBF4}"
EndProject
Project("{8BC9CEB8-8B4A-11D0-8D11-00A0C91BC942}") = "Bai248", "Bai248\Bai248.vcxproj", "{21648AB2-8DBC-4090-B335-C0C4EACAE0AD}"
EndProject
Project("{8BC9CEB8-8B4A-11D0-8D11-00A0C91BC942}") = "Bai249", "Bai249\Bai249.vcxproj", "{7DB31397-6C01-4B34-BF77-EDE61A2FC941}"
EndProject
Project("{8BC9CEB8-8B4A-11D0-8D11-00A0C91BC942}") = "Bai250", "Bai250\Bai250.vcxproj", "{029CE052-3DEE-4E9F-8EE5-E1A6B89DA4F4}"
EndProject
Project("{8BC9CEB8-8B4A-11D0-8D11-00A0C91BC942}") = "Bai251", "Bai251\Bai251.vcxproj", "{89F8E0B4-B179-4497-8D9D-1D8106AC71C4}"
EndProject
Project("{8BC9CEB8-8B4A-11D0-8D11-00A0C91BC942}") = "Bai252", "Bai252\Bai252.vcxproj", "{F503508A-73C6-4858-8476-6D35DE97AF83}"
EndProject
Project("{8BC9CEB8-8B4A-11D0-8D11-00A0C91BC942}") = "Bai253", "Bai253\Bai253.vcxproj", "{D6B38AB5-8374-4C97-9A4C-D9D0E17BC05D}"
EndProject
Project("{8BC9CEB8-8B4A-11D0-8D11-00A0C91BC942}") = "Bai254", "Bai254\Bai254.vcxproj", "{BD96AFD6-8891-45A8-AD72-DE3C42C3CE3C}"
EndProject
Project("{8BC9CEB8-8B4A-11D0-8D11-00A0C91BC942}") = "Bai255", "Bai255\Bai255.vcxproj", "{07BFD9ED-9D52-40B1-ABC2-2C5AB4B38091}"
EndProject
Global
	GlobalSection(SolutionConfigurationPlatforms) = preSolution
		Debug|x64 = Debug|x64
		Debug|x86 = Debug|x86
		Release|x64 = Release|x64
		Release|x86 = Release|x86
	EndGlobalSection
	GlobalSection(ProjectConfigurationPlatforms) = postSolution
		{217146AF-6B8A-40C2-B294-28CB2E8384D3}.Debug|x64.ActiveCfg = Debug|x64
		{217146AF-6B8A-40C2-B294-28CB2E8384D3}.Debug|x64.Build.0 = Debug|x64
		{217146AF-6B8A-40C2-B294-28CB2E8384D3}.Debug|x86.ActiveCfg = Debug|Win32
		{217146AF-6B8A-40C2-B294-28CB2E8384D3}.Debug|x86.Build.0 = Debug|Win32
		{217146AF-6B8A-40C2-B294-28CB2E8384D3}.Release|x64.ActiveCfg = Release|x64
		{217146AF-6B8A-40C2-B294-28CB2E8384D3}.Release|x64.Build.0 = Release|x64
		{217146AF-6B8A-40C2-B294-28CB2E8384D3}.Release|x86.ActiveCfg = Release|Win32
		{217146AF-6B8A-40C2-B294-28CB2E8384D3}.Release|x86.Build.0 = Release|Win32
		{549EEB54-F98A-453C-8549-3626970525CD}.Debug|x64.ActiveCfg = Debug|x64
		{549EEB54-F98A-453C-8549-3626970525CD}.Debug|x64.Build.0 = Debug|x64
		{549EEB54-F98A-453C-8549-3626970525CD}.Debug|x86.ActiveCfg = Debug|Win32
		{549EEB54-F98A-453C-8549-3626970525CD}.Debug|x86.Build.0 = Debug|Win32
		{549EEB54-F98A-453C-8549-3626970525CD}.Release|x64.ActiveCfg = Release|x64
		{549EEB54-F98A-453C-8549-3626970525CD}.Release|x64.Build.0 = Release|x64
		{549EEB54-F98A-453C-8549-3626970525CD}.Release|x86.ActiveCfg = Release|Win32
		{549EEB54-F98A-453C-8549-3626970525CD}.Release|x86.Build.0 = Release|Win32
		{EA814F04-58E0-42FB-A989-FE76334D0A85}.Debug|x64.ActiveCfg = Debug|x64
		{EA814F04-58E0-42FB-A989-FE76334D0A85}.Debug|x64.Build.0 = Debug|x64
		{EA814F04-58E0-42FB-A989-FE76334D0A85}.Debug|x86.ActiveCfg = Debug|Win32
		{EA814F04-58E0-42FB-A989-FE76334D0A85}.Debug|x86.Build.0 = Debug|Win32
		{EA814F04-58E0-42FB-A989-FE76334D0A85}.Release|x64.ActiveCfg = Release|x64
		{EA814F04-58E0-42FB-A989-FE76334D0A85}.Release|x64.Build.0 = Release|x64
		{EA814F04-58E0-42FB-A989-FE76334D0A85}.Release|x86.ActiveCfg = Release|Win32
		{EA814F04-58E0-42FB-A989-FE76334D0A85}.Release|x86.Build.0 = Release|Win32
		{8D6893C6-4451-4436-94CC-B4D96DC5CF29}.Debug|x64.ActiveCfg = Debug|x64
		{8D6893C6-4451-4436-94CC-B4D96DC5CF29}.Debug|x64.Build.0 = Debug|x64
		{8D6893C6-4451-4436-94CC-B4D96DC5CF29}.Debug|x86.ActiveCfg = Debug|Win32
		{8D6893C6-4451-4436-94CC-B4D96DC5CF29}.Debug|x86.Build.0 = Debug|Win32
		{8D6893C6-4451-4436-94CC-B4D96DC5CF29}.Release|x64.ActiveCfg = Release|x64
		{8D6893C6-4451-4436-94CC-B4D96DC5CF29}.Release|x64.Build.0 = Release|x64
		{8D6893C6-4451-4436-94CC-B4D96DC5CF29}.Release|x86.ActiveCfg = Release|Win32
		{8D6893C6-4451-4436-94CC-B4D96DC5CF29}.Release|x86.Build.0 = Release|Win32
		{987C98AF-37C7-4BB7-9273-4F8D10FD3C17}.Debug|x64.ActiveCfg = Debug|x64
		{987C98AF-37C7-4BB7-9273-4F8D10FD3C17}.Debug|x64.Build.0 = Debug|x64
		{987C98AF-37C7-4BB7-9273-4F8D10FD3C17}.Debug|x86.ActiveCfg = Debug|Win32
		{987C98AF-37C7-4BB7-9273-4F8D10FD3C17}.Debug|x86.Build.0 = Debug|Win32
		{987C98AF-37C7-4BB7-9273-4F8D10FD3C17}.Release|x64.ActiveCfg = Release|x64
		{987C98AF-37C7-4BB7-9273-4F8D10FD3C17}.Release|x64.Build.0 = Release|x64
		{987C98AF-37C7-4BB7-9273-4F8D10FD3C17}.Release|x86.ActiveCfg = Release|Win32
		{987C98AF-37C7-4BB7-9273-4F8D10FD3C17}.Release|x86.Build.0 = Release|Win32
		{C902EF9D-2D88-4839-9662-6F2231152E64}.Debug|x64.ActiveCfg = Debug|x64
		{C902EF9D-2D88-4839-9662-6F2231152E64}.Debug|x64.Build.0 = Debug|x64
		{C902EF9D-2D88-4839-9662-6F2231152E64}.Debug|x86.ActiveCfg = Debug|Win32
		{C902EF9D-2D88-4839-9662-6F2231152E64}.Debug|x86.Build.0 = Debug|Win32
		{C902EF9D-2D88-4839-9662-6F2231152E64}.Release|x64.ActiveCfg = Release|x64
		{C902EF9D-2D88-4839-9662-6F2231152E64}.Release|x64.Build.0 = Release|x64
		{C902EF9D-2D88-4839-9662-6F2231152E64}.Release|x86.ActiveCfg = Release|Win32
		{C902EF9D-2D88-4839-9662-6F2231152E64}.Release|x86.Build.0 = Release|Win32
		{50785700-3BF0-40DC-B427-C89B7E4AC3D0}.Debug|x64.ActiveCfg = Debug|x64
		{50785700-3BF0-40DC-B427-C89B7E4AC3D0}.Debug|x64.Build.0 = Debug|x64
		{50785700-3BF0-40DC-B427-C89B7E4AC3D0}.Debug|x86.ActiveCfg = Debug|Win32
		{50785700-3BF0-40DC-B427-C89B7E4AC3D0}.Debug|x86.Build.0 = Debug|Win32
		{50785700-3BF0-40DC-B427-C89B7E4AC3D0}.Release|x64.ActiveCfg = Release|x64
		{50785700-3BF0-40DC-B427-C89B7E4AC3D0}.Release|x64.Build.0 = Release|x64
		{50785700-3BF0-40DC-B427-C89B7E4AC3D0}.Release|x86.ActiveCfg = Release|Win32
		{50785700-3BF0-40DC-B427-C89B7E4AC3D0}.Release|x86.Build.0 = Release|Win32
		{54F86645-A649-4326-8085-8643E89EB2AA}.Debug|x64.ActiveCfg = Debug|x64
		{54F86645-A649-4326-8085-8643E89EB2AA}.Debug|x64.Build.0 = Debug|x64
		{54F86645-A649-4326-8085-8643E89EB2AA}.Debug|x86.ActiveCfg = Debug|Win32
		{54F86645-A649-4326-8085-8643E89EB2AA}.Debug|x86.Build.0 = Debug|Win32
		{54F86645-A649-4326-8085-8643E89EB2AA}.Release|x64.ActiveCfg = Release|x64
		{54F86645-A649-4326-8085-8643E89EB2AA}.Release|x64.Build.0 = Release|x64
		{54F86645-A649-4326-8085-8643E89EB2AA}.Release|x86.ActiveCfg = Release|Win32
		{54F86645-A649-4326-8085-8643E89EB2AA}.Release|x86.Build.0 = Release|Win32
		{DF6532EE-BD8A-4ACE-94C3-3F47359219F0}.Debug|x64.ActiveCfg = Debug|x64
		{DF6532EE-BD8A-4ACE-94C3-3F47359219F0}.Debug|x64.Build.0 = Debug|x64
		{DF6532EE-BD8A-4ACE-94C3-3F47359219F0}.Debug|x86.ActiveCfg = Debug|Win32
		{DF6532EE-BD8A-4ACE-94C3-3F47359219F0}.Debug|x86.Build.0 = Debug|Win32
		{DF6532EE-BD8A-4ACE-94C3-3F47359219F0}.Release|x64.ActiveCfg = Release|x64
		{DF6532EE-BD8A-4ACE-94C3-3F47359219F0}.Release|x64.Build.0 = Release|x64
		{DF6532EE-BD8A-4ACE-94C3-3F47359219F0}.Release|x86.ActiveCfg = Release|Win32
		{DF6532EE-BD8A-4ACE-94C3-3F47359219F0}.Release|x86.Build.0 = Release|Win32
		{7D8F238E-6F1D-4711-A56B-14F89EB6EF06}.Debug|x64.ActiveCfg = Debug|x64
		{7D8F238E-6F1D-4711-A56B-14F89EB6EF06}.Debug|x64.Build.0 = Debug|x64
		{7D8F238E-6F1D-4711-A56B-14F89EB6EF06}.Debug|x86.ActiveCfg = Debug|Win32
		{7D8F238E-6F1D-4711-A56B-14F89EB6EF06}.Debug|x86.Build.0 = Debug|Win32
		{7D8F238E-6F1D-4711-A56B-14F89EB6EF06}.Release|x64.ActiveCfg = Release|x64
		{7D8F238E-6F1D-4711-A56B-14F89EB6EF06}.Release|x64.Build.0 = Release|x64
		{7D8F238E-6F1D-4711-A56B-14F89EB6EF06}.Release|x86.ActiveCfg = Release|Win32
		{7D8F238E-6F1D-4711-A56B-14F89EB6EF06}.Release|x86.Build.0 = Release|Win32
		{F9BC5CB7-7C3E-4851-AC57-00180287B4EA}.Debug|x64.ActiveCfg = Debug|x64
		{F9BC5CB7-7C3E-4851-AC57-00180287B4EA}.Debug|x64.Build.0 = Debug|x64
		{F9BC5CB7-7C3E-4851-AC57-00180287B4EA}.Debug|x86.ActiveCfg = Debug|Win32
		{F9BC5CB7-7C3E-4851-AC57-00180287B4EA}.Debug|x86.Build.0 = Debug|Win32
		{F9BC5CB7-7C3E-4851-AC57-00180287B4EA}.Release|x64.ActiveCfg = Release|x64
		{F9BC5CB7-7C3E-4851-AC57-00180287B4EA}.Release|x64.Build.0 = Release|x64
		{F9BC5CB7-7C3E-4851-AC57-00180287B4EA}.Release|x86.ActiveCfg = Release|Win32
		{F9BC5CB7-7C3E-4851-AC57-00180287B4EA}.Release|x86.Build.0 = Release|Win32
		{3D0EAB23-6F71-4B80-A459-68AFBE9D720B}.Debug|x64.ActiveCfg = Debug|x64
		{3D0EAB23-6F71-4B80-A459-68AFBE9D720B}.Debug|x64.Build.0 = Debug|x64
		{3D0EAB23-6F71-4B80-A459-68AFBE9D720B}.Debug|x86.ActiveCfg = Debug|Win32
		{3D0EAB23-6F71-4B80-A459-68AFBE9D720B}.Debug|x86.Build.0 = Debug|Win32
		{3D0EAB23-6F71-4B80-A459-68AFBE9D720B}.Release|x64.ActiveCfg = Release|x64
		{3D0EAB23-6F71-4B80-A459-68AFBE9D720B}.Release|x64.Build.0 = Release|x64
		{3D0EAB23-6F71-4B80-A459-68AFBE9D720B}.Release|x86.ActiveCfg = Release|Win32
		{3D0EAB23-6F71-4B80-A459-68AFBE9D720B}.Release|x86.Build.0 = Release|Win32
		{7FE0FAEF-7888-4ADF-887A-5D63AA1C03A4}.Debug|x64.ActiveCfg = Debug|x64
		{7FE0FAEF-7888-4ADF-887A-5D63AA1C03A4}.Debug|x64.Build.0 = Debug|x64
		{7FE0FAEF-7888-4ADF-887A-5D63AA1C03A4}.Debug|x86.ActiveCfg = Debug|Win32
		{7FE0FAEF-7888-4ADF-887A-5D63AA1C03A4}.Debug|x86.Build.0 = Debug|Win32
		{7FE0FAEF-7888-4ADF-887A-5D63AA1C03A4}.Release|x64.ActiveCfg = Release|x64
		{7FE0FAEF-7888-4ADF-887A-5D63AA1C03A4}.Release|x64.Build.0 = Release|x64
		{7FE0FAEF-7888-4ADF-887A-5D63AA1C03A4}.Release|x86.ActiveCfg = Release|Win32
		{7FE0FAEF-7888-4ADF-887A-5D63AA1C03A4}.Release|x86.Build.0 = Release|Win32
		{C3DE87D6-EC7E-4FEE-9C82-BC2C22FCC820}.Debug|x64.ActiveCfg = Debug|x64
		{C3DE87D6-EC7E-4FEE-9C82-BC2C22FCC820}.Debug|x64.Build.0 = Debug|x64
		{C3DE87D6-EC7E-4FEE-9C82-BC2C22FCC820}.Debug|x86.ActiveCfg = Debug|Win32
		{C3DE87D6-EC7E-4FEE-9C82-BC2C22FCC820}.Debug|x86.Build.0 = Debug|Win32
		{C3DE87D6-EC7E-4FEE-9C82-BC2C22FCC820}.Release|x64.ActiveCfg = Release|x64
		{C3DE87D6-EC7E-4FEE-9C82-BC2C22FCC820}.Release|x64.Build.0 = Release|x64
		{C3DE87D6-EC7E-4FEE-9C82-BC2C22FCC820}.Release|x86.ActiveCfg = Release|Win32
		{C3DE87D6-EC7E-4FEE-9C82-BC2C22FCC820}.Release|x86.Build.0 = Release|Win32
		{00FACFCB-2F42-420B-BCBB-E76B08AA4B02}.Debug|x64.ActiveCfg = Debug|x64
		{00FACFCB-2F42-420B-BCBB-E76B08AA4B02}.Debug|x64.Build.0 = Debug|x64
		{00FACFCB-2F42-420B-BCBB-E76B08AA4B02}.Debug|x86.ActiveCfg = Debug|Win32
		{00FACFCB-2F42-420B-BCBB-E76B08AA4B02}.Debug|x86.Build.0 = Debug|Win32
		{00FACFCB-2F42-420B-BCBB-E76B08AA4B02}.Release|x64.ActiveCfg = Release|x64
		{00FACFCB-2F42-420B-BCBB-E76B08AA4B02}.Release|x64.Build.0 = Release|x64
		{00FACFCB-2F42-420B-BCBB-E76B08AA4B02}.Release|x86.ActiveCfg = Release|Win32
		{00FACFCB-2F42-420B-BCBB-E76B08AA4B02}.Release|x86.Build.0 = Release|Win32
		{E56180FA-7960-48A3-84F9-7052D3E8D14C}.Debug|x64.ActiveCfg = Debug|x64
		{E56180FA-7960-48A3-84F9-7052D3E8D14C}.Debug|x64.Build.0 = Debug|x64
		{E56180FA-7960-48A3-84F9-7052D3E8D14C}.Debug|x86.ActiveCfg = Debug|Win32
		{E56180FA-7960-48A3-84F9-7052D3E8D14C}.Debug|x86.Build.0 = Debug|Win32
		{E56180FA-7960-48A3-84F9-7052D3E8D14C}.Release|x64.ActiveCfg = Release|x64
		{E56180FA-7960-48A3-84F9-7052D3E8D14C}.Release|x64.Build.0 = Release|x64
		{E56180FA-7960-48A3-84F9-7052D3E8D14C}.Release|x86.ActiveCfg = Release|Win32
		{E56180FA-7960-48A3-84F9-7052D3E8D14C}.Release|x86.Build.0 = Release|Win32
		{63513814-E94D-498C-B26F-8E3C1D925F85}.Debug|x64.ActiveCfg = Debug|x64
		{63513814-E94D-498C-B26F-8E3C1D925F85}.Debug|x64.Build.0 = Debug|x64
		{63513814-E94D-498C-B26F-8E3C1D925F85}.Debug|x86.ActiveCfg = Debug|Win32
		{63513814-E94D-498C-B26F-8E3C1D925F85}.Debug|x86.Build.0 = Debug|Win32
		{63513814-E94D-498C-B26F-8E3C1D925F85}.Release|x64.ActiveCfg = Release|x64
		{63513814-E94D-498C-B26F-8E3C1D925F85}.Release|x64.Build.0 = Release|x64
		{63513814-E94D-498C-B26F-8E3C1D925F85}.Release|x86.ActiveCfg = Release|Win32
		{63513814-E94D-498C-B26F-8E3C1D925F85}.Release|x86.Build.0 = Release|Win32
		{ABFD8A0F-0D21-46EC-A1AF-B4737BDFE7D7}.Debug|x64.ActiveCfg = Debug|x64
		{ABFD8A0F-0D21-46EC-A1AF-B4737BDFE7D7}.Debug|x64.Build.0 = Debug|x64
		{ABFD8A0F-0D21-46EC-A1AF-B4737BDFE7D7}.Debug|x86.ActiveCfg = Debug|Win32
		{ABFD8A0F-0D21-46EC-A1AF-B4737BDFE7D7}.Debug|x86.Build.0 = Debug|Win32
		{ABFD8A0F-0D21-46EC-A1AF-B4737BDFE7D7}.Release|x64.ActiveCfg = Release|x64
		{ABFD8A0F-0D21-46EC-A1AF-B4737BDFE7D7}.Release|x64.Build.0 = Release|x64
		{ABFD8A0F-0D21-46EC-A1AF-B4737BDFE7D7}.Release|x86.ActiveCfg = Release|Win32
		{ABFD8A0F-0D21-46EC-A1AF-B4737BDFE7D7}.Release|x86.Build.0 = Release|Win32
		{12AF7596-5FCC-46A2-AD9C-79292502AFA2}.Debug|x64.ActiveCfg = Debug|x64
		{12AF7596-5FCC-46A2-AD9C-79292502AFA2}.Debug|x64.Build.0 = Debug|x64
		{12AF7596-5FCC-46A2-AD9C-79292502AFA2}.Debug|x86.ActiveCfg = Debug|Win32
		{12AF7596-5FCC-46A2-AD9C-79292502AFA2}.Debug|x86.Build.0 = Debug|Win32
		{12AF7596-5FCC-46A2-AD9C-79292502AFA2}.Release|x64.ActiveCfg = Release|x64
		{12AF7596-5FCC-46A2-AD9C-79292502AFA2}.Release|x64.Build.0 = Release|x64
		{12AF7596-5FCC-46A2-AD9C-79292502AFA2}.Release|x86.ActiveCfg = Release|Win32
		{12AF7596-5FCC-46A2-AD9C-79292502AFA2}.Release|x86.Build.0 = Release|Win32
		{CCC8FB39-0571-4E3B-8785-21C25372CB71}.Debug|x64.ActiveCfg = Debug|x64
		{CCC8FB39-0571-4E3B-8785-21C25372CB71}.Debug|x64.Build.0 = Debug|x64
		{CCC8FB39-0571-4E3B-8785-21C25372CB71}.Debug|x86.ActiveCfg = Debug|Win32
		{CCC8FB39-0571-4E3B-8785-21C25372CB71}.Debug|x86.Build.0 = Debug|Win32
		{CCC8FB39-0571-4E3B-8785-21C25372CB71}.Release|x64.ActiveCfg = Release|x64
		{CCC8FB39-0571-4E3B-8785-21C25372CB71}.Release|x64.Build.0 = Release|x64
		{CCC8FB39-0571-4E3B-8785-21C25372CB71}.Release|x86.ActiveCfg = Release|Win32
		{CCC8FB39-0571-4E3B-8785-21C25372CB71}.Release|x86.Build.0 = Release|Win32
		{AECDC2A1-7474-4776-8113-524D82436404}.Debug|x64.ActiveCfg = Debug|x64
		{AECDC2A1-7474-4776-8113-524D82436404}.Debug|x64.Build.0 = Debug|x64
		{AECDC2A1-7474-4776-8113-524D82436404}.Debug|x86.ActiveCfg = Debug|Win32
		{AECDC2A1-7474-4776-8113-524D82436404}.Debug|x86.Build.0 = Debug|Win32
		{AECDC2A1-7474-4776-8113-524D82436404}.Release|x64.ActiveCfg = Release|x64
		{AECDC2A1-7474-4776-8113-524D82436404}.Release|x64.Build.0 = Release|x64
		{AECDC2A1-7474-4776-8113-524D82436404}.Release|x86.ActiveCfg = Release|Win32
		{AECDC2A1-7474-4776-8113-524D82436404}.Release|x86.Build.0 = Release|Win32
		{33B9F959-AE76-4D28-B6F5-4BF84B3F94C9}.Debug|x64.ActiveCfg = Debug|x64
		{33B9F959-AE76-4D28-B6F5-4BF84B3F94C9}.Debug|x64.Build.0 = Debug|x64
		{33B9F959-AE76-4D28-B6F5-4BF84B3F94C9}.Debug|x86.ActiveCfg = Debug|Win32
		{33B9F959-AE76-4D28-B6F5-4BF84B3F94C9}.Debug|x86.Build.0 = Debug|Win32
		{33B9F959-AE76-4D28-B6F5-4BF84B3F94C9}.Release|x64.ActiveCfg = Release|x64
		{33B9F959-AE76-4D28-B6F5-4BF84B3F94C9}.Release|x64.Build.0 = Release|x64
		{33B9F959-AE76-4D28-B6F5-4BF84B3F94C9}.Release|x86.ActiveCfg = Release|Win32
		{33B9F959-AE76-4D28-B6F5-4BF84B3F94C9}.Release|x86.Build.0 = Release|Win32
		{6909461C-88C3-4F7E-9873-84BA715B7A59}.Debug|x64.ActiveCfg = Debug|x64
		{6909461C-88C3-4F7E-9873-84BA715B7A59}.Debug|x64.Build.0 = Debug|x64
		{6909461C-88C3-4F7E-9873-84BA715B7A59}.Debug|x86.ActiveCfg = Debug|Win32
		{6909461C-88C3-4F7E-9873-84BA715B7A59}.Debug|x86.Build.0 = Debug|Win32
		{6909461C-88C3-4F7E-9873-84BA715B7A59}.Release|x64.ActiveCfg = Release|x64
		{6909461C-88C3-4F7E-9873-84BA715B7A59}.Release|x64.Build.0 = Release|x64
		{6909461C-88C3-4F7E-9873-84BA715B7A59}.Release|x86.ActiveCfg = Release|Win32
		{6909461C-88C3-4F7E-9873-84BA715B7A59}.Release|x86.Build.0 = Release|Win32
		{2898B7AB-CE3D-4E02-8B1D-FD69FD9E2F47}.Debug|x64.ActiveCfg = Debug|x64
		{2898B7AB-CE3D-4E02-8B1D-FD69FD9E2F47}.Debug|x64.Build.0 = Debug|x64
		{2898B7AB-CE3D-4E02-8B1D-FD69FD9E2F47}.Debug|x86.ActiveCfg = Debug|Win32
		{2898B7AB-CE3D-4E02-8B1D-FD69FD9E2F47}.Debug|x86.Build.0 = Debug|Win32
		{2898B7AB-CE3D-4E02-8B1D-FD69FD9E2F47}.Release|x64.ActiveCfg = Release|x64
		{2898B7AB-CE3D-4E02-8B1D-FD69FD9E2F47}.Release|x64.Build.0 = Release|x64
		{2898B7AB-CE3D-4E02-8B1D-FD69FD9E2F47}.Release|x86.ActiveCfg = Release|Win32
		{2898B7AB-CE3D-4E02-8B1D-FD69FD9E2F47}.Release|x86.Build.0 = Release|Win32
		{EEB87F2D-891F-4935-A89C-1F74CF5759EA}.Debug|x64.ActiveCfg = Debug|x64
		{EEB87F2D-891F-4935-A89C-1F74CF5759EA}.Debug|x64.Build.0 = Debug|x64
		{EEB87F2D-891F-4935-A89C-1F74CF5759EA}.Debug|x86.ActiveCfg = Debug|Win32
		{EEB87F2D-891F-4935-A89C-1F74CF5759EA}.Debug|x86.Build.0 = Debug|Win32
		{EEB87F2D-891F-4935-A89C-1F74CF5759EA}.Release|x64.ActiveCfg = Release|x64
		{EEB87F2D-891F-4935-A89C-1F74CF5759EA}.Release|x64.Build.0 = Release|x64
		{EEB87F2D-891F-4935-A89C-1F74CF5759EA}.Release|x86.ActiveCfg = Release|Win32
		{EEB87F2D-891F-4935-A89C-1F74CF5759EA}.Release|x86.Build.0 = Release|Win32
		{6123EB2E-271B-4F34-9AD0-2BFB72F2272B}.Debug|x64.ActiveCfg = Debug|x64
		{6123EB2E-271B-4F34-9AD0-2BFB72F2272B}.Debug|x64.Build.0 = Debug|x64
		{6123EB2E-271B-4F34-9AD0-2BFB72F2272B}.Debug|x86.ActiveCfg = Debug|Win32
		{6123EB2E-271B-4F34-9AD0-2BFB72F2272B}.Debug|x86.Build.0 = Debug|Win32
		{6123EB2E-271B-4F34-9AD0-2BFB72F2272B}.Release|x64.ActiveCfg = Release|x64
		{6123EB2E-271B-4F34-9AD0-2BFB72F2272B}.Release|x64.Build.0 = Release|x64
		{6123EB2E-271B-4F34-9AD0-2BFB72F2272B}.Release|x86.ActiveCfg = Release|Win32
		{6123EB2E-271B-4F34-9AD0-2BFB72F2272B}.Release|x86.Build.0 = Release|Win32
		{B5121E84-32CE-437C-80F6-1C85D2B75087}.Debug|x64.ActiveCfg = Debug|x64
		{B5121E84-32CE-437C-80F6-1C85D2B75087}.Debug|x64.Build.0 = Debug|x64
		{B5121E84-32CE-437C-80F6-1C85D2B75087}.Debug|x86.ActiveCfg = Debug|Win32
		{B5121E84-32CE-437C-80F6-1C85D2B75087}.Debug|x86.Build.0 = Debug|Win32
		{B5121E84-32CE-437C-80F6-1C85D2B75087}.Release|x64.ActiveCfg = Release|x64
		{B5121E84-32CE-437C-80F6-1C85D2B75087}.Release|x64.Build.0 = Release|x64
		{B5121E84-32CE-437C-80F6-1C85D2B75087}.Release|x86.ActiveCfg = Release|Win32
		{B5121E84-32CE-437C-80F6-1C85D2B75087}.Release|x86.Build.0 = Release|Win32
		{FC396F7A-7E8C-4254-B472-FB01C3EE8967}.Debug|x64.ActiveCfg = Debug|x64
		{FC396F7A-7E8C-4254-B472-FB01C3EE8967}.Debug|x64.Build.0 = Debug|x64
		{FC396F7A-7E8C-4254-B472-FB01C3EE8967}.Debug|x86.ActiveCfg = Debug|Win32
		{FC396F7A-7E8C-4254-B472-FB01C3EE8967}.Debug|x86.Build.0 = Debug|Win32
		{FC396F7A-7E8C-4254-B472-FB01C3EE8967}.Release|x64.ActiveCfg = Release|x64
		{FC396F7A-7E8C-4254-B472-FB01C3EE8967}.Release|x64.Build.0 = Release|x64
		{FC396F7A-7E8C-4254-B472-FB01C3EE8967}.Release|x86.ActiveCfg = Release|Win32
		{FC396F7A-7E8C-4254-B472-FB01C3EE8967}.Release|x86.Build.0 = Release|Win32
		{104B8FFE-9507-4FAC-9D05-F2CE35C8A697}.Debug|x64.ActiveCfg = Debug|x64
		{104B8FFE-9507-4FAC-9D05-F2CE35C8A697}.Debug|x64.Build.0 = Debug|x64
		{104B8FFE-9507-4FAC-9D05-F2CE35C8A697}.Debug|x86.ActiveCfg = Debug|Win32
		{104B8FFE-9507-4FAC-9D05-F2CE35C8A697}.Debug|x86.Build.0 = Debug|Win32
		{104B8FFE-9507-4FAC-9D05-F2CE35C8A697}.Release|x64.ActiveCfg = Release|x64
		{104B8FFE-9507-4FAC-9D05-F2CE35C8A697}.Release|x64.Build.0 = Release|x64
		{104B8FFE-9507-4FAC-9D05-F2CE35C8A697}.Release|x86.ActiveCfg = Release|Win32
		{104B8FFE-9507-4FAC-9D05-F2CE35C8A697}.Release|x86.Build.0 = Release|Win32
		{1D6BC6AF-3B77-4902-AF0F-065C1CDA8617}.Debug|x64.ActiveCfg = Debug|x64
		{1D6BC6AF-3B77-4902-AF0F-065C1CDA8617}.Debug|x64.Build.0 = Debug|x64
		{1D6BC6AF-3B77-4902-AF0F-065C1CDA8617}.Debug|x86.ActiveCfg = Debug|Win32
		{1D6BC6AF-3B77-4902-AF0F-065C1CDA8617}.Debug|x86.Build.0 = Debug|Win32
		{1D6BC6AF-3B77-4902-AF0F-065C1CDA8617}.Release|x64.ActiveCfg = Release|x64
		{1D6BC6AF-3B77-4902-AF0F-065C1CDA8617}.Release|x64.Build.0 = Release|x64
		{1D6BC6AF-3B77-4902-AF0F-065C1CDA8617}.Release|x86.ActiveCfg = Release|Win32
		{1D6BC6AF-3B77-4902-AF0F-065C1CDA8617}.Release|x86.Build.0 = Release|Win32
		{A0FC1AC7-3D71-41D5-9998-52C7E4E75267}.Debug|x64.ActiveCfg = Debug|x64
		{A0FC1AC7-3D71-41D5-9998-52C7E4E75267}.Debug|x64.Build.0 = Debug|x64
		{A0FC1AC7-3D71-41D5-9998-52C7E4E75267}.Debug|x86.ActiveCfg = Debug|Win32
		{A0FC1AC7-3D71-41D5-9998-52C7E4E75267}.Debug|x86.Build.0 = Debug|Win32
		{A0FC1AC7-3D71-41D5-9998-52C7E4E75267}.Release|x64.ActiveCfg = Release|x64
		{A0FC1AC7-3D71-41D5-9998-52C7E4E75267}.Release|x64.Build.0 = Release|x64
		{A0FC1AC7-3D71-41D5-9998-52C7E4E75267}.Release|x86.ActiveCfg = Release|Win32
		{A0FC1AC7-3D71-41D5-9998-52C7E4E75267}.Release|x86.Build.0 = Release|Win32
		{55771702-EB28-443E-9CB2-1931128A45F9}.Debug|x64.ActiveCfg = Debug|x64
		{55771702-EB28-443E-9CB2-1931128A45F9}.Debug|x64.Build.0 = Debug|x64
		{55771702-EB28-443E-9CB2-1931128A45F9}.Debug|x86.ActiveCfg = Debug|Win32
		{55771702-EB28-443E-9CB2-1931128A45F9}.Debug|x86.Build.0 = Debug|Win32
		{55771702-EB28-443E-9CB2-1931128A45F9}.Release|x64.ActiveCfg = Release|x64
		{55771702-EB28-443E-9CB2-1931128A45F9}.Release|x64.Build.0 = Release|x64
		{55771702-EB28-443E-9CB2-1931128A45F9}.Release|x86.ActiveCfg = Release|Win32
		{55771702-EB28-443E-9CB2-1931128A45F9}.Release|x86.Build.0 = Release|Win32
		{26286AA1-CF2B-4D37-B55B-429715061CC8}.Debug|x64.ActiveCfg = Debug|x64
		{26286AA1-CF2B-4D37-B55B-429715061CC8}.Debug|x64.Build.0 = Debug|x64
		{26286AA1-CF2B-4D37-B55B-429715061CC8}.Debug|x86.ActiveCfg = Debug|Win32
		{26286AA1-CF2B-4D37-B55B-429715061CC8}.Debug|x86.Build.0 = Debug|Win32
		{26286AA1-CF2B-4D37-B55B-429715061CC8}.Release|x64.ActiveCfg = Release|x64
		{26286AA1-CF2B-4D37-B55B-429715061CC8}.Release|x64.Build.0 = Release|x64
		{26286AA1-CF2B-4D37-B55B-429715061CC8}.Release|x86.ActiveCfg = Release|Win32
		{26286AA1-CF2B-4D37-B55B-429715061CC8}.Release|x86.Build.0 = Release|Win32
		{1F16680C-FC62-4507-8EF2-7BF416AB3C56}.Debug|x64.ActiveCfg = Debug|x64
		{1F16680C-FC62-4507-8EF2-7BF416AB3C56}.Debug|x64.Build.0 = Debug|x64
		{1F16680C-FC62-4507-8EF2-7BF416AB3C56}.Debug|x86.ActiveCfg = Debug|Win32
		{1F16680C-FC62-4507-8EF2-7BF416AB3C56}.Debug|x86.Build.0 = Debug|Win32
		{1F16680C-FC62-4507-8EF2-7BF416AB3C56}.Release|x64.ActiveCfg = Release|x64
		{1F16680C-FC62-4507-8EF2-7BF416AB3C56}.Release|x64.Build.0 = Release|x64
		{1F16680C-FC62-4507-8EF2-7BF416AB3C56}.Release|x86.ActiveCfg = Release|Win32
		{1F16680C-FC62-4507-8EF2-7BF416AB3C56}.Release|x86.Build.0 = Release|Win32
		{435701A3-FE7F-4F41-AD92-C522AED40F98}.Debug|x64.ActiveCfg = Debug|x64
		{435701A3-FE7F-4F41-AD92-C522AED40F98}.Debug|x64.Build.0 = Debug|x64
		{435701A3-FE7F-4F41-AD92-C522AED40F98}.Debug|x86.ActiveCfg = Debug|Win32
		{435701A3-FE7F-4F41-AD92-C522AED40F98}.Debug|x86.Build.0 = Debug|Win32
		{435701A3-FE7F-4F41-AD92-C522AED40F98}.Release|x64.ActiveCfg = Release|x64
		{435701A3-FE7F-4F41-AD92-C522AED40F98}.Release|x64.Build.0 = Release|x64
		{435701A3-FE7F-4F41-AD92-C522AED40F98}.Release|x86.ActiveCfg = Release|Win32
		{435701A3-FE7F-4F41-AD92-C522AED40F98}.Release|x86.Build.0 = Release|Win32
		{EA149D01-93D1-42F8-9F0D-0FF6141D958C}.Debug|x64.ActiveCfg = Debug|x64
		{EA149D01-93D1-42F8-9F0D-0FF6141D958C}.Debug|x64.Build.0 = Debug|x64
		{EA149D01-93D1-42F8-9F0D-0FF6141D958C}.Debug|x86.ActiveCfg = Debug|Win32
		{EA149D01-93D1-42F8-9F0D-0FF6141D958C}.Debug|x86.Build.0 = Debug|Win32
		{EA149D01-93D1-42F8-9F0D-0FF6141D958C}.Release|x64.ActiveCfg = Release|x64
		{EA149D01-93D1-42F8-9F0D-0FF6141D958C}.Release|x64.Build.0 = Release|x64
		{EA149D01-93D1-42F8-9F0D-0FF6141D958C}.Release|x86.ActiveCfg = Release|Win32
		{EA149D01-93D1-42F8-9F0D-0FF6141D958C}.Release|x86.Build.0 = Release|Win32
		{768ADBB8-48E1-4A1D-BA66-938DD32AED19}.Debug|x64.ActiveCfg = Debug|x64
		{768ADBB8-48E1-4A1D-BA66-938DD32AED19}.Debug|x64.Build.0 = Debug|x64
		{768ADBB8-48E1-4A1D-BA66-938DD32AED19}.Debug|x86.ActiveCfg = Debug|Win32
		{768ADBB8-48E1-4A1D-BA66-938DD32AED19}.Debug|x86.Build.0 = Debug|Win32
		{768ADBB8-48E1-4A1D-BA66-938DD32AED19}.Release|x64.ActiveCfg = Release|x64
		{768ADBB8-48E1-4A1D-BA66-938DD32AED19}.Release|x64.Build.0 = Release|x64
		{768ADBB8-48E1-4A1D-BA66-938DD32AED19}.Release|x86.ActiveCfg = Release|Win32
		{768ADBB8-48E1-4A1D-BA66-938DD32AED19}.Release|x86.Build.0 = Release|Win32
		{2E9AA747-2C41-4485-872E-A8A5C416234B}.Debug|x64.ActiveCfg = Debug|x64
		{2E9AA747-2C41-4485-872E-A8A5C416234B}.Debug|x64.Build.0 = Debug|x64
		{2E9AA747-2C41-4485-872E-A8A5C416234B}.Debug|x86.ActiveCfg = Debug|Win32
		{2E9AA747-2C41-4485-872E-A8A5C416234B}.Debug|x86.Build.0 = Debug|Win32
		{2E9AA747-2C41-4485-872E-A8A5C416234B}.Release|x64.ActiveCfg = Release|x64
		{2E9AA747-2C41-4485-872E-A8A5C416234B}.Release|x64.Build.0 = Release|x64
		{2E9AA747-2C41-4485-872E-A8A5C416234B}.Release|x86.ActiveCfg = Release|Win32
		{2E9AA747-2C41-4485-872E-A8A5C416234B}.Release|x86.Build.0 = Release|Win32
		{76F65276-FA31-4154-8777-B58DEDB1C624}.Debug|x64.ActiveCfg = Debug|x64
		{76F65276-FA31-4154-8777-B58DEDB1C624}.Debug|x64.Build.0 = Debug|x64
		{76F65276-FA31-4154-8777-B58DEDB1C624}.Debug|x86.ActiveCfg = Debug|Win32
		{76F65276-FA31-4154-8777-B58DEDB1C624}.Debug|x86.Build.0 = Debug|Win32
		{76F65276-FA31-4154-8777-B58DEDB1C624}.Release|x64.ActiveCfg = Release|x64
		{76F65276-FA31-4154-8777-B58DEDB1C624}.Release|x64.Build.0 = Release|x64
		{76F65276-FA31-4154-8777-B58DEDB1C624}.Release|x86.ActiveCfg = Release|Win32
		{76F65276-FA31-4154-8777-B58DEDB1C624}.Release|x86.Build.0 = Release|Win32
		{4A14FBD3-8E31-4CA6-9664-5B5612C3820C}.Debug|x64.ActiveCfg = Debug|x64
		{4A14FBD3-8E31-4CA6-9664-5B5612C3820C}.Debug|x64.Build.0 = Debug|x64
		{4A14FBD3-8E31-4CA6-9664-5B5612C3820C}.Debug|x86.ActiveCfg = Debug|Win32
		{4A14FBD3-8E31-4CA6-9664-5B5612C3820C}.Debug|x86.Build.0 = Debug|Win32
		{4A14FBD3-8E31-4CA6-9664-5B5612C3820C}.Release|x64.ActiveCfg = Release|x64
		{4A14FBD3-8E31-4CA6-9664-5B5612C3820C}.Release|x64.Build.0 = Release|x64
		{4A14FBD3-8E31-4CA6-9664-5B5612C3820C}.Release|x86.ActiveCfg = Release|Win32
		{4A14FBD3-8E31-4CA6-9664-5B5612C3820C}.Release|x86.Build.0 = Release|Win32
		{01B1BC06-AE6B-4E54-B3C1-1F7379FDECA8}.Debug|x64.ActiveCfg = Debug|x64
		{01B1BC06-AE6B-4E54-B3C1-1F7379FDECA8}.Debug|x64.Build.0 = Debug|x64
		{01B1BC06-AE6B-4E54-B3C1-1F7379FDECA8}.Debug|x86.ActiveCfg = Debug|Win32
		{01B1BC06-AE6B-4E54-B3C1-1F7379FDECA8}.Debug|x86.Build.0 = Debug|Win32
		{01B1BC06-AE6B-4E54-B3C1-1F7379FDECA8}.Release|x64.ActiveCfg = Release|x64
		{01B1BC06-AE6B-4E54-B3C1-1F7379FDECA8}.Release|x64.Build.0 = Release|x64
		{01B1BC06-AE6B-4E54-B3C1-1F7379FDECA8}.Release|x86.ActiveCfg = Release|Win32
		{01B1BC06-AE6B-4E54-B3C1-1F7379FDECA8}.Release|x86.Build.0 = Release|Win32
		{0CF66DED-E7FB-4B78-B8A1-B2AD0F963B62}.Debug|x64.ActiveCfg = Debug|x64
		{0CF66DED-E7FB-4B78-B8A1-B2AD0F963B62}.Debug|x64.Build.0 = Debug|x64
		{0CF66DED-E7FB-4B78-B8A1-B2AD0F963B62}.Debug|x86.ActiveCfg = Debug|Win32
		{0CF66DED-E7FB-4B78-B8A1-B2AD0F963B62}.Debug|x86.Build.0 = Debug|Win32
		{0CF66DED-E7FB-4B78-B8A1-B2AD0F963B62}.Release|x64.ActiveCfg = Release|x64
		{0CF66DED-E7FB-4B78-B8A1-B2AD0F963B62}.Release|x64.Build.0 = Release|x64
		{0CF66DED-E7FB-4B78-B8A1-B2AD0F963B62}.Release|x86.ActiveCfg = Release|Win32
		{0CF66DED-E7FB-4B78-B8A1-B2AD0F963B62}.Release|x86.Build.0 = Release|Win32
		{D0A9AAC7-8731-4F56-8274-A35BA9CC7C1C}.Debug|x64.ActiveCfg = Debug|x64
		{D0A9AAC7-8731-4F56-8274-A35BA9CC7C1C}.Debug|x64.Build.0 = Debug|x64
		{D0A9AAC7-8731-4F56-8274-A35BA9CC7C1C}.Debug|x86.ActiveCfg = Debug|Win32
		{D0A9AAC7-8731-4F56-8274-A35BA9CC7C1C}.Debug|x86.Build.0 = Debug|Win32
		{D0A9AAC7-8731-4F56-8274-A35BA9CC7C1C}.Release|x64.ActiveCfg = Release|x64
		{D0A9AAC7-8731-4F56-8274-A35BA9CC7C1C}.Release|x64.Build.0 = Release|x64
		{D0A9AAC7-8731-4F56-8274-A35BA9CC7C1C}.Release|x86.ActiveCfg = Release|Win32
		{D0A9AAC7-8731-4F56-8274-A35BA9CC7C1C}.Release|x86.Build.0 = Release|Win32
		{D55750DB-E559-4340-8E3D-7ABF1E194E73}.Debug|x64.ActiveCfg = Debug|x64
		{D55750DB-E559-4340-8E3D-7ABF1E194E73}.Debug|x64.Build.0 = Debug|x64
		{D55750DB-E559-4340-8E3D-7ABF1E194E73}.Debug|x86.ActiveCfg = Debug|Win32
		{D55750DB-E559-4340-8E3D-7ABF1E194E73}.Debug|x86.Build.0 = Debug|Win32
		{D55750DB-E559-4340-8E3D-7ABF1E194E73}.Release|x64.ActiveCfg = Release|x64
		{D55750DB-E559-4340-8E3D-7ABF1E194E73}.Release|x64.Build.0 = Release|x64
		{D55750DB-E559-4340-8E3D-7ABF1E194E73}.Release|x86.ActiveCfg = Release|Win32
		{D55750DB-E559-4340-8E3D-7ABF1E194E73}.Release|x86.Build.0 = Release|Win32
		{D74549DC-C1E2-4FCB-BA10-B38EA1EF8BE8}.Debug|x64.ActiveCfg = Debug|x64
		{D74549DC-C1E2-4FCB-BA10-B38EA1EF8BE8}.Debug|x64.Build.0 = Debug|x64
		{D74549DC-C1E2-4FCB-BA10-B38EA1EF8BE8}.Debug|x86.ActiveCfg = Debug|Win32
		{D74549DC-C1E2-4FCB-BA10-B38EA1EF8BE8}.Debug|x86.Build.0 = Debug|Win32
		{D74549DC-C1E2-4FCB-BA10-B38EA1EF8BE8}.Release|x64.ActiveCfg = Release|x64
		{D74549DC-C1E2-4FCB-BA10-B38EA1EF8BE8}.Release|x64.Build.0 = Release|x64
		{D74549DC-C1E2-4FCB-BA10-B38EA1EF8BE8}.Release|x86.ActiveCfg = Release|Win32
		{D74549DC-C1E2-4FCB-BA10-B38EA1EF8BE8}.Release|x86.Build.0 = Release|Win32
		{2AEF3EA9-73DE-4029-AB50-452CB8DBB40D}.Debug|x64.ActiveCfg = Debug|x64
		{2AEF3EA9-73DE-4029-AB50-452CB8DBB40D}.Debug|x64.Build.0 = Debug|x64
		{2AEF3EA9-73DE-4029-AB50-452CB8DBB40D}.Debug|x86.ActiveCfg = Debug|Win32
		{2AEF3EA9-73DE-4029-AB50-452CB8DBB40D}.Debug|x86.Build.0 = Debug|Win32
		{2AEF3EA9-73DE-4029-AB50-452CB8DBB40D}.Release|x64.ActiveCfg = Release|x64
		{2AEF3EA9-73DE-4029-AB50-452CB8DBB40D}.Release|x64.Build.0 = Release|x64
		{2AEF3EA9-73DE-4029-AB50-452CB8DBB40D}.Release|x86.ActiveCfg = Release|Win32
		{2AEF3EA9-73DE-4029-AB50-452CB8DBB40D}.Release|x86.Build.0 = Release|Win32
		{3515ED87-C75A-467D-BDE1-33FADE272ADF}.Debug|x64.ActiveCfg = Debug|x64
		{3515ED87-C75A-467D-BDE1-33FADE272ADF}.Debug|x64.Build.0 = Debug|x64
		{3515ED87-C75A-467D-BDE1-33FADE272ADF}.Debug|x86.ActiveCfg = Debug|Win32
		{3515ED87-C75A-467D-BDE1-33FADE272ADF}.Debug|x86.Build.0 = Debug|Win32
		{3515ED87-C75A-467D-BDE1-33FADE272ADF}.Release|x64.ActiveCfg = Release|x64
		{3515ED87-C75A-467D-BDE1-33FADE272ADF}.Release|x64.Build.0 = Release|x64
		{3515ED87-C75A-467D-BDE1-33FADE272ADF}.Release|x86.ActiveCfg = Release|Win32
		{3515ED87-C75A-467D-BDE1-33FADE272ADF}.Release|x86.Build.0 = Release|Win32
		{FEB0C926-8036-49A3-A45F-AB2C871E6C65}.Debug|x64.ActiveCfg = Debug|x64
		{FEB0C926-8036-49A3-A45F-AB2C871E6C65}.Debug|x64.Build.0 = Debug|x64
		{FEB0C926-8036-49A3-A45F-AB2C871E6C65}.Debug|x86.ActiveCfg = Debug|Win32
		{FEB0C926-8036-49A3-A45F-AB2C871E6C65}.Debug|x86.Build.0 = Debug|Win32
		{FEB0C926-8036-49A3-A45F-AB2C871E6C65}.Release|x64.ActiveCfg = Release|x64
		{FEB0C926-8036-49A3-A45F-AB2C871E6C65}.Release|x64.Build.0 = Release|x64
		{FEB0C926-8036-49A3-A45F-AB2C871E6C65}.Release|x86.ActiveCfg = Release|Win32
		{FEB0C926-8036-49A3-A45F-AB2C871E6C65}.Release|x86.Build.0 = Release|Win32
		{71C2F29C-990C-40AF-AC85-2455660EB6D9}.Debug|x64.ActiveCfg = Debug|x64
		{71C2F29C-990C-40AF-AC85-2455660EB6D9}.Debug|x64.Build.0 = Debug|x64
		{71C2F29C-990C-40AF-AC85-2455660EB6D9}.Debug|x86.ActiveCfg = Debug|Win32
		{71C2F29C-990C-40AF-AC85-2455660EB6D9}.Debug|x86.Build.0 = Debug|Win32
		{71C2F29C-990C-40AF-AC85-2455660EB6D9}.Release|x64.ActiveCfg = Release|x64
		{71C2F29C-990C-40AF-AC85-2455660EB6D9}.Release|x64.Build.0 = Release|x64
		{71C2F29C-990C-40AF-AC85-2455660EB6D9}.Release|x86.ActiveCfg = Release|Win32
		{71C2F29C-990C-40AF-AC85-2455660EB6D9}.Release|x86.Build.0 = Release|Win32
		{091F6419-23F9-4D36-8863-4C117DA93A65}.Debug|x64.ActiveCfg = Debug|x64
		{091F6419-23F9-4D36-8863-4C117DA93A65}.Debug|x64.Build.0 = Debug|x64
		{091F6419-23F9-4D36-8863-4C117DA93A65}.Debug|x86.ActiveCfg = Debug|Win32
		{091F6419-23F9-4D36-8863-4C117DA93A65}.Debug|x86.Build.0 = Debug|Win32
		{091F6419-23F9-4D36-8863-4C117DA93A65}.Release|x64.ActiveCfg = Release|x64
		{091F6419-23F9-4D36-8863-4C117DA93A65}.Release|x64.Build.0 = Release|x64
		{091F6419-23F9-4D36-8863-4C117DA93A65}.Release|x86.ActiveCfg = Release|Win32
		{091F6419-23F9-4D36-8863-4C117DA93A65}.Release|x86.Build.0 = Release|Win32
		{32F7AFB6-21D6-4F79-A177-A35DDA283617}.Debug|x64.ActiveCfg = Debug|x64
		{32F7AFB6-21D6-4F79-A177-A35DDA283617}.Debug|x64.Build.0 = Debug|x64
		{32F7AFB6-21D6-4F79-A177-A35DDA283617}.Debug|x86.ActiveCfg = Debug|Win32
		{32F7AFB6-21D6-4F79-A177-A35DDA283617}.Debug|x86.Build.0 = Debug|Win32
		{32F7AFB6-21D6-4F79-A177-A35DDA283617}.Release|x64.ActiveCfg = Release|x64
		{32F7AFB6-21D6-4F79-A177-A35DDA283617}.Release|x64.Build.0 = Release|x64
		{32F7AFB6-21D6-4F79-A177-A35DDA283617}.Release|x86.ActiveCfg = Release|Win32
		{32F7AFB6-21D6-4F79-A177-A35DDA283617}.Release|x86.Build.0 = Release|Win32
		{6DDEB4E3-F28D-4B3A-BAF9-DB3C210421FF}.Debug|x64.ActiveCfg = Debug|x64
		{6DDEB4E3-F28D-4B3A-BAF9-DB3C210421FF}.Debug|x64.Build.0 = Debug|x64
		{6DDEB4E3-F28D-4B3A-BAF9-DB3C210421FF}.Debug|x86.ActiveCfg = Debug|Win32
		{6DDEB4E3-F28D-4B3A-BAF9-DB3C210421FF}.Debug|x86.Build.0 = Debug|Win32
		{6DDEB4E3-F28D-4B3A-BAF9-DB3C210421FF}.Release|x64.ActiveCfg = Release|x64
		{6DDEB4E3-F28D-4B3A-BAF9-DB3C210421FF}.Release|x64.Build.0 = Release|x64
		{6DDEB4E3-F28D-4B3A-BAF9-DB3C210421FF}.Release|x86.ActiveCfg = Release|Win32
		{6DDEB4E3-F28D-4B3A-BAF9-DB3C210421FF}.Release|x86.Build.0 = Release|Win32
		{A568130D-8874-4326-9652-D3662E94EBF4}.Debug|x64.ActiveCfg = Debug|x64
		{A568130D-8874-4326-9652-D3662E94EBF4}.Debug|x64.Build.0 = Debug|x64
		{A568130D-8874-4326-9652-D3662E94EBF4}.Debug|x86.ActiveCfg = Debug|Win32
		{A568130D-8874-4326-9652-D3662E94EBF4}.Debug|x86.Build.0 = Debug|Win32
		{A568130D-8874-4326-9652-D3662E94EBF4}.Release|x64.ActiveCfg = Release|x64
		{A568130D-8874-4326-9652-D3662E94EBF4}.Release|x64.Build.0 = Release|x64
		{A568130D-8874-4326-9652-D3662E94EBF4}.Release|x86.ActiveCfg = Release|Win32
		{A568130D-8874-4326-9652-D3662E94EBF4}.Release|x86.Build.0 = Release|Win32
		{21648AB2-8DBC-4090-B335-C0C4EACAE0AD}.Debug|x64.ActiveCfg = Debug|x64
		{21648AB2-8DBC-4090-B335-C0C4EACAE0AD}.Debug|x64.Build.0 = Debug|x64
		{21648AB2-8DBC-4090-B335-C0C4EACAE0AD}.Debug|x86.ActiveCfg = Debug|Win32
		{21648AB2-8DBC-4090-B335-C0C4EACAE0AD}.Debug|x86.Build.0 = Debug|Win32
		{21648AB2-8DBC-4090-B335-C0C4EACAE0AD}.Release|x64.ActiveCfg = Release|x64
		{21648AB2-8DBC-4090-B335-C0C4EACAE0AD}.Release|x64.Build.0 = Release|x64
		{21648AB2-8DBC-4090-B335-C0C4EACAE0AD}.Release|x86.ActiveCfg = Release|Win32
		{21648AB2-8DBC-4090-B335-C0C4EACAE0AD}.Release|x86.Build.0 = Release|Win32
		{7DB31397-6C01-4B34-BF77-EDE61A2FC941}.Debug|x64.ActiveCfg = Debug|x64
		{7DB31397-6C01-4B34-BF77-EDE61A2FC941}.Debug|x64.Build.0 = Debug|x64
		{7DB31397-6C01-4B34-BF77-EDE61A2FC941}.Debug|x86.ActiveCfg = Debug|Win32
		{7DB31397-6C01-4B34-BF77-EDE61A2FC941}.Debug|x86.Build.0 = Debug|Win32
		{7DB31397-6C01-4B34-BF77-EDE61A2FC941}.Release|x64.ActiveCfg = Release|x64
		{7DB31397-6C01-4B34-BF77-EDE61A2FC941}.Release|x64.Build.0 = Release|x64
		{7DB31397-6C01-4B34-BF77-EDE61A2FC941}.Release|x86.ActiveCfg = Release|Win32
		{7DB31397-6C01-4B34-BF77-EDE61A2FC941}.Release|x86.Build.0 = Release|Win32
		{029CE052-3DEE-4E9F-8EE5-E1A6B89DA4F4}.Debug|x64.ActiveCfg = Debug|x64
		{029CE052-3DEE-4E9F-8EE5-E1A6B89DA4F4}.Debug|x64.Build.0 = Debug|x64
		{029CE052-3DEE-4E9F-8EE5-E1A6B89DA4F4}.Debug|x86.ActiveCfg = Debug|Win32
		{029CE052-3DEE-4E9F-8EE5-E1A6B89DA4F4}.Debug|x86.Build.0 = Debug|Win32
		{029CE052-3DEE-4E9F-8EE5-E1A6B89DA4F4}.Release|x64.ActiveCfg = Release|x64
		{029CE052-3DEE-4E9F-8EE5-E1A6B89DA4F4}.Release|x64.Build.0 = Release|x64
		{029CE052-3DEE-4E9F-8EE5-E1A6B89DA4F4}.Release|x86.ActiveCfg = Release|Win32
		{029CE052-3DEE-4E9F-8EE5-E1A6B89DA4F4}.Release|x86.Build.0 = Release|Win32
		{89F8E0B4-B179-4497-8D9D-1D8106AC71C4}.Debug|x64.ActiveCfg = Debug|x64
		{89F8E0B4-B179-4497-8D9D-1D8106AC71C4}.Debug|x64.Build.0 = Debug|x64
		{89F8E0B4-B179-4497-8D9D-1D8106AC71C4}.Debug|x86.ActiveCfg = Debug|Win32
		{89F8E0B4-B179-4497-8D9D-1D8106AC71C4}.Debug|x86.Build.0 = Debug|Win32
		{89F8E0B4-B179-4497-8D9D-1D8106AC71C4}.Release|x64.ActiveCfg = Release|x64
		{89F8E0B4-B179-4497-8D9D-1D8106AC71C4}.Release|x64.Build.0 = Release|x64
		{89F8E0B4-B179-4497-8D9D-1D8106AC71C4}.Release|x86.ActiveCfg = Release|Win32
		{89F8E0B4-B179-4497-8D9D-1D8106AC71C4}.Release|x86.Build.0 = Release|Win32
		{F503508A-73C6-4858-8476-6D35DE97AF83}.Debug|x64.ActiveCfg = Debug|x64
		{F503508A-73C6-4858-8476-6D35DE97AF83}.Debug|x64.Build.0 = Debug|x64
		{F503508A-73C6-4858-8476-6D35DE97AF83}.Debug|x86.ActiveCfg = Debug|Win32
		{F503508A-73C6-4858-8476-6D35DE97AF83}.Debug|x86.Build.0 = Debug|Win32
		{F503508A-73C6-4858-8476-6D35DE97AF83}.Release|x64.ActiveCfg = Release|x64
		{F503508A-73C6-4858-8476-6D35DE97AF83}.Release|x64.Build.0 = Release|x64
		{F503508A-73C6-4858-8476-6D35DE97AF83}.Release|x86.ActiveCfg = Release|Win32
		{F503508A-73C6-4858-8476-6D35DE97AF83}.Release|x86.Build.0 = Release|Win32
		{D6B38AB5-8374-4C97-9A4C-D9D0E17BC05D}.Debug|x64.ActiveCfg = Debug|x64
		{D6B38AB5-8374-4C97-9A4C-D9D0E17BC05D}.Debug|x64.Build.0 = Debug|x64
		{D6B38AB5-8374-4C97-9A4C-D9D0E17BC05D}.Debug|x86.ActiveCfg = Debug|Win32
		{D6B38AB5-8374-4C97-9A4C-D9D0E17BC05D}.Debug|x86.Build.0 = Debug|Win32
		{D6B38AB5-8374-4C97-9A4C-D9D0E17BC05D}.Release|x64.ActiveCfg = Release|x64
		{D6B38AB5-8374-4C97-9A4C-D9D0E17BC05D}.Release|x64.Build.0 = Release|x64
		{D6B38AB5-8374-4C97-9A4C-D9D0E17BC05D}.Release|x86.ActiveCfg = Release|Win32
		{D6B38AB5-8374-4C97-9A4C-D9D0E17BC05D}.Release|x86.Build.0 = Release|Win32
		{BD96AFD6-8891-45A8-AD72-DE3C42C3CE3C}.Debug|x64.ActiveCfg = Debug|x64
		{BD96AFD6-8891-45A8-AD72-DE3C42C3CE3C}.Debug|x64.Build.0 = Debug|x64
		{BD96AFD6-8891-45A8-AD72-DE3C42C3CE3C}.Debug|x86.ActiveCfg = Debug|Win32
		{BD96AFD6-8891-45A8-AD72-DE3C42C3CE3C}.Debug|x86.Build.0 = Debug|Win32
		{BD96AFD6-8891-45A8-AD72-DE3C42C3CE3C}.Release|x64.ActiveCfg = Release|x64
		{BD96AFD6-8891-45A8-AD72-DE3C42C3CE3C}.Release|x64.Build.0 = Release|x64
		{BD96AFD6-8891-45A8-AD72-DE3C42C3CE3C}.Release|x86.ActiveCfg = Release|Win32
		{BD96AFD6-8891-45A8-AD72-DE3C42C3CE3C}.Release|x86.Build.0 = Release|Win32
		{07BFD9ED-9D52-40B1-ABC2-2C5AB4B38091}.Debug|x64.ActiveCfg = Debug|x64
		{07BFD9ED-9D52-40B1-ABC2-2C5AB4B38091}.Debug|x64.Build.0 = Debug|x64
		{07BFD9ED-9D52-40B1-ABC2-2C5AB4B38091}.Debug|x86.ActiveCfg = Debug|Win32
		{07BFD9ED-9D52-40B1-ABC2-2C5AB4B38091}.Debug|x86.Build.0 = Debug|Win32
		{07BFD9ED-9D52-40B1-ABC2-2C5AB4B38091}.Release|x64.ActiveCfg = Release|x64
		{07BFD9ED-9D52-40B1-ABC2-2C5AB4B38091}.Release|x64.Build.0 = Release|x64
		{07BFD9ED-9D52-40B1-ABC2-2C5AB4B38091}.Release|x86.ActiveCfg = Release|Win32
		{07BFD9ED-9D52-40B1-ABC2-2C5AB4B38091}.Release|x86.Build.0 = Release|Win32
	EndGlobalSection
	GlobalSection(SolutionProperties) = preSolution
		HideSolutionNode = FALSE
	EndGlobalSection
	GlobalSection(ExtensibilityGlobals) = postSolution
		SolutionGuid = {482229C4-94F8-4E33-9163-B0784386F999}
	EndGlobalSection
EndGlobal
